<?xml version="1.0" encoding="utf-8"?>
<Project ToolsVersion="4.0" xmlns="http://schemas.microsoft.com/developer/msbuild/2003">
  <ItemGroup>
    <Filter Include="Error">
      <UniqueIdentifier>{CF11200D-3B26-48BE-04A8-EB1D707B44EF}</UniqueIdentifier>
    </Filter>
    <Filter Include="FileSystem">
      <UniqueIdentifier>{6A7A86EC-5632-C839-BF39-A195AB10632A}</UniqueIdentifier>
    </Filter>
    <Filter Include="Globals">
      <UniqueIdentifier>{E9A22361-5582-A2FC-5E9A-2DD3CAF8085E}</UniqueIdentifier>
    </Filter>
    <Filter Include="Macros">
      <UniqueIdentifier>{4AC38FC2-3665-BA98-1F20-CEEC0B6141E9}</UniqueIdentifier>
    </Filter>
    <Filter Include="Math">
      <UniqueIdentifier>{AFF4887C-9B2B-8A0D-4418-7010302E060F}</UniqueIdentifier>
    </Filter>
    <Filter Include="Math\Matrix">
      <UniqueIdentifier>{73311A30-DFE6-9225-68DB-8CFCD48F8929}</UniqueIdentifier>
    </Filter>
    <Filter Include="Math\Vector">
      <UniqueIdentifier>{F1B75745-5D6D-D03A-E661-CA115216C73E}</UniqueIdentifier>
    </Filter>
    <Filter Include="Memory">
      <UniqueIdentifier>{BE94DDC2-AA36-0899-93F1-1BED7F328FE9}</UniqueIdentifier>
    </Filter>
    <Filter Include="Object">
      <UniqueIdentifier>{DCCA4FC7-C86C-7A9D-B127-8EF19D6801EE}</UniqueIdentifier>
    </Filter>
    <Filter Include="Object\Descriptors">
      <UniqueIdentifier>{1D8B5960-096F-1AB6-72CF-14095ED20438}</UniqueIdentifier>
    </Filter>
    <Filter Include="Object\Resource">
      <UniqueIdentifier>{73A4CCC2-DF2F-3A87-E840-BD7B544B9687}</UniqueIdentifier>
    </Filter>
    <Filter Include="Object\Resource\Textures">
      <UniqueIdentifier>{A62791A5-924C-E025-BB97-C5B5A71BDF43}</UniqueIdentifier>
    </Filter>
    <Filter Include="PCH">
      <UniqueIdentifier>{2010880B-8C19-887C-1595-9E7C819D937C}</UniqueIdentifier>
    </Filter>
    <Filter Include="Types">
      <UniqueIdentifier>{3A4E330E-A662-5BBF-6FE4-FE1EDBB757F0}</UniqueIdentifier>
    </Filter>
    <Filter Include="Utilities">
      <UniqueIdentifier>{010A8043-6D74-34BA-B6B2-E55F225C120F}</UniqueIdentifier>
    </Filter>
  </ItemGroup>
  <ItemGroup>
    <ClInclude Include="Error\ErrorDefines.h">
      <Filter>Error</Filter>
    </ClInclude>
    <ClInclude Include="Error\ErrorManager.h">
      <Filter>Error</Filter>
    </ClInclude>
    <ClInclude Include="Error\MessageBox.h">
      <Filter>Error</Filter>
    </ClInclude>
    <ClInclude Include="FileSystem\FileCompressor.h">
      <Filter>FileSystem</Filter>
    </ClInclude>
    <ClInclude Include="FileSystem\FileSystem.h">
      <Filter>FileSystem</Filter>
    </ClInclude>
    <ClInclude Include="Globals\RenderSettings.h">
      <Filter>Globals</Filter>
    </ClInclude>
    <ClInclude Include="Macros\Assert.h">
      <Filter>Macros</Filter>
    </ClInclude>
    <ClInclude Include="Macros\Global.h">
      <Filter>Macros</Filter>
    </ClInclude>
    <ClInclude Include="Macros\MemoryMacro.h">
      <Filter>Macros</Filter>
    </ClInclude>
    <ClInclude Include="Math\IncludeSIMD.h">
      <Filter>Math</Filter>
    </ClInclude>
    <ClInclude Include="Math\MathFunctions.h">
      <Filter>Math</Filter>
    </ClInclude>
    <ClInclude Include="Math\MathTypes.h">
      <Filter>Math</Filter>
    </ClInclude>
    <ClInclude Include="Math\Matrix\Matrix.h">
      <Filter>Math\Matrix</Filter>
    </ClInclude>
    <ClInclude Include="Math\Matrix\Matrix2F.h">
      <Filter>Math\Matrix</Filter>
    </ClInclude>
    <ClInclude Include="Math\Matrix\Matrix3F.h">
      <Filter>Math\Matrix</Filter>
    </ClInclude>
    <ClInclude Include="Math\Matrix\Matrix4F.h">
      <Filter>Math\Matrix</Filter>
    </ClInclude>
    <ClInclude Include="Math\Vector\Vector.h">
      <Filter>Math\Vector</Filter>
    </ClInclude>
    <ClInclude Include="Math\Vector\Vector2F.h">
      <Filter>Math\Vector</Filter>
    </ClInclude>
    <ClInclude Include="Math\Vector\Vector3F.h">
      <Filter>Math\Vector</Filter>
    </ClInclude>
    <ClInclude Include="Math\Vector\Vector4F.h">
      <Filter>Math\Vector</Filter>
    </ClInclude>
    <ClInclude Include="Memory\AutomatedMemoryManager.h">
      <Filter>Memory</Filter>
    </ClInclude>
    <ClInclude Include="Memory\LocalHeap.h">
      <Filter>Memory</Filter>
    </ClInclude>
    <ClInclude Include="Memory\MemoryFunctions.h">
      <Filter>Memory</Filter>
    </ClInclude>
    <ClInclude Include="Memory\MemoryManager.h">
      <Filter>Memory</Filter>
    </ClInclude>
    <ClInclude Include="Memory\MemoryPadding.h">
      <Filter>Memory</Filter>
    </ClInclude>
    <ClInclude Include="Memory\StaticAllocator.h">
      <Filter>Memory</Filter>
    </ClInclude>
    <ClInclude Include="PCH\dmkafx.h">
      <Filter>PCH</Filter>
    </ClInclude>
    <ClInclude Include="Types\Array.h">
      <Filter>Types</Filter>
    </ClInclude>
    <ClInclude Include="Types\ComplexTypes.h">
      <Filter>Types</Filter>
    </ClInclude>
    <ClInclude Include="Types\DataTypes.h">
      <Filter>Types</Filter>
    </ClInclude>
    <ClInclude Include="Types\HashMap.h">
      <Filter>Types</Filter>
    </ClInclude>
    <ClInclude Include="Types\ObjectArray.h">
      <Filter>Types</Filter>
    </ClInclude>
    <ClInclude Include="Types\Pointer.h">
      <Filter>Types</Filter>
    </ClInclude>
    <ClInclude Include="Types\TSArray.h">
      <Filter>Types</Filter>
    </ClInclude>
    <ClInclude Include="Types\TypeTraits.h">
      <Filter>Types</Filter>
    </ClInclude>
    <ClInclude Include="Types\Utilities.h">
      <Filter>Types</Filter>
    </ClInclude>
    <ClInclude Include="Utilities\Clock.h">
      <Filter>Utilities</Filter>
    </ClInclude>
    <ClInclude Include="Objects\Descriptors\GameComponentDesriptors.h">
      <Filter>Object\Descriptors</Filter>
    </ClInclude>
    <ClInclude Include="Objects\Descriptors\MaterialDescriptor.h">
      <Filter>Object\Descriptors</Filter>
    </ClInclude>
    <ClInclude Include="Objects\Resource\Textures\Texture2D.h">
      <Filter>Object\Resource\Textures</Filter>
    </ClInclude>
    <ClInclude Include="Objects\Resource\Textures\TextureCube.h">
      <Filter>Object\Resource\Textures</Filter>
    </ClInclude>
    <ClInclude Include="Objects\Resource\IndexBuffer.h">
      <Filter>Object\Resource</Filter>
    </ClInclude>
    <ClInclude Include="Objects\Resource\Primitives.h">
      <Filter>Object\Resource</Filter>
    </ClInclude>
    <ClInclude Include="Objects\Resource\ShaderFactory.h">
      <Filter>Object\Resource</Filter>
    </ClInclude>
    <ClInclude Include="Objects\Resource\ShaderModule.h">
      <Filter>Object\Resource</Filter>
    </ClInclude>
    <ClInclude Include="Objects\Resource\Texture.h">
      <Filter>Object\Resource</Filter>
    </ClInclude>
    <ClInclude Include="Objects\Resource\TextureFactory.h">
      <Filter>Object\Resource</Filter>
    </ClInclude>
    <ClInclude Include="Objects\Resource\VertexBuffer.h">
      <Filter>Object\Resource</Filter>
    </ClInclude>
    <ClInclude Include="Objects\Resource\VertexObject.h">
      <Filter>Object\Resource</Filter>
    </ClInclude>
    <ClInclude Include="Objects\System.h">
      <Filter>Object</Filter>
    </ClInclude>
    <ClInclude Include="Math\Quaternion.h" />
  </ItemGroup>
  <ItemGroup>
    <ClCompile Include="Error\ErrorManager.cpp">
      <Filter>Error</Filter>
    </ClCompile>
    <ClCompile Include="Error\MessageBox.cpp">
      <Filter>Error</Filter>
    </ClCompile>
    <ClCompile Include="FileSystem\FileSystem.cpp">
      <Filter>FileSystem</Filter>
    </ClCompile>
    <ClCompile Include="Math\MathFunctions.cpp">
      <Filter>Math</Filter>
    </ClCompile>
    <ClCompile Include="Math\Matrix\Matrix2F.cpp">
      <Filter>Math\Matrix</Filter>
    </ClCompile>
    <ClCompile Include="Math\Matrix\Matrix3F.cpp">
      <Filter>Math\Matrix</Filter>
    </ClCompile>
    <ClCompile Include="Math\Matrix\Matrix4F.cpp">
      <Filter>Math\Matrix</Filter>
    </ClCompile>
    <ClCompile Include="Math\Vector\Vector2F.cpp">
      <Filter>Math\Vector</Filter>
    </ClCompile>
    <ClCompile Include="Math\Vector\Vector3F.cpp">
      <Filter>Math\Vector</Filter>
    </ClCompile>
    <ClCompile Include="Math\Vector\Vector4F.cpp">
      <Filter>Math\Vector</Filter>
    </ClCompile>
    <ClCompile Include="Memory\AutomatedMemoryManager.cpp">
      <Filter>Memory</Filter>
    </ClCompile>
    <ClCompile Include="Memory\LocalHeap.cpp">
      <Filter>Memory</Filter>
    </ClCompile>
    <ClCompile Include="Memory\MemoryFunctions.cpp">
      <Filter>Memory</Filter>
    </ClCompile>
    <ClCompile Include="Memory\MemoryManager.cpp">
      <Filter>Memory</Filter>
    </ClCompile>
    <ClCompile Include="PCH\dmkafx.cpp">
      <Filter>PCH</Filter>
    </ClCompile>
    <ClCompile Include="Utilities\Clock.cpp">
      <Filter>Utilities</Filter>
    </ClCompile>
    <ClCompile Include="Objects\Resource\Textures\Texture2D.cpp">
      <Filter>Object\Resource\Textures</Filter>
    </ClCompile>
    <ClCompile Include="Objects\Resource\Textures\TextureCube.cpp">
      <Filter>Object\Resource\Textures</Filter>
    </ClCompile>
    <ClCompile Include="Objects\Resource\Primitives.cpp">
      <Filter>Object\Resource</Filter>
    </ClCompile>
    <ClCompile Include="Objects\Resource\ShaderFactory.cpp">
      <Filter>Object\Resource</Filter>
    </ClCompile>
    <ClCompile Include="Objects\Resource\ShaderModule.cpp">
      <Filter>Object\Resource</Filter>
    </ClCompile>
    <ClCompile Include="Objects\Resource\Texture.cpp">
      <Filter>Object\Resource</Filter>
    </ClCompile>
    <ClCompile Include="Objects\Resource\TextureFactory.cpp">
      <Filter>Object\Resource</Filter>
    </ClCompile>
    <ClCompile Include="Math\Quaternion.cpp" />
  </ItemGroup>
  <ItemGroup>
    <None Include="Core.lua" />
  </ItemGroup>
</Project>