<?xml version="1.0" encoding="utf-8"?>
<Project ToolsVersion="4.0" xmlns="http://schemas.microsoft.com/developer/msbuild/2003">
  <ItemGroup>
    <Filter Include="Assets">
      <UniqueIdentifier>{3824E0A7-24C6-0A7E-0D81-1ED2F9C191CE}</UniqueIdentifier>
    </Filter>
    <Filter Include="Assets\Level1">
      <UniqueIdentifier>{D087D5D6-3C48-510D-0583-9A8A710296E9}</UniqueIdentifier>
    </Filter>
    <Filter Include="Assets\Level1\Entities">
      <UniqueIdentifier>{846AF46B-7064-1DBE-59D1-B3CE456A832A}</UniqueIdentifier>
    </Filter>
  </ItemGroup>
  <ItemGroup>
    <ClInclude Include="ApplicationPackage.h" />
    <ClInclude Include="Assets\KeyBinding.h">
      <Filter>Assets</Filter>
    </ClInclude>
    <ClInclude Include="Assets\Level1\DefaultWorld.h">
      <Filter>Assets\Level1</Filter>
    </ClInclude>
    <ClInclude Include="Assets\Level1\Level1.h">
      <Filter>Assets\Level1</Filter>
    </ClInclude>
    <ClInclude Include="Assets\Level1\Player.h">
      <Filter>Assets\Level1</Filter>
    </ClInclude>
    <ClInclude Include="Assets\Level1\Entities\VenusModel.h" />
    <ClInclude Include="Assets\Level1\SkySphere.h" />
  </ItemGroup>
  <ItemGroup>
    <ClCompile Include="ApplicationPackage.cpp" />
    <ClCompile Include="Assets\Level1\DefaultWorld.cpp">
      <Filter>Assets\Level1</Filter>
    </ClCompile>
    <ClCompile Include="Assets\Level1\Level1.cpp">
      <Filter>Assets\Level1</Filter>
    </ClCompile>
    <ClCompile Include="main.cpp" />
    <ClCompile Include="Assets\Level1\Entities\VenusModel.cpp" />
    <ClCompile Include="Assets\Level1\SkySphere.cpp" />
  </ItemGroup>
  <ItemGroup>
    <None Include="Application.lua" />
  </ItemGroup>
</Project>