
Microsoft Visual Studio Solution File, Format Version 12.00
# Visual Studio Version 16
Project("{2150E333-8FDC-42A3-9474-1A3956D46DE8}") = "Engine", "Engine", "{8249BEE1-6EAC-4D86-1732-863C03741909}"
EndProject
Project("{8BC9CEB8-8B4A-11D0-8D11-00A0C91BC942}") = "Application", "Application\Application.vcxproj", "{D9DE78AF-4594-F1A4-CE88-EB7B3A3DE8A8}"
EndProject
Project("{8BC9CEB8-8B4A-11D0-8D11-00A0C91BC942}") = "DynamikEngine", "Source\Engine\DynamikEngine.vcxproj", "{2873A0D0-9433-1C07-5D6E-6584C9ED60E3}"
EndProject
Project("{2150E333-8FDC-42A3-9474-1A3956D46DE8}") = "Runtime", "Runtime", "{D04B1513-3C0C-9149-0547-DAC671C6D525}"
EndProject
Project("{8BC9CEB8-8B4A-11D0-8D11-00A0C91BC942}") = "Animation", "Source\Runtime\Animation\Animation.vcxproj", "{859E00A2-F108-B518-3A47-66BEA6F0926D}"
EndProject
Project("{8BC9CEB8-8B4A-11D0-8D11-00A0C91BC942}") = "ComponentSystem", "Source\Runtime\ComponentSystem\ComponentSystem.vcxproj", "{9D238DF0-09AF-FAB4-12C0-7DA97ECA56B5}"
EndProject
Project("{8BC9CEB8-8B4A-11D0-8D11-00A0C91BC942}") = "Core", "Source\Runtime\Core\Core.vcxproj", "{2EB4837C-1AEB-840D-C3D7-6A10AFED000F}"
EndProject
Project("{8BC9CEB8-8B4A-11D0-8D11-00A0C91BC942}") = "Events", "Source\Runtime\Events\Events.vcxproj", "{3A8963B1-262B-8E87-0FE6-A1DBFB2615D8}"
EndProject
Project("{8BC9CEB8-8B4A-11D0-8D11-00A0C91BC942}") = "GameLibrary", "Source\Runtime\GameLibrary\GameLibrary.vcxproj", "{54687B15-C01D-F40A-4912-EEE1B5C6EA0E}"
EndProject
Project("{8BC9CEB8-8B4A-11D0-8D11-00A0C91BC942}") = "Importer", "Source\Runtime\Importer\Importer.vcxproj", "{D7C05FAE-C38D-BAB9-ECA6-A861D8D2EF47}"
EndProject
Project("{8BC9CEB8-8B4A-11D0-8D11-00A0C91BC942}") = "Managers", "Source\Runtime\Managers\Managers.vcxproj", "{B34CFEBD-9F19-59C9-C832-4771B45E8E57}"
EndProject
Project("{8BC9CEB8-8B4A-11D0-8D11-00A0C91BC942}") = "Renderer", "Source\Runtime\Renderer\Renderer.vcxproj", "{7CCE658F-689B-C09A-91B4-AE427DE0F528}"
EndProject
Project("{8BC9CEB8-8B4A-11D0-8D11-00A0C91BC942}") = "Services", "Source\Runtime\Services\Services.vcxproj", "{A9F04386-95BD-9E91-BED6-8C39AA02D41F}"
EndProject
Project("{8BC9CEB8-8B4A-11D0-8D11-00A0C91BC942}") = "Tools", "Source\Runtime\Tools\Tools.vcxproj", "{16CF2D0E-82E3-55BF-4B65-F91EB73852F0}"
EndProject
Project("{8BC9CEB8-8B4A-11D0-8D11-00A0C91BC942}") = "Window", "Source\Runtime\Window\Window.vcxproj", "{3DEA79DA-298C-A4B0-1247-B804FE872B01}"
EndProject
Project("{2150E333-8FDC-42A3-9474-1A3956D46DE8}") = "Studio", "Studio", "{C4ACDA02-B00F-6AA7-5995-A25D45D7352A}"
EndProject
Project("{8BC9CEB8-8B4A-11D0-8D11-00A0C91BC942}") = "DynamikStudio", "Source\Studio\DynamikStudio.vcxproj", "{6AD6BCF1-D696-3828-9FD1-81A50B517D04}"
EndProject
Project("{2150E333-8FDC-42A3-9474-1A3956D46DE8}") = "Third Party", "Third Party", "{379BEF72-A3B1-ED08-EC28-792A587EBE90}"
EndProject
Project("{8BC9CEB8-8B4A-11D0-8D11-00A0C91BC942}") = "ImGui", "Source\ThirdParty\imgui\ImGui.vcxproj", "{C0FF640D-2C14-8DBE-F595-301E616989EF}"
EndProject
Project("{8BC9CEB8-8B4A-11D0-8D11-00A0C91BC942}") = "SPIRV-Cross", "Source\ThirdParty\SPIRV-Cross\SPIRV-Cross.vcxproj", "{30B15D9A-9C66-D68F-255B-D066910FCD93}"
EndProject
Global
	GlobalSection(SolutionConfigurationPlatforms) = preSolution
		Debug|Mac = Debug|Mac
		Debug|Unix = Debug|Unix
		Debug|Windows = Debug|Windows
		Distribution|Mac = Distribution|Mac
		Distribution|Unix = Distribution|Unix
		Distribution|Windows = Distribution|Windows
		Release|Mac = Release|Mac
		Release|Unix = Release|Unix
		Release|Windows = Release|Windows
	EndGlobalSection
	GlobalSection(ProjectConfigurationPlatforms) = postSolution
		{D9DE78AF-4594-F1A4-CE88-EB7B3A3DE8A8}.Debug|Mac.ActiveCfg = Debug Mac|x64
		{D9DE78AF-4594-F1A4-CE88-EB7B3A3DE8A8}.Debug|Mac.Build.0 = Debug Mac|x64
		{D9DE78AF-4594-F1A4-CE88-EB7B3A3DE8A8}.Debug|Unix.ActiveCfg = Debug Unix|x64
		{D9DE78AF-4594-F1A4-CE88-EB7B3A3DE8A8}.Debug|Unix.Build.0 = Debug Unix|x64
		{D9DE78AF-4594-F1A4-CE88-EB7B3A3DE8A8}.Debug|Windows.ActiveCfg = Debug Windows|x64
		{D9DE78AF-4594-F1A4-CE88-EB7B3A3DE8A8}.Debug|Windows.Build.0 = Debug Windows|x64
		{D9DE78AF-4594-F1A4-CE88-EB7B3A3DE8A8}.Distribution|Mac.ActiveCfg = Distribution Mac|x64
		{D9DE78AF-4594-F1A4-CE88-EB7B3A3DE8A8}.Distribution|Mac.Build.0 = Distribution Mac|x64
		{D9DE78AF-4594-F1A4-CE88-EB7B3A3DE8A8}.Distribution|Unix.ActiveCfg = Distribution Unix|x64
		{D9DE78AF-4594-F1A4-CE88-EB7B3A3DE8A8}.Distribution|Unix.Build.0 = Distribution Unix|x64
		{D9DE78AF-4594-F1A4-CE88-EB7B3A3DE8A8}.Distribution|Windows.ActiveCfg = Distribution Windows|x64
		{D9DE78AF-4594-F1A4-CE88-EB7B3A3DE8A8}.Distribution|Windows.Build.0 = Distribution Windows|x64
		{D9DE78AF-4594-F1A4-CE88-EB7B3A3DE8A8}.Release|Mac.ActiveCfg = Release Mac|x64
		{D9DE78AF-4594-F1A4-CE88-EB7B3A3DE8A8}.Release|Mac.Build.0 = Release Mac|x64
		{D9DE78AF-4594-F1A4-CE88-EB7B3A3DE8A8}.Release|Unix.ActiveCfg = Release Unix|x64
		{D9DE78AF-4594-F1A4-CE88-EB7B3A3DE8A8}.Release|Unix.Build.0 = Release Unix|x64
		{D9DE78AF-4594-F1A4-CE88-EB7B3A3DE8A8}.Release|Windows.ActiveCfg = Release Windows|x64
		{D9DE78AF-4594-F1A4-CE88-EB7B3A3DE8A8}.Release|Windows.Build.0 = Release Windows|x64
		{2873A0D0-9433-1C07-5D6E-6584C9ED60E3}.Debug|Mac.ActiveCfg = Debug Mac|x64
		{2873A0D0-9433-1C07-5D6E-6584C9ED60E3}.Debug|Mac.Build.0 = Debug Mac|x64
		{2873A0D0-9433-1C07-5D6E-6584C9ED60E3}.Debug|Unix.ActiveCfg = Debug Unix|x64
		{2873A0D0-9433-1C07-5D6E-6584C9ED60E3}.Debug|Unix.Build.0 = Debug Unix|x64
		{2873A0D0-9433-1C07-5D6E-6584C9ED60E3}.Debug|Windows.ActiveCfg = Debug Windows|x64
		{2873A0D0-9433-1C07-5D6E-6584C9ED60E3}.Debug|Windows.Build.0 = Debug Windows|x64
		{2873A0D0-9433-1C07-5D6E-6584C9ED60E3}.Distribution|Mac.ActiveCfg = Distribution Mac|x64
		{2873A0D0-9433-1C07-5D6E-6584C9ED60E3}.Distribution|Mac.Build.0 = Distribution Mac|x64
		{2873A0D0-9433-1C07-5D6E-6584C9ED60E3}.Distribution|Unix.ActiveCfg = Distribution Unix|x64
		{2873A0D0-9433-1C07-5D6E-6584C9ED60E3}.Distribution|Unix.Build.0 = Distribution Unix|x64
		{2873A0D0-9433-1C07-5D6E-6584C9ED60E3}.Distribution|Windows.ActiveCfg = Distribution Windows|x64
		{2873A0D0-9433-1C07-5D6E-6584C9ED60E3}.Distribution|Windows.Build.0 = Distribution Windows|x64
		{2873A0D0-9433-1C07-5D6E-6584C9ED60E3}.Release|Mac.ActiveCfg = Release Mac|x64
		{2873A0D0-9433-1C07-5D6E-6584C9ED60E3}.Release|Mac.Build.0 = Release Mac|x64
		{2873A0D0-9433-1C07-5D6E-6584C9ED60E3}.Release|Unix.ActiveCfg = Release Unix|x64
		{2873A0D0-9433-1C07-5D6E-6584C9ED60E3}.Release|Unix.Build.0 = Release Unix|x64
		{2873A0D0-9433-1C07-5D6E-6584C9ED60E3}.Release|Windows.ActiveCfg = Release Windows|x64
		{2873A0D0-9433-1C07-5D6E-6584C9ED60E3}.Release|Windows.Build.0 = Release Windows|x64
		{859E00A2-F108-B518-3A47-66BEA6F0926D}.Debug|Mac.ActiveCfg = Debug Mac|x64
		{859E00A2-F108-B518-3A47-66BEA6F0926D}.Debug|Mac.Build.0 = Debug Mac|x64
		{859E00A2-F108-B518-3A47-66BEA6F0926D}.Debug|Unix.ActiveCfg = Debug Unix|x64
		{859E00A2-F108-B518-3A47-66BEA6F0926D}.Debug|Unix.Build.0 = Debug Unix|x64
		{859E00A2-F108-B518-3A47-66BEA6F0926D}.Debug|Windows.ActiveCfg = Debug Windows|x64
		{859E00A2-F108-B518-3A47-66BEA6F0926D}.Debug|Windows.Build.0 = Debug Windows|x64
		{859E00A2-F108-B518-3A47-66BEA6F0926D}.Distribution|Mac.ActiveCfg = Distribution Mac|x64
		{859E00A2-F108-B518-3A47-66BEA6F0926D}.Distribution|Mac.Build.0 = Distribution Mac|x64
		{859E00A2-F108-B518-3A47-66BEA6F0926D}.Distribution|Unix.ActiveCfg = Distribution Unix|x64
		{859E00A2-F108-B518-3A47-66BEA6F0926D}.Distribution|Unix.Build.0 = Distribution Unix|x64
		{859E00A2-F108-B518-3A47-66BEA6F0926D}.Distribution|Windows.ActiveCfg = Distribution Windows|x64
		{859E00A2-F108-B518-3A47-66BEA6F0926D}.Distribution|Windows.Build.0 = Distribution Windows|x64
		{859E00A2-F108-B518-3A47-66BEA6F0926D}.Release|Mac.ActiveCfg = Release Mac|x64
		{859E00A2-F108-B518-3A47-66BEA6F0926D}.Release|Mac.Build.0 = Release Mac|x64
		{859E00A2-F108-B518-3A47-66BEA6F0926D}.Release|Unix.ActiveCfg = Release Unix|x64
		{859E00A2-F108-B518-3A47-66BEA6F0926D}.Release|Unix.Build.0 = Release Unix|x64
		{859E00A2-F108-B518-3A47-66BEA6F0926D}.Release|Windows.ActiveCfg = Release Windows|x64
		{859E00A2-F108-B518-3A47-66BEA6F0926D}.Release|Windows.Build.0 = Release Windows|x64
		{9D238DF0-09AF-FAB4-12C0-7DA97ECA56B5}.Debug|Mac.ActiveCfg = Debug Mac|x64
		{9D238DF0-09AF-FAB4-12C0-7DA97ECA56B5}.Debug|Mac.Build.0 = Debug Mac|x64
		{9D238DF0-09AF-FAB4-12C0-7DA97ECA56B5}.Debug|Unix.ActiveCfg = Debug Unix|x64
		{9D238DF0-09AF-FAB4-12C0-7DA97ECA56B5}.Debug|Unix.Build.0 = Debug Unix|x64
		{9D238DF0-09AF-FAB4-12C0-7DA97ECA56B5}.Debug|Windows.ActiveCfg = Debug Windows|x64
		{9D238DF0-09AF-FAB4-12C0-7DA97ECA56B5}.Debug|Windows.Build.0 = Debug Windows|x64
		{9D238DF0-09AF-FAB4-12C0-7DA97ECA56B5}.Distribution|Mac.ActiveCfg = Distribution Mac|x64
		{9D238DF0-09AF-FAB4-12C0-7DA97ECA56B5}.Distribution|Mac.Build.0 = Distribution Mac|x64
		{9D238DF0-09AF-FAB4-12C0-7DA97ECA56B5}.Distribution|Unix.ActiveCfg = Distribution Unix|x64
		{9D238DF0-09AF-FAB4-12C0-7DA97ECA56B5}.Distribution|Unix.Build.0 = Distribution Unix|x64
		{9D238DF0-09AF-FAB4-12C0-7DA97ECA56B5}.Distribution|Windows.ActiveCfg = Distribution Windows|x64
		{9D238DF0-09AF-FAB4-12C0-7DA97ECA56B5}.Distribution|Windows.Build.0 = Distribution Windows|x64
		{9D238DF0-09AF-FAB4-12C0-7DA97ECA56B5}.Release|Mac.ActiveCfg = Release Mac|x64
		{9D238DF0-09AF-FAB4-12C0-7DA97ECA56B5}.Release|Mac.Build.0 = Release Mac|x64
		{9D238DF0-09AF-FAB4-12C0-7DA97ECA56B5}.Release|Unix.ActiveCfg = Release Unix|x64
		{9D238DF0-09AF-FAB4-12C0-7DA97ECA56B5}.Release|Unix.Build.0 = Release Unix|x64
		{9D238DF0-09AF-FAB4-12C0-7DA97ECA56B5}.Release|Windows.ActiveCfg = Release Windows|x64
		{9D238DF0-09AF-FAB4-12C0-7DA97ECA56B5}.Release|Windows.Build.0 = Release Windows|x64
		{2EB4837C-1AEB-840D-C3D7-6A10AFED000F}.Debug|Mac.ActiveCfg = Debug Mac|x64
		{2EB4837C-1AEB-840D-C3D7-6A10AFED000F}.Debug|Mac.Build.0 = Debug Mac|x64
		{2EB4837C-1AEB-840D-C3D7-6A10AFED000F}.Debug|Unix.ActiveCfg = Debug Unix|x64
		{2EB4837C-1AEB-840D-C3D7-6A10AFED000F}.Debug|Unix.Build.0 = Debug Unix|x64
		{2EB4837C-1AEB-840D-C3D7-6A10AFED000F}.Debug|Windows.ActiveCfg = Debug Windows|x64
		{2EB4837C-1AEB-840D-C3D7-6A10AFED000F}.Debug|Windows.Build.0 = Debug Windows|x64
		{2EB4837C-1AEB-840D-C3D7-6A10AFED000F}.Distribution|Mac.ActiveCfg = Distribution Mac|x64
		{2EB4837C-1AEB-840D-C3D7-6A10AFED000F}.Distribution|Mac.Build.0 = Distribution Mac|x64
		{2EB4837C-1AEB-840D-C3D7-6A10AFED000F}.Distribution|Unix.ActiveCfg = Distribution Unix|x64
		{2EB4837C-1AEB-840D-C3D7-6A10AFED000F}.Distribution|Unix.Build.0 = Distribution Unix|x64
		{2EB4837C-1AEB-840D-C3D7-6A10AFED000F}.Distribution|Windows.ActiveCfg = Distribution Windows|x64
		{2EB4837C-1AEB-840D-C3D7-6A10AFED000F}.Distribution|Windows.Build.0 = Distribution Windows|x64
		{2EB4837C-1AEB-840D-C3D7-6A10AFED000F}.Release|Mac.ActiveCfg = Release Mac|x64
		{2EB4837C-1AEB-840D-C3D7-6A10AFED000F}.Release|Mac.Build.0 = Release Mac|x64
		{2EB4837C-1AEB-840D-C3D7-6A10AFED000F}.Release|Unix.ActiveCfg = Release Unix|x64
		{2EB4837C-1AEB-840D-C3D7-6A10AFED000F}.Release|Unix.Build.0 = Release Unix|x64
		{2EB4837C-1AEB-840D-C3D7-6A10AFED000F}.Release|Windows.ActiveCfg = Release Windows|x64
		{2EB4837C-1AEB-840D-C3D7-6A10AFED000F}.Release|Windows.Build.0 = Release Windows|x64
		{3A8963B1-262B-8E87-0FE6-A1DBFB2615D8}.Debug|Mac.ActiveCfg = Debug Mac|x64
		{3A8963B1-262B-8E87-0FE6-A1DBFB2615D8}.Debug|Mac.Build.0 = Debug Mac|x64
		{3A8963B1-262B-8E87-0FE6-A1DBFB2615D8}.Debug|Unix.ActiveCfg = Debug Unix|x64
		{3A8963B1-262B-8E87-0FE6-A1DBFB2615D8}.Debug|Unix.Build.0 = Debug Unix|x64
		{3A8963B1-262B-8E87-0FE6-A1DBFB2615D8}.Debug|Windows.ActiveCfg = Debug Windows|x64
		{3A8963B1-262B-8E87-0FE6-A1DBFB2615D8}.Debug|Windows.Build.0 = Debug Windows|x64
		{3A8963B1-262B-8E87-0FE6-A1DBFB2615D8}.Distribution|Mac.ActiveCfg = Distribution Mac|x64
		{3A8963B1-262B-8E87-0FE6-A1DBFB2615D8}.Distribution|Mac.Build.0 = Distribution Mac|x64
		{3A8963B1-262B-8E87-0FE6-A1DBFB2615D8}.Distribution|Unix.ActiveCfg = Distribution Unix|x64
		{3A8963B1-262B-8E87-0FE6-A1DBFB2615D8}.Distribution|Unix.Build.0 = Distribution Unix|x64
		{3A8963B1-262B-8E87-0FE6-A1DBFB2615D8}.Distribution|Windows.ActiveCfg = Distribution Windows|x64
		{3A8963B1-262B-8E87-0FE6-A1DBFB2615D8}.Distribution|Windows.Build.0 = Distribution Windows|x64
		{3A8963B1-262B-8E87-0FE6-A1DBFB2615D8}.Release|Mac.ActiveCfg = Release Mac|x64
		{3A8963B1-262B-8E87-0FE6-A1DBFB2615D8}.Release|Mac.Build.0 = Release Mac|x64
		{3A8963B1-262B-8E87-0FE6-A1DBFB2615D8}.Release|Unix.ActiveCfg = Release Unix|x64
		{3A8963B1-262B-8E87-0FE6-A1DBFB2615D8}.Release|Unix.Build.0 = Release Unix|x64
		{3A8963B1-262B-8E87-0FE6-A1DBFB2615D8}.Release|Windows.ActiveCfg = Release Windows|x64
		{3A8963B1-262B-8E87-0FE6-A1DBFB2615D8}.Release|Windows.Build.0 = Release Windows|x64
		{54687B15-C01D-F40A-4912-EEE1B5C6EA0E}.Debug|Mac.ActiveCfg = Debug Mac|x64
		{54687B15-C01D-F40A-4912-EEE1B5C6EA0E}.Debug|Mac.Build.0 = Debug Mac|x64
		{54687B15-C01D-F40A-4912-EEE1B5C6EA0E}.Debug|Unix.ActiveCfg = Debug Unix|x64
		{54687B15-C01D-F40A-4912-EEE1B5C6EA0E}.Debug|Unix.Build.0 = Debug Unix|x64
		{54687B15-C01D-F40A-4912-EEE1B5C6EA0E}.Debug|Windows.ActiveCfg = Debug Windows|x64
		{54687B15-C01D-F40A-4912-EEE1B5C6EA0E}.Debug|Windows.Build.0 = Debug Windows|x64
		{54687B15-C01D-F40A-4912-EEE1B5C6EA0E}.Distribution|Mac.ActiveCfg = Distribution Mac|x64
		{54687B15-C01D-F40A-4912-EEE1B5C6EA0E}.Distribution|Mac.Build.0 = Distribution Mac|x64
		{54687B15-C01D-F40A-4912-EEE1B5C6EA0E}.Distribution|Unix.ActiveCfg = Distribution Unix|x64
		{54687B15-C01D-F40A-4912-EEE1B5C6EA0E}.Distribution|Unix.Build.0 = Distribution Unix|x64
		{54687B15-C01D-F40A-4912-EEE1B5C6EA0E}.Distribution|Windows.ActiveCfg = Distribution Windows|x64
		{54687B15-C01D-F40A-4912-EEE1B5C6EA0E}.Distribution|Windows.Build.0 = Distribution Windows|x64
		{54687B15-C01D-F40A-4912-EEE1B5C6EA0E}.Release|Mac.ActiveCfg = Release Mac|x64
		{54687B15-C01D-F40A-4912-EEE1B5C6EA0E}.Release|Mac.Build.0 = Release Mac|x64
		{54687B15-C01D-F40A-4912-EEE1B5C6EA0E}.Release|Unix.ActiveCfg = Release Unix|x64
		{54687B15-C01D-F40A-4912-EEE1B5C6EA0E}.Release|Unix.Build.0 = Release Unix|x64
		{54687B15-C01D-F40A-4912-EEE1B5C6EA0E}.Release|Windows.ActiveCfg = Release Windows|x64
		{54687B15-C01D-F40A-4912-EEE1B5C6EA0E}.Release|Windows.Build.0 = Release Windows|x64
		{D7C05FAE-C38D-BAB9-ECA6-A861D8D2EF47}.Debug|Mac.ActiveCfg = Debug Mac|x64
		{D7C05FAE-C38D-BAB9-ECA6-A861D8D2EF47}.Debug|Mac.Build.0 = Debug Mac|x64
		{D7C05FAE-C38D-BAB9-ECA6-A861D8D2EF47}.Debug|Unix.ActiveCfg = Debug Unix|x64
		{D7C05FAE-C38D-BAB9-ECA6-A861D8D2EF47}.Debug|Unix.Build.0 = Debug Unix|x64
		{D7C05FAE-C38D-BAB9-ECA6-A861D8D2EF47}.Debug|Windows.ActiveCfg = Debug Windows|x64
		{D7C05FAE-C38D-BAB9-ECA6-A861D8D2EF47}.Debug|Windows.Build.0 = Debug Windows|x64
		{D7C05FAE-C38D-BAB9-ECA6-A861D8D2EF47}.Distribution|Mac.ActiveCfg = Distribution Mac|x64
		{D7C05FAE-C38D-BAB9-ECA6-A861D8D2EF47}.Distribution|Mac.Build.0 = Distribution Mac|x64
		{D7C05FAE-C38D-BAB9-ECA6-A861D8D2EF47}.Distribution|Unix.ActiveCfg = Distribution Unix|x64
		{D7C05FAE-C38D-BAB9-ECA6-A861D8D2EF47}.Distribution|Unix.Build.0 = Distribution Unix|x64
		{D7C05FAE-C38D-BAB9-ECA6-A861D8D2EF47}.Distribution|Windows.ActiveCfg = Distribution Windows|x64
		{D7C05FAE-C38D-BAB9-ECA6-A861D8D2EF47}.Distribution|Windows.Build.0 = Distribution Windows|x64
		{D7C05FAE-C38D-BAB9-ECA6-A861D8D2EF47}.Release|Mac.ActiveCfg = Release Mac|x64
		{D7C05FAE-C38D-BAB9-ECA6-A861D8D2EF47}.Release|Mac.Build.0 = Release Mac|x64
		{D7C05FAE-C38D-BAB9-ECA6-A861D8D2EF47}.Release|Unix.ActiveCfg = Release Unix|x64
		{D7C05FAE-C38D-BAB9-ECA6-A861D8D2EF47}.Release|Unix.Build.0 = Release Unix|x64
		{D7C05FAE-C38D-BAB9-ECA6-A861D8D2EF47}.Release|Windows.ActiveCfg = Release Windows|x64
		{D7C05FAE-C38D-BAB9-ECA6-A861D8D2EF47}.Release|Windows.Build.0 = Release Windows|x64
		{B34CFEBD-9F19-59C9-C832-4771B45E8E57}.Debug|Mac.ActiveCfg = Debug Mac|x64
		{B34CFEBD-9F19-59C9-C832-4771B45E8E57}.Debug|Mac.Build.0 = Debug Mac|x64
		{B34CFEBD-9F19-59C9-C832-4771B45E8E57}.Debug|Unix.ActiveCfg = Debug Unix|x64
		{B34CFEBD-9F19-59C9-C832-4771B45E8E57}.Debug|Unix.Build.0 = Debug Unix|x64
		{B34CFEBD-9F19-59C9-C832-4771B45E8E57}.Debug|Windows.ActiveCfg = Debug Windows|x64
		{B34CFEBD-9F19-59C9-C832-4771B45E8E57}.Debug|Windows.Build.0 = Debug Windows|x64
		{B34CFEBD-9F19-59C9-C832-4771B45E8E57}.Distribution|Mac.ActiveCfg = Distribution Mac|x64
		{B34CFEBD-9F19-59C9-C832-4771B45E8E57}.Distribution|Mac.Build.0 = Distribution Mac|x64
		{B34CFEBD-9F19-59C9-C832-4771B45E8E57}.Distribution|Unix.ActiveCfg = Distribution Unix|x64
		{B34CFEBD-9F19-59C9-C832-4771B45E8E57}.Distribution|Unix.Build.0 = Distribution Unix|x64
		{B34CFEBD-9F19-59C9-C832-4771B45E8E57}.Distribution|Windows.ActiveCfg = Distribution Windows|x64
		{B34CFEBD-9F19-59C9-C832-4771B45E8E57}.Distribution|Windows.Build.0 = Distribution Windows|x64
		{B34CFEBD-9F19-59C9-C832-4771B45E8E57}.Release|Mac.ActiveCfg = Release Mac|x64
		{B34CFEBD-9F19-59C9-C832-4771B45E8E57}.Release|Mac.Build.0 = Release Mac|x64
		{B34CFEBD-9F19-59C9-C832-4771B45E8E57}.Release|Unix.ActiveCfg = Release Unix|x64
		{B34CFEBD-9F19-59C9-C832-4771B45E8E57}.Release|Unix.Build.0 = Release Unix|x64
		{B34CFEBD-9F19-59C9-C832-4771B45E8E57}.Release|Windows.ActiveCfg = Release Windows|x64
		{B34CFEBD-9F19-59C9-C832-4771B45E8E57}.Release|Windows.Build.0 = Release Windows|x64
		{7CCE658F-689B-C09A-91B4-AE427DE0F528}.Debug|Mac.ActiveCfg = Debug Mac|x64
		{7CCE658F-689B-C09A-91B4-AE427DE0F528}.Debug|Mac.Build.0 = Debug Mac|x64
		{7CCE658F-689B-C09A-91B4-AE427DE0F528}.Debug|Unix.ActiveCfg = Debug Unix|x64
		{7CCE658F-689B-C09A-91B4-AE427DE0F528}.Debug|Unix.Build.0 = Debug Unix|x64
		{7CCE658F-689B-C09A-91B4-AE427DE0F528}.Debug|Windows.ActiveCfg = Debug Windows|x64
		{7CCE658F-689B-C09A-91B4-AE427DE0F528}.Debug|Windows.Build.0 = Debug Windows|x64
		{7CCE658F-689B-C09A-91B4-AE427DE0F528}.Distribution|Mac.ActiveCfg = Distribution Mac|x64
		{7CCE658F-689B-C09A-91B4-AE427DE0F528}.Distribution|Mac.Build.0 = Distribution Mac|x64
		{7CCE658F-689B-C09A-91B4-AE427DE0F528}.Distribution|Unix.ActiveCfg = Distribution Unix|x64
		{7CCE658F-689B-C09A-91B4-AE427DE0F528}.Distribution|Unix.Build.0 = Distribution Unix|x64
		{7CCE658F-689B-C09A-91B4-AE427DE0F528}.Distribution|Windows.ActiveCfg = Distribution Windows|x64
		{7CCE658F-689B-C09A-91B4-AE427DE0F528}.Distribution|Windows.Build.0 = Distribution Windows|x64
		{7CCE658F-689B-C09A-91B4-AE427DE0F528}.Release|Mac.ActiveCfg = Release Mac|x64
		{7CCE658F-689B-C09A-91B4-AE427DE0F528}.Release|Mac.Build.0 = Release Mac|x64
		{7CCE658F-689B-C09A-91B4-AE427DE0F528}.Release|Unix.ActiveCfg = Release Unix|x64
		{7CCE658F-689B-C09A-91B4-AE427DE0F528}.Release|Unix.Build.0 = Release Unix|x64
		{7CCE658F-689B-C09A-91B4-AE427DE0F528}.Release|Windows.ActiveCfg = Release Windows|x64
		{7CCE658F-689B-C09A-91B4-AE427DE0F528}.Release|Windows.Build.0 = Release Windows|x64
		{A9F04386-95BD-9E91-BED6-8C39AA02D41F}.Debug|Mac.ActiveCfg = Debug Mac|x64
		{A9F04386-95BD-9E91-BED6-8C39AA02D41F}.Debug|Mac.Build.0 = Debug Mac|x64
		{A9F04386-95BD-9E91-BED6-8C39AA02D41F}.Debug|Unix.ActiveCfg = Debug Unix|x64
		{A9F04386-95BD-9E91-BED6-8C39AA02D41F}.Debug|Unix.Build.0 = Debug Unix|x64
		{A9F04386-95BD-9E91-BED6-8C39AA02D41F}.Debug|Windows.ActiveCfg = Debug Windows|x64
		{A9F04386-95BD-9E91-BED6-8C39AA02D41F}.Debug|Windows.Build.0 = Debug Windows|x64
		{A9F04386-95BD-9E91-BED6-8C39AA02D41F}.Distribution|Mac.ActiveCfg = Distribution Mac|x64
		{A9F04386-95BD-9E91-BED6-8C39AA02D41F}.Distribution|Mac.Build.0 = Distribution Mac|x64
		{A9F04386-95BD-9E91-BED6-8C39AA02D41F}.Distribution|Unix.ActiveCfg = Distribution Unix|x64
		{A9F04386-95BD-9E91-BED6-8C39AA02D41F}.Distribution|Unix.Build.0 = Distribution Unix|x64
		{A9F04386-95BD-9E91-BED6-8C39AA02D41F}.Distribution|Windows.ActiveCfg = Distribution Windows|x64
		{A9F04386-95BD-9E91-BED6-8C39AA02D41F}.Distribution|Windows.Build.0 = Distribution Windows|x64
		{A9F04386-95BD-9E91-BED6-8C39AA02D41F}.Release|Mac.ActiveCfg = Release Mac|x64
		{A9F04386-95BD-9E91-BED6-8C39AA02D41F}.Release|Mac.Build.0 = Release Mac|x64
		{A9F04386-95BD-9E91-BED6-8C39AA02D41F}.Release|Unix.ActiveCfg = Release Unix|x64
		{A9F04386-95BD-9E91-BED6-8C39AA02D41F}.Release|Unix.Build.0 = Release Unix|x64
		{A9F04386-95BD-9E91-BED6-8C39AA02D41F}.Release|Windows.ActiveCfg = Release Windows|x64
		{A9F04386-95BD-9E91-BED6-8C39AA02D41F}.Release|Windows.Build.0 = Release Windows|x64
		{16CF2D0E-82E3-55BF-4B65-F91EB73852F0}.Debug|Mac.ActiveCfg = Debug Mac|x64
		{16CF2D0E-82E3-55BF-4B65-F91EB73852F0}.Debug|Mac.Build.0 = Debug Mac|x64
		{16CF2D0E-82E3-55BF-4B65-F91EB73852F0}.Debug|Unix.ActiveCfg = Debug Unix|x64
		{16CF2D0E-82E3-55BF-4B65-F91EB73852F0}.Debug|Unix.Build.0 = Debug Unix|x64
		{16CF2D0E-82E3-55BF-4B65-F91EB73852F0}.Debug|Windows.ActiveCfg = Debug Windows|x64
		{16CF2D0E-82E3-55BF-4B65-F91EB73852F0}.Debug|Windows.Build.0 = Debug Windows|x64
		{16CF2D0E-82E3-55BF-4B65-F91EB73852F0}.Distribution|Mac.ActiveCfg = Distribution Mac|x64
		{16CF2D0E-82E3-55BF-4B65-F91EB73852F0}.Distribution|Mac.Build.0 = Distribution Mac|x64
		{16CF2D0E-82E3-55BF-4B65-F91EB73852F0}.Distribution|Unix.ActiveCfg = Distribution Unix|x64
		{16CF2D0E-82E3-55BF-4B65-F91EB73852F0}.Distribution|Unix.Build.0 = Distribution Unix|x64
		{16CF2D0E-82E3-55BF-4B65-F91EB73852F0}.Distribution|Windows.ActiveCfg = Distribution Windows|x64
		{16CF2D0E-82E3-55BF-4B65-F91EB73852F0}.Distribution|Windows.Build.0 = Distribution Windows|x64
		{16CF2D0E-82E3-55BF-4B65-F91EB73852F0}.Release|Mac.ActiveCfg = Release Mac|x64
		{16CF2D0E-82E3-55BF-4B65-F91EB73852F0}.Release|Mac.Build.0 = Release Mac|x64
		{16CF2D0E-82E3-55BF-4B65-F91EB73852F0}.Release|Unix.ActiveCfg = Release Unix|x64
		{16CF2D0E-82E3-55BF-4B65-F91EB73852F0}.Release|Unix.Build.0 = Release Unix|x64
		{16CF2D0E-82E3-55BF-4B65-F91EB73852F0}.Release|Windows.ActiveCfg = Release Windows|x64
		{16CF2D0E-82E3-55BF-4B65-F91EB73852F0}.Release|Windows.Build.0 = Release Windows|x64
		{3DEA79DA-298C-A4B0-1247-B804FE872B01}.Debug|Mac.ActiveCfg = Debug Mac|x64
		{3DEA79DA-298C-A4B0-1247-B804FE872B01}.Debug|Mac.Build.0 = Debug Mac|x64
		{3DEA79DA-298C-A4B0-1247-B804FE872B01}.Debug|Unix.ActiveCfg = Debug Unix|x64
		{3DEA79DA-298C-A4B0-1247-B804FE872B01}.Debug|Unix.Build.0 = Debug Unix|x64
		{3DEA79DA-298C-A4B0-1247-B804FE872B01}.Debug|Windows.ActiveCfg = Debug Windows|x64
		{3DEA79DA-298C-A4B0-1247-B804FE872B01}.Debug|Windows.Build.0 = Debug Windows|x64
		{3DEA79DA-298C-A4B0-1247-B804FE872B01}.Distribution|Mac.ActiveCfg = Distribution Mac|x64
		{3DEA79DA-298C-A4B0-1247-B804FE872B01}.Distribution|Mac.Build.0 = Distribution Mac|x64
		{3DEA79DA-298C-A4B0-1247-B804FE872B01}.Distribution|Unix.ActiveCfg = Distribution Unix|x64
		{3DEA79DA-298C-A4B0-1247-B804FE872B01}.Distribution|Unix.Build.0 = Distribution Unix|x64
		{3DEA79DA-298C-A4B0-1247-B804FE872B01}.Distribution|Windows.ActiveCfg = Distribution Windows|x64
		{3DEA79DA-298C-A4B0-1247-B804FE872B01}.Distribution|Windows.Build.0 = Distribution Windows|x64
		{3DEA79DA-298C-A4B0-1247-B804FE872B01}.Release|Mac.ActiveCfg = Release Mac|x64
		{3DEA79DA-298C-A4B0-1247-B804FE872B01}.Release|Mac.Build.0 = Release Mac|x64
		{3DEA79DA-298C-A4B0-1247-B804FE872B01}.Release|Unix.ActiveCfg = Release Unix|x64
		{3DEA79DA-298C-A4B0-1247-B804FE872B01}.Release|Unix.Build.0 = Release Unix|x64
		{3DEA79DA-298C-A4B0-1247-B804FE872B01}.Release|Windows.ActiveCfg = Release Windows|x64
		{3DEA79DA-298C-A4B0-1247-B804FE872B01}.Release|Windows.Build.0 = Release Windows|x64
		{6AD6BCF1-D696-3828-9FD1-81A50B517D04}.Debug|Mac.ActiveCfg = Debug Mac|x64
		{6AD6BCF1-D696-3828-9FD1-81A50B517D04}.Debug|Mac.Build.0 = Debug Mac|x64
		{6AD6BCF1-D696-3828-9FD1-81A50B517D04}.Debug|Unix.ActiveCfg = Debug Unix|x64
		{6AD6BCF1-D696-3828-9FD1-81A50B517D04}.Debug|Unix.Build.0 = Debug Unix|x64
		{6AD6BCF1-D696-3828-9FD1-81A50B517D04}.Debug|Windows.ActiveCfg = Debug Windows|x64
		{6AD6BCF1-D696-3828-9FD1-81A50B517D04}.Debug|Windows.Build.0 = Debug Windows|x64
		{6AD6BCF1-D696-3828-9FD1-81A50B517D04}.Distribution|Mac.ActiveCfg = Distribution Mac|x64
		{6AD6BCF1-D696-3828-9FD1-81A50B517D04}.Distribution|Mac.Build.0 = Distribution Mac|x64
		{6AD6BCF1-D696-3828-9FD1-81A50B517D04}.Distribution|Unix.ActiveCfg = Distribution Unix|x64
		{6AD6BCF1-D696-3828-9FD1-81A50B517D04}.Distribution|Unix.Build.0 = Distribution Unix|x64
		{6AD6BCF1-D696-3828-9FD1-81A50B517D04}.Distribution|Windows.ActiveCfg = Distribution Windows|x64
		{6AD6BCF1-D696-3828-9FD1-81A50B517D04}.Distribution|Windows.Build.0 = Distribution Windows|x64
		{6AD6BCF1-D696-3828-9FD1-81A50B517D04}.Release|Mac.ActiveCfg = Release Mac|x64
		{6AD6BCF1-D696-3828-9FD1-81A50B517D04}.Release|Mac.Build.0 = Release Mac|x64
		{6AD6BCF1-D696-3828-9FD1-81A50B517D04}.Release|Unix.ActiveCfg = Release Unix|x64
		{6AD6BCF1-D696-3828-9FD1-81A50B517D04}.Release|Unix.Build.0 = Release Unix|x64
		{6AD6BCF1-D696-3828-9FD1-81A50B517D04}.Release|Windows.ActiveCfg = Release Windows|x64
		{6AD6BCF1-D696-3828-9FD1-81A50B517D04}.Release|Windows.Build.0 = Release Windows|x64
		{C0FF640D-2C14-8DBE-F595-301E616989EF}.Debug|Mac.ActiveCfg = Debug Mac|x64
		{C0FF640D-2C14-8DBE-F595-301E616989EF}.Debug|Mac.Build.0 = Debug Mac|x64
		{C0FF640D-2C14-8DBE-F595-301E616989EF}.Debug|Unix.ActiveCfg = Debug Unix|x64
		{C0FF640D-2C14-8DBE-F595-301E616989EF}.Debug|Unix.Build.0 = Debug Unix|x64
		{C0FF640D-2C14-8DBE-F595-301E616989EF}.Debug|Windows.ActiveCfg = Debug Windows|x64
		{C0FF640D-2C14-8DBE-F595-301E616989EF}.Debug|Windows.Build.0 = Debug Windows|x64
		{C0FF640D-2C14-8DBE-F595-301E616989EF}.Distribution|Mac.ActiveCfg = Distribution Mac|x64
		{C0FF640D-2C14-8DBE-F595-301E616989EF}.Distribution|Mac.Build.0 = Distribution Mac|x64
		{C0FF640D-2C14-8DBE-F595-301E616989EF}.Distribution|Unix.ActiveCfg = Distribution Unix|x64
		{C0FF640D-2C14-8DBE-F595-301E616989EF}.Distribution|Unix.Build.0 = Distribution Unix|x64
		{C0FF640D-2C14-8DBE-F595-301E616989EF}.Distribution|Windows.ActiveCfg = Distribution Windows|x64
		{C0FF640D-2C14-8DBE-F595-301E616989EF}.Distribution|Windows.Build.0 = Distribution Windows|x64
		{C0FF640D-2C14-8DBE-F595-301E616989EF}.Release|Mac.ActiveCfg = Release Mac|x64
		{C0FF640D-2C14-8DBE-F595-301E616989EF}.Release|Mac.Build.0 = Release Mac|x64
		{C0FF640D-2C14-8DBE-F595-301E616989EF}.Release|Unix.ActiveCfg = Release Unix|x64
		{C0FF640D-2C14-8DBE-F595-301E616989EF}.Release|Unix.Build.0 = Release Unix|x64
		{C0FF640D-2C14-8DBE-F595-301E616989EF}.Release|Windows.ActiveCfg = Release Windows|x64
		{C0FF640D-2C14-8DBE-F595-301E616989EF}.Release|Windows.Build.0 = Release Windows|x64
		{30B15D9A-9C66-D68F-255B-D066910FCD93}.Debug|Mac.ActiveCfg = Debug Mac|x64
		{30B15D9A-9C66-D68F-255B-D066910FCD93}.Debug|Mac.Build.0 = Debug Mac|x64
		{30B15D9A-9C66-D68F-255B-D066910FCD93}.Debug|Unix.ActiveCfg = Debug Unix|x64
		{30B15D9A-9C66-D68F-255B-D066910FCD93}.Debug|Unix.Build.0 = Debug Unix|x64
		{30B15D9A-9C66-D68F-255B-D066910FCD93}.Debug|Windows.ActiveCfg = Debug Windows|x64
		{30B15D9A-9C66-D68F-255B-D066910FCD93}.Debug|Windows.Build.0 = Debug Windows|x64
		{30B15D9A-9C66-D68F-255B-D066910FCD93}.Distribution|Mac.ActiveCfg = Distribution Mac|x64
		{30B15D9A-9C66-D68F-255B-D066910FCD93}.Distribution|Mac.Build.0 = Distribution Mac|x64
		{30B15D9A-9C66-D68F-255B-D066910FCD93}.Distribution|Unix.ActiveCfg = Distribution Unix|x64
		{30B15D9A-9C66-D68F-255B-D066910FCD93}.Distribution|Unix.Build.0 = Distribution Unix|x64
		{30B15D9A-9C66-D68F-255B-D066910FCD93}.Distribution|Windows.ActiveCfg = Distribution Windows|x64
		{30B15D9A-9C66-D68F-255B-D066910FCD93}.Distribution|Windows.Build.0 = Distribution Windows|x64
		{30B15D9A-9C66-D68F-255B-D066910FCD93}.Release|Mac.ActiveCfg = Release Mac|x64
		{30B15D9A-9C66-D68F-255B-D066910FCD93}.Release|Mac.Build.0 = Release Mac|x64
		{30B15D9A-9C66-D68F-255B-D066910FCD93}.Release|Unix.ActiveCfg = Release Unix|x64
		{30B15D9A-9C66-D68F-255B-D066910FCD93}.Release|Unix.Build.0 = Release Unix|x64
		{30B15D9A-9C66-D68F-255B-D066910FCD93}.Release|Windows.ActiveCfg = Release Windows|x64
		{30B15D9A-9C66-D68F-255B-D066910FCD93}.Release|Windows.Build.0 = Release Windows|x64
	EndGlobalSection
	GlobalSection(SolutionProperties) = preSolution
		HideSolutionNode = FALSE
	EndGlobalSection
	GlobalSection(NestedProjects) = preSolution
		{D9DE78AF-4594-F1A4-CE88-EB7B3A3DE8A8} = {8249BEE1-6EAC-4D86-1732-863C03741909}
		{2873A0D0-9433-1C07-5D6E-6584C9ED60E3} = {8249BEE1-6EAC-4D86-1732-863C03741909}
		{859E00A2-F108-B518-3A47-66BEA6F0926D} = {D04B1513-3C0C-9149-0547-DAC671C6D525}
		{9D238DF0-09AF-FAB4-12C0-7DA97ECA56B5} = {D04B1513-3C0C-9149-0547-DAC671C6D525}
		{2EB4837C-1AEB-840D-C3D7-6A10AFED000F} = {D04B1513-3C0C-9149-0547-DAC671C6D525}
		{3A8963B1-262B-8E87-0FE6-A1DBFB2615D8} = {D04B1513-3C0C-9149-0547-DAC671C6D525}
		{54687B15-C01D-F40A-4912-EEE1B5C6EA0E} = {D04B1513-3C0C-9149-0547-DAC671C6D525}
		{D7C05FAE-C38D-BAB9-ECA6-A861D8D2EF47} = {D04B1513-3C0C-9149-0547-DAC671C6D525}
		{B34CFEBD-9F19-59C9-C832-4771B45E8E57} = {D04B1513-3C0C-9149-0547-DAC671C6D525}
		{7CCE658F-689B-C09A-91B4-AE427DE0F528} = {D04B1513-3C0C-9149-0547-DAC671C6D525}
		{A9F04386-95BD-9E91-BED6-8C39AA02D41F} = {D04B1513-3C0C-9149-0547-DAC671C6D525}
		{16CF2D0E-82E3-55BF-4B65-F91EB73852F0} = {D04B1513-3C0C-9149-0547-DAC671C6D525}
		{3DEA79DA-298C-A4B0-1247-B804FE872B01} = {D04B1513-3C0C-9149-0547-DAC671C6D525}
		{6AD6BCF1-D696-3828-9FD1-81A50B517D04} = {C4ACDA02-B00F-6AA7-5995-A25D45D7352A}
		{C0FF640D-2C14-8DBE-F595-301E616989EF} = {379BEF72-A3B1-ED08-EC28-792A587EBE90}
		{30B15D9A-9C66-D68F-255B-D066910FCD93} = {379BEF72-A3B1-ED08-EC28-792A587EBE90}
	EndGlobalSection
EndGlobal
