
Microsoft Visual Studio Solution File, Format Version 12.00
# Visual Studio Version 16
Project("{2150E333-8FDC-42A3-9474-1A3956D46DE8}") = "Engine", "Engine", "{8249BEE1-6EAC-4D86-1732-863C03741909}"
EndProject
Project("{8BC9CEB8-8B4A-11D0-8D11-00A0C91BC942}") = "Animation", "Engine\Modules\Animation\Animation.vcxproj", "{859E00A2-F108-B518-3A47-66BEA6F0926D}"
EndProject
Project("{8BC9CEB8-8B4A-11D0-8D11-00A0C91BC942}") = "Core", "Engine\Modules\Core\Core.vcxproj", "{2EB4837C-1AEB-840D-C3D7-6A10AFED000F}"
EndProject
Project("{8BC9CEB8-8B4A-11D0-8D11-00A0C91BC942}") = "Engine", "Engine\Modules\Engine\Engine.vcxproj", "{DBC7D3B0-C769-FE86-B024-12DB9C6585D7}"
EndProject
Project("{8BC9CEB8-8B4A-11D0-8D11-00A0C91BC942}") = "Events", "Engine\Modules\Events\Events.vcxproj", "{3A8963B1-262B-8E87-0FE6-A1DBFB2615D8}"
EndProject
Project("{8BC9CEB8-8B4A-11D0-8D11-00A0C91BC942}") = "GameLibrary", "Engine\Modules\GameLibrary\GameLibrary.vcxproj", "{54687B15-C01D-F40A-4912-EEE1B5C6EA0E}"
EndProject
Project("{8BC9CEB8-8B4A-11D0-8D11-00A0C91BC942}") = "Importer", "Engine\Modules\Importer\Importer.vcxproj", "{D7C05FAE-C38D-BAB9-ECA6-A861D8D2EF47}"
EndProject
Project("{8BC9CEB8-8B4A-11D0-8D11-00A0C91BC942}") = "Managers", "Engine\Modules\Managers\Managers.vcxproj", "{B34CFEBD-9F19-59C9-C832-4771B45E8E57}"
EndProject
Project("{8BC9CEB8-8B4A-11D0-8D11-00A0C91BC942}") = "Renderer", "Engine\Modules\Renderer\Renderer.vcxproj", "{7CCE658F-689B-C09A-91B4-AE427DE0F528}"
EndProject
Project("{8BC9CEB8-8B4A-11D0-8D11-00A0C91BC942}") = "Services", "Engine\Modules\Services\Services.vcxproj", "{A9F04386-95BD-9E91-BED6-8C39AA02D41F}"
EndProject
Project("{8BC9CEB8-8B4A-11D0-8D11-00A0C91BC942}") = "Tools", "Engine\Modules\Tools\Tools.vcxproj", "{16CF2D0E-82E3-55BF-4B65-F91EB73852F0}"
EndProject
Project("{8BC9CEB8-8B4A-11D0-8D11-00A0C91BC942}") = "UserInterface", "Engine\Modules\UserInterface\UserInterface.vcxproj", "{B5552FC0-2116-ABF6-EA50-F47356D0EFD2}"
EndProject
Project("{8BC9CEB8-8B4A-11D0-8D11-00A0C91BC942}") = "VulkanRBL", "Engine\Modules\VulkanRBL\VulkanRBL.vcxproj", "{B6684388-22D3-F7FE-6B11-A9A4D7BAD553}"
EndProject
Project("{8BC9CEB8-8B4A-11D0-8D11-00A0C91BC942}") = "Window", "Engine\Modules\Window\Window.vcxproj", "{3DEA79DA-298C-A4B0-1247-B804FE872B01}"
EndProject
Project("{2150E333-8FDC-42A3-9474-1A3956D46DE8}") = "NewArchitecture", "NewArchitecture", "{D98292DB-45EF-4DD6-0EE3-E5337A0E703E}"
EndProject
Project("{8BC9CEB8-8B4A-11D0-8D11-00A0C91BC942}") = "GraphicsCore", "Engine\Modules\GraphicsCore\GraphicsCore.vcxproj", "{BF92744A-ABF5-03EF-547B-3CA540BDCF71}"
EndProject
Project("{8BC9CEB8-8B4A-11D0-8D11-00A0C91BC942}") = "GraphicsEngine", "Engine\Modules\GraphicsEngine\GraphicsEngine.vcxproj", "{AC8E76BE-985C-6AC4-81F0-DAEA6D5D4629}"
EndProject
Project("{8BC9CEB8-8B4A-11D0-8D11-00A0C91BC942}") = "Inputs", "Engine\Modules\Inputs\Inputs.vcxproj", "{A88D2DBA-942F-5890-7DEA-6BE4692BDFE0}"
EndProject
Project("{2150E333-8FDC-42A3-9474-1A3956D46DE8}") = "Tools", "Tools", "{19C6DA87-85D3-086E-0EBA-04597AC6D424}"
EndProject
Project("{8BC9CEB8-8B4A-11D0-8D11-00A0C91BC942}") = "ErrorHandler", "Tools\ErrorHandler\ErrorHandler.vcxproj", "{6DC42202-5927-B2A6-02AD-EA5CEEEE7D29}"
EndProject
Project("{8BC9CEB8-8B4A-11D0-8D11-00A0C91BC942}") = "VulkanBackend", "Engine\Modules\VulkanBackend\VulkanBackend.vcxproj", "{7E8F1DD3-EA4F-9909-B38A-E2861F0ADEE5}"
EndProject
Project("{2150E333-8FDC-42A3-9474-1A3956D46DE8}") = "Studio", "Studio", "{C4ACDA02-B00F-6AA7-5995-A25D45D7352A}"
EndProject
Project("{8BC9CEB8-8B4A-11D0-8D11-00A0C91BC942}") = "Application", "Studio\Application\Application.vcxproj", "{D9DE78AF-4594-F1A4-CE88-EB7B3A3DE8A8}"
EndProject
Project("{2150E333-8FDC-42A3-9474-1A3956D46DE8}") = "Tests", "Tests", "{1FCE6517-8B83-DE0C-1478-D8E3802CD510}"
EndProject
Project("{8BC9CEB8-8B4A-11D0-8D11-00A0C91BC942}") = "Benchmark", "Tests\Benchmark\Benchmark.vcxproj", "{50E03632-BC4A-EBA8-0589-9C4E7132C9FD}"
EndProject
Project("{2150E333-8FDC-42A3-9474-1A3956D46DE8}") = "Third Party", "Third Party", "{379BEF72-A3B1-ED08-EC28-792A587EBE90}"
EndProject
Project("{8BC9CEB8-8B4A-11D0-8D11-00A0C91BC942}") = "ImGui", "Dependencies\ThirdParty\imgui\ImGui.vcxproj", "{C0FF640D-2C14-8DBE-F595-301E616989EF}"
EndProject
Project("{8BC9CEB8-8B4A-11D0-8D11-00A0C91BC942}") = "SPIRV-Cross", "Dependencies\ThirdParty\SPIRV-Cross\SPIRV-Cross.vcxproj", "{30B15D9A-9C66-D68F-255B-D066910FCD93}"
EndProject
Global
	GlobalSection(SolutionConfigurationPlatforms) = preSolution
		Debug|Mac = Debug|Mac
		Debug|Unix = Debug|Unix
		Debug|Windows = Debug|Windows
		Distribution|Mac = Distribution|Mac
		Distribution|Unix = Distribution|Unix
		Distribution|Windows = Distribution|Windows
		Release|Mac = Release|Mac
		Release|Unix = Release|Unix
		Release|Windows = Release|Windows
	EndGlobalSection
	GlobalSection(ProjectConfigurationPlatforms) = postSolution
		{859E00A2-F108-B518-3A47-66BEA6F0926D}.Debug|Mac.ActiveCfg = Debug Mac|x64
		{859E00A2-F108-B518-3A47-66BEA6F0926D}.Debug|Mac.Build.0 = Debug Mac|x64
		{859E00A2-F108-B518-3A47-66BEA6F0926D}.Debug|Unix.ActiveCfg = Debug Unix|x64
		{859E00A2-F108-B518-3A47-66BEA6F0926D}.Debug|Unix.Build.0 = Debug Unix|x64
		{859E00A2-F108-B518-3A47-66BEA6F0926D}.Debug|Windows.ActiveCfg = Debug Windows|x64
		{859E00A2-F108-B518-3A47-66BEA6F0926D}.Debug|Windows.Build.0 = Debug Windows|x64
		{859E00A2-F108-B518-3A47-66BEA6F0926D}.Distribution|Mac.ActiveCfg = Distribution Mac|x64
		{859E00A2-F108-B518-3A47-66BEA6F0926D}.Distribution|Mac.Build.0 = Distribution Mac|x64
		{859E00A2-F108-B518-3A47-66BEA6F0926D}.Distribution|Unix.ActiveCfg = Distribution Unix|x64
		{859E00A2-F108-B518-3A47-66BEA6F0926D}.Distribution|Unix.Build.0 = Distribution Unix|x64
		{859E00A2-F108-B518-3A47-66BEA6F0926D}.Distribution|Windows.ActiveCfg = Distribution Windows|x64
		{859E00A2-F108-B518-3A47-66BEA6F0926D}.Distribution|Windows.Build.0 = Distribution Windows|x64
		{859E00A2-F108-B518-3A47-66BEA6F0926D}.Release|Mac.ActiveCfg = Release Mac|x64
		{859E00A2-F108-B518-3A47-66BEA6F0926D}.Release|Mac.Build.0 = Release Mac|x64
		{859E00A2-F108-B518-3A47-66BEA6F0926D}.Release|Unix.ActiveCfg = Release Unix|x64
		{859E00A2-F108-B518-3A47-66BEA6F0926D}.Release|Unix.Build.0 = Release Unix|x64
		{859E00A2-F108-B518-3A47-66BEA6F0926D}.Release|Windows.ActiveCfg = Release Windows|x64
		{859E00A2-F108-B518-3A47-66BEA6F0926D}.Release|Windows.Build.0 = Release Windows|x64
		{2EB4837C-1AEB-840D-C3D7-6A10AFED000F}.Debug|Mac.ActiveCfg = Debug Mac|x64
		{2EB4837C-1AEB-840D-C3D7-6A10AFED000F}.Debug|Mac.Build.0 = Debug Mac|x64
		{2EB4837C-1AEB-840D-C3D7-6A10AFED000F}.Debug|Unix.ActiveCfg = Debug Unix|x64
		{2EB4837C-1AEB-840D-C3D7-6A10AFED000F}.Debug|Unix.Build.0 = Debug Unix|x64
		{2EB4837C-1AEB-840D-C3D7-6A10AFED000F}.Debug|Windows.ActiveCfg = Debug Windows|x64
		{2EB4837C-1AEB-840D-C3D7-6A10AFED000F}.Debug|Windows.Build.0 = Debug Windows|x64
		{2EB4837C-1AEB-840D-C3D7-6A10AFED000F}.Distribution|Mac.ActiveCfg = Distribution Mac|x64
		{2EB4837C-1AEB-840D-C3D7-6A10AFED000F}.Distribution|Mac.Build.0 = Distribution Mac|x64
		{2EB4837C-1AEB-840D-C3D7-6A10AFED000F}.Distribution|Unix.ActiveCfg = Distribution Unix|x64
		{2EB4837C-1AEB-840D-C3D7-6A10AFED000F}.Distribution|Unix.Build.0 = Distribution Unix|x64
		{2EB4837C-1AEB-840D-C3D7-6A10AFED000F}.Distribution|Windows.ActiveCfg = Distribution Windows|x64
		{2EB4837C-1AEB-840D-C3D7-6A10AFED000F}.Distribution|Windows.Build.0 = Distribution Windows|x64
		{2EB4837C-1AEB-840D-C3D7-6A10AFED000F}.Release|Mac.ActiveCfg = Release Mac|x64
		{2EB4837C-1AEB-840D-C3D7-6A10AFED000F}.Release|Mac.Build.0 = Release Mac|x64
		{2EB4837C-1AEB-840D-C3D7-6A10AFED000F}.Release|Unix.ActiveCfg = Release Unix|x64
		{2EB4837C-1AEB-840D-C3D7-6A10AFED000F}.Release|Unix.Build.0 = Release Unix|x64
		{2EB4837C-1AEB-840D-C3D7-6A10AFED000F}.Release|Windows.ActiveCfg = Release Windows|x64
		{2EB4837C-1AEB-840D-C3D7-6A10AFED000F}.Release|Windows.Build.0 = Release Windows|x64
		{DBC7D3B0-C769-FE86-B024-12DB9C6585D7}.Debug|Mac.ActiveCfg = Debug Mac|x64
		{DBC7D3B0-C769-FE86-B024-12DB9C6585D7}.Debug|Mac.Build.0 = Debug Mac|x64
		{DBC7D3B0-C769-FE86-B024-12DB9C6585D7}.Debug|Unix.ActiveCfg = Debug Unix|x64
		{DBC7D3B0-C769-FE86-B024-12DB9C6585D7}.Debug|Unix.Build.0 = Debug Unix|x64
		{DBC7D3B0-C769-FE86-B024-12DB9C6585D7}.Debug|Windows.ActiveCfg = Debug Windows|x64
		{DBC7D3B0-C769-FE86-B024-12DB9C6585D7}.Debug|Windows.Build.0 = Debug Windows|x64
		{DBC7D3B0-C769-FE86-B024-12DB9C6585D7}.Distribution|Mac.ActiveCfg = Distribution Mac|x64
		{DBC7D3B0-C769-FE86-B024-12DB9C6585D7}.Distribution|Mac.Build.0 = Distribution Mac|x64
		{DBC7D3B0-C769-FE86-B024-12DB9C6585D7}.Distribution|Unix.ActiveCfg = Distribution Unix|x64
		{DBC7D3B0-C769-FE86-B024-12DB9C6585D7}.Distribution|Unix.Build.0 = Distribution Unix|x64
		{DBC7D3B0-C769-FE86-B024-12DB9C6585D7}.Distribution|Windows.ActiveCfg = Distribution Windows|x64
		{DBC7D3B0-C769-FE86-B024-12DB9C6585D7}.Distribution|Windows.Build.0 = Distribution Windows|x64
		{DBC7D3B0-C769-FE86-B024-12DB9C6585D7}.Release|Mac.ActiveCfg = Release Mac|x64
		{DBC7D3B0-C769-FE86-B024-12DB9C6585D7}.Release|Mac.Build.0 = Release Mac|x64
		{DBC7D3B0-C769-FE86-B024-12DB9C6585D7}.Release|Unix.ActiveCfg = Release Unix|x64
		{DBC7D3B0-C769-FE86-B024-12DB9C6585D7}.Release|Unix.Build.0 = Release Unix|x64
		{DBC7D3B0-C769-FE86-B024-12DB9C6585D7}.Release|Windows.ActiveCfg = Release Windows|x64
		{DBC7D3B0-C769-FE86-B024-12DB9C6585D7}.Release|Windows.Build.0 = Release Windows|x64
		{3A8963B1-262B-8E87-0FE6-A1DBFB2615D8}.Debug|Mac.ActiveCfg = Debug Mac|x64
		{3A8963B1-262B-8E87-0FE6-A1DBFB2615D8}.Debug|Mac.Build.0 = Debug Mac|x64
		{3A8963B1-262B-8E87-0FE6-A1DBFB2615D8}.Debug|Unix.ActiveCfg = Debug Unix|x64
		{3A8963B1-262B-8E87-0FE6-A1DBFB2615D8}.Debug|Unix.Build.0 = Debug Unix|x64
		{3A8963B1-262B-8E87-0FE6-A1DBFB2615D8}.Debug|Windows.ActiveCfg = Debug Windows|x64
		{3A8963B1-262B-8E87-0FE6-A1DBFB2615D8}.Debug|Windows.Build.0 = Debug Windows|x64
		{3A8963B1-262B-8E87-0FE6-A1DBFB2615D8}.Distribution|Mac.ActiveCfg = Distribution Mac|x64
		{3A8963B1-262B-8E87-0FE6-A1DBFB2615D8}.Distribution|Mac.Build.0 = Distribution Mac|x64
		{3A8963B1-262B-8E87-0FE6-A1DBFB2615D8}.Distribution|Unix.ActiveCfg = Distribution Unix|x64
		{3A8963B1-262B-8E87-0FE6-A1DBFB2615D8}.Distribution|Unix.Build.0 = Distribution Unix|x64
		{3A8963B1-262B-8E87-0FE6-A1DBFB2615D8}.Distribution|Windows.ActiveCfg = Distribution Windows|x64
		{3A8963B1-262B-8E87-0FE6-A1DBFB2615D8}.Distribution|Windows.Build.0 = Distribution Windows|x64
		{3A8963B1-262B-8E87-0FE6-A1DBFB2615D8}.Release|Mac.ActiveCfg = Release Mac|x64
		{3A8963B1-262B-8E87-0FE6-A1DBFB2615D8}.Release|Mac.Build.0 = Release Mac|x64
		{3A8963B1-262B-8E87-0FE6-A1DBFB2615D8}.Release|Unix.ActiveCfg = Release Unix|x64
		{3A8963B1-262B-8E87-0FE6-A1DBFB2615D8}.Release|Unix.Build.0 = Release Unix|x64
		{3A8963B1-262B-8E87-0FE6-A1DBFB2615D8}.Release|Windows.ActiveCfg = Release Windows|x64
		{3A8963B1-262B-8E87-0FE6-A1DBFB2615D8}.Release|Windows.Build.0 = Release Windows|x64
		{54687B15-C01D-F40A-4912-EEE1B5C6EA0E}.Debug|Mac.ActiveCfg = Debug Mac|x64
		{54687B15-C01D-F40A-4912-EEE1B5C6EA0E}.Debug|Mac.Build.0 = Debug Mac|x64
		{54687B15-C01D-F40A-4912-EEE1B5C6EA0E}.Debug|Unix.ActiveCfg = Debug Unix|x64
		{54687B15-C01D-F40A-4912-EEE1B5C6EA0E}.Debug|Unix.Build.0 = Debug Unix|x64
		{54687B15-C01D-F40A-4912-EEE1B5C6EA0E}.Debug|Windows.ActiveCfg = Debug Windows|x64
		{54687B15-C01D-F40A-4912-EEE1B5C6EA0E}.Debug|Windows.Build.0 = Debug Windows|x64
		{54687B15-C01D-F40A-4912-EEE1B5C6EA0E}.Distribution|Mac.ActiveCfg = Distribution Mac|x64
		{54687B15-C01D-F40A-4912-EEE1B5C6EA0E}.Distribution|Mac.Build.0 = Distribution Mac|x64
		{54687B15-C01D-F40A-4912-EEE1B5C6EA0E}.Distribution|Unix.ActiveCfg = Distribution Unix|x64
		{54687B15-C01D-F40A-4912-EEE1B5C6EA0E}.Distribution|Unix.Build.0 = Distribution Unix|x64
		{54687B15-C01D-F40A-4912-EEE1B5C6EA0E}.Distribution|Windows.ActiveCfg = Distribution Windows|x64
		{54687B15-C01D-F40A-4912-EEE1B5C6EA0E}.Distribution|Windows.Build.0 = Distribution Windows|x64
		{54687B15-C01D-F40A-4912-EEE1B5C6EA0E}.Release|Mac.ActiveCfg = Release Mac|x64
		{54687B15-C01D-F40A-4912-EEE1B5C6EA0E}.Release|Mac.Build.0 = Release Mac|x64
		{54687B15-C01D-F40A-4912-EEE1B5C6EA0E}.Release|Unix.ActiveCfg = Release Unix|x64
		{54687B15-C01D-F40A-4912-EEE1B5C6EA0E}.Release|Unix.Build.0 = Release Unix|x64
		{54687B15-C01D-F40A-4912-EEE1B5C6EA0E}.Release|Windows.ActiveCfg = Release Windows|x64
		{54687B15-C01D-F40A-4912-EEE1B5C6EA0E}.Release|Windows.Build.0 = Release Windows|x64
		{D7C05FAE-C38D-BAB9-ECA6-A861D8D2EF47}.Debug|Mac.ActiveCfg = Debug Mac|x64
		{D7C05FAE-C38D-BAB9-ECA6-A861D8D2EF47}.Debug|Mac.Build.0 = Debug Mac|x64
		{D7C05FAE-C38D-BAB9-ECA6-A861D8D2EF47}.Debug|Unix.ActiveCfg = Debug Unix|x64
		{D7C05FAE-C38D-BAB9-ECA6-A861D8D2EF47}.Debug|Unix.Build.0 = Debug Unix|x64
		{D7C05FAE-C38D-BAB9-ECA6-A861D8D2EF47}.Debug|Windows.ActiveCfg = Debug Windows|x64
		{D7C05FAE-C38D-BAB9-ECA6-A861D8D2EF47}.Debug|Windows.Build.0 = Debug Windows|x64
		{D7C05FAE-C38D-BAB9-ECA6-A861D8D2EF47}.Distribution|Mac.ActiveCfg = Distribution Mac|x64
		{D7C05FAE-C38D-BAB9-ECA6-A861D8D2EF47}.Distribution|Mac.Build.0 = Distribution Mac|x64
		{D7C05FAE-C38D-BAB9-ECA6-A861D8D2EF47}.Distribution|Unix.ActiveCfg = Distribution Unix|x64
		{D7C05FAE-C38D-BAB9-ECA6-A861D8D2EF47}.Distribution|Unix.Build.0 = Distribution Unix|x64
		{D7C05FAE-C38D-BAB9-ECA6-A861D8D2EF47}.Distribution|Windows.ActiveCfg = Distribution Windows|x64
		{D7C05FAE-C38D-BAB9-ECA6-A861D8D2EF47}.Distribution|Windows.Build.0 = Distribution Windows|x64
		{D7C05FAE-C38D-BAB9-ECA6-A861D8D2EF47}.Release|Mac.ActiveCfg = Release Mac|x64
		{D7C05FAE-C38D-BAB9-ECA6-A861D8D2EF47}.Release|Mac.Build.0 = Release Mac|x64
		{D7C05FAE-C38D-BAB9-ECA6-A861D8D2EF47}.Release|Unix.ActiveCfg = Release Unix|x64
		{D7C05FAE-C38D-BAB9-ECA6-A861D8D2EF47}.Release|Unix.Build.0 = Release Unix|x64
		{D7C05FAE-C38D-BAB9-ECA6-A861D8D2EF47}.Release|Windows.ActiveCfg = Release Windows|x64
		{D7C05FAE-C38D-BAB9-ECA6-A861D8D2EF47}.Release|Windows.Build.0 = Release Windows|x64
		{B34CFEBD-9F19-59C9-C832-4771B45E8E57}.Debug|Mac.ActiveCfg = Debug Mac|x64
		{B34CFEBD-9F19-59C9-C832-4771B45E8E57}.Debug|Mac.Build.0 = Debug Mac|x64
		{B34CFEBD-9F19-59C9-C832-4771B45E8E57}.Debug|Unix.ActiveCfg = Debug Unix|x64
		{B34CFEBD-9F19-59C9-C832-4771B45E8E57}.Debug|Unix.Build.0 = Debug Unix|x64
		{B34CFEBD-9F19-59C9-C832-4771B45E8E57}.Debug|Windows.ActiveCfg = Debug Windows|x64
		{B34CFEBD-9F19-59C9-C832-4771B45E8E57}.Debug|Windows.Build.0 = Debug Windows|x64
		{B34CFEBD-9F19-59C9-C832-4771B45E8E57}.Distribution|Mac.ActiveCfg = Distribution Mac|x64
		{B34CFEBD-9F19-59C9-C832-4771B45E8E57}.Distribution|Mac.Build.0 = Distribution Mac|x64
		{B34CFEBD-9F19-59C9-C832-4771B45E8E57}.Distribution|Unix.ActiveCfg = Distribution Unix|x64
		{B34CFEBD-9F19-59C9-C832-4771B45E8E57}.Distribution|Unix.Build.0 = Distribution Unix|x64
		{B34CFEBD-9F19-59C9-C832-4771B45E8E57}.Distribution|Windows.ActiveCfg = Distribution Windows|x64
		{B34CFEBD-9F19-59C9-C832-4771B45E8E57}.Distribution|Windows.Build.0 = Distribution Windows|x64
		{B34CFEBD-9F19-59C9-C832-4771B45E8E57}.Release|Mac.ActiveCfg = Release Mac|x64
		{B34CFEBD-9F19-59C9-C832-4771B45E8E57}.Release|Mac.Build.0 = Release Mac|x64
		{B34CFEBD-9F19-59C9-C832-4771B45E8E57}.Release|Unix.ActiveCfg = Release Unix|x64
		{B34CFEBD-9F19-59C9-C832-4771B45E8E57}.Release|Unix.Build.0 = Release Unix|x64
		{B34CFEBD-9F19-59C9-C832-4771B45E8E57}.Release|Windows.ActiveCfg = Release Windows|x64
		{B34CFEBD-9F19-59C9-C832-4771B45E8E57}.Release|Windows.Build.0 = Release Windows|x64
		{7CCE658F-689B-C09A-91B4-AE427DE0F528}.Debug|Mac.ActiveCfg = Debug Mac|x64
		{7CCE658F-689B-C09A-91B4-AE427DE0F528}.Debug|Mac.Build.0 = Debug Mac|x64
		{7CCE658F-689B-C09A-91B4-AE427DE0F528}.Debug|Unix.ActiveCfg = Debug Unix|x64
		{7CCE658F-689B-C09A-91B4-AE427DE0F528}.Debug|Unix.Build.0 = Debug Unix|x64
		{7CCE658F-689B-C09A-91B4-AE427DE0F528}.Debug|Windows.ActiveCfg = Debug Windows|x64
		{7CCE658F-689B-C09A-91B4-AE427DE0F528}.Debug|Windows.Build.0 = Debug Windows|x64
		{7CCE658F-689B-C09A-91B4-AE427DE0F528}.Distribution|Mac.ActiveCfg = Distribution Mac|x64
		{7CCE658F-689B-C09A-91B4-AE427DE0F528}.Distribution|Mac.Build.0 = Distribution Mac|x64
		{7CCE658F-689B-C09A-91B4-AE427DE0F528}.Distribution|Unix.ActiveCfg = Distribution Unix|x64
		{7CCE658F-689B-C09A-91B4-AE427DE0F528}.Distribution|Unix.Build.0 = Distribution Unix|x64
		{7CCE658F-689B-C09A-91B4-AE427DE0F528}.Distribution|Windows.ActiveCfg = Distribution Windows|x64
		{7CCE658F-689B-C09A-91B4-AE427DE0F528}.Distribution|Windows.Build.0 = Distribution Windows|x64
		{7CCE658F-689B-C09A-91B4-AE427DE0F528}.Release|Mac.ActiveCfg = Release Mac|x64
		{7CCE658F-689B-C09A-91B4-AE427DE0F528}.Release|Mac.Build.0 = Release Mac|x64
		{7CCE658F-689B-C09A-91B4-AE427DE0F528}.Release|Unix.ActiveCfg = Release Unix|x64
		{7CCE658F-689B-C09A-91B4-AE427DE0F528}.Release|Unix.Build.0 = Release Unix|x64
		{7CCE658F-689B-C09A-91B4-AE427DE0F528}.Release|Windows.ActiveCfg = Release Windows|x64
		{7CCE658F-689B-C09A-91B4-AE427DE0F528}.Release|Windows.Build.0 = Release Windows|x64
		{A9F04386-95BD-9E91-BED6-8C39AA02D41F}.Debug|Mac.ActiveCfg = Debug Mac|x64
		{A9F04386-95BD-9E91-BED6-8C39AA02D41F}.Debug|Mac.Build.0 = Debug Mac|x64
		{A9F04386-95BD-9E91-BED6-8C39AA02D41F}.Debug|Unix.ActiveCfg = Debug Unix|x64
		{A9F04386-95BD-9E91-BED6-8C39AA02D41F}.Debug|Unix.Build.0 = Debug Unix|x64
		{A9F04386-95BD-9E91-BED6-8C39AA02D41F}.Debug|Windows.ActiveCfg = Debug Windows|x64
		{A9F04386-95BD-9E91-BED6-8C39AA02D41F}.Debug|Windows.Build.0 = Debug Windows|x64
		{A9F04386-95BD-9E91-BED6-8C39AA02D41F}.Distribution|Mac.ActiveCfg = Distribution Mac|x64
		{A9F04386-95BD-9E91-BED6-8C39AA02D41F}.Distribution|Mac.Build.0 = Distribution Mac|x64
		{A9F04386-95BD-9E91-BED6-8C39AA02D41F}.Distribution|Unix.ActiveCfg = Distribution Unix|x64
		{A9F04386-95BD-9E91-BED6-8C39AA02D41F}.Distribution|Unix.Build.0 = Distribution Unix|x64
		{A9F04386-95BD-9E91-BED6-8C39AA02D41F}.Distribution|Windows.ActiveCfg = Distribution Windows|x64
		{A9F04386-95BD-9E91-BED6-8C39AA02D41F}.Distribution|Windows.Build.0 = Distribution Windows|x64
		{A9F04386-95BD-9E91-BED6-8C39AA02D41F}.Release|Mac.ActiveCfg = Release Mac|x64
		{A9F04386-95BD-9E91-BED6-8C39AA02D41F}.Release|Mac.Build.0 = Release Mac|x64
		{A9F04386-95BD-9E91-BED6-8C39AA02D41F}.Release|Unix.ActiveCfg = Release Unix|x64
		{A9F04386-95BD-9E91-BED6-8C39AA02D41F}.Release|Unix.Build.0 = Release Unix|x64
		{A9F04386-95BD-9E91-BED6-8C39AA02D41F}.Release|Windows.ActiveCfg = Release Windows|x64
		{A9F04386-95BD-9E91-BED6-8C39AA02D41F}.Release|Windows.Build.0 = Release Windows|x64
		{16CF2D0E-82E3-55BF-4B65-F91EB73852F0}.Debug|Mac.ActiveCfg = Debug Mac|x64
		{16CF2D0E-82E3-55BF-4B65-F91EB73852F0}.Debug|Mac.Build.0 = Debug Mac|x64
		{16CF2D0E-82E3-55BF-4B65-F91EB73852F0}.Debug|Unix.ActiveCfg = Debug Unix|x64
		{16CF2D0E-82E3-55BF-4B65-F91EB73852F0}.Debug|Unix.Build.0 = Debug Unix|x64
		{16CF2D0E-82E3-55BF-4B65-F91EB73852F0}.Debug|Windows.ActiveCfg = Debug Windows|x64
		{16CF2D0E-82E3-55BF-4B65-F91EB73852F0}.Debug|Windows.Build.0 = Debug Windows|x64
		{16CF2D0E-82E3-55BF-4B65-F91EB73852F0}.Distribution|Mac.ActiveCfg = Distribution Mac|x64
		{16CF2D0E-82E3-55BF-4B65-F91EB73852F0}.Distribution|Mac.Build.0 = Distribution Mac|x64
		{16CF2D0E-82E3-55BF-4B65-F91EB73852F0}.Distribution|Unix.ActiveCfg = Distribution Unix|x64
		{16CF2D0E-82E3-55BF-4B65-F91EB73852F0}.Distribution|Unix.Build.0 = Distribution Unix|x64
		{16CF2D0E-82E3-55BF-4B65-F91EB73852F0}.Distribution|Windows.ActiveCfg = Distribution Windows|x64
		{16CF2D0E-82E3-55BF-4B65-F91EB73852F0}.Distribution|Windows.Build.0 = Distribution Windows|x64
		{16CF2D0E-82E3-55BF-4B65-F91EB73852F0}.Release|Mac.ActiveCfg = Release Mac|x64
		{16CF2D0E-82E3-55BF-4B65-F91EB73852F0}.Release|Mac.Build.0 = Release Mac|x64
		{16CF2D0E-82E3-55BF-4B65-F91EB73852F0}.Release|Unix.ActiveCfg = Release Unix|x64
		{16CF2D0E-82E3-55BF-4B65-F91EB73852F0}.Release|Unix.Build.0 = Release Unix|x64
		{16CF2D0E-82E3-55BF-4B65-F91EB73852F0}.Release|Windows.ActiveCfg = Release Windows|x64
		{16CF2D0E-82E3-55BF-4B65-F91EB73852F0}.Release|Windows.Build.0 = Release Windows|x64
		{B5552FC0-2116-ABF6-EA50-F47356D0EFD2}.Debug|Mac.ActiveCfg = Debug Mac|x64
		{B5552FC0-2116-ABF6-EA50-F47356D0EFD2}.Debug|Mac.Build.0 = Debug Mac|x64
		{B5552FC0-2116-ABF6-EA50-F47356D0EFD2}.Debug|Unix.ActiveCfg = Debug Unix|x64
		{B5552FC0-2116-ABF6-EA50-F47356D0EFD2}.Debug|Unix.Build.0 = Debug Unix|x64
		{B5552FC0-2116-ABF6-EA50-F47356D0EFD2}.Debug|Windows.ActiveCfg = Debug Windows|x64
		{B5552FC0-2116-ABF6-EA50-F47356D0EFD2}.Debug|Windows.Build.0 = Debug Windows|x64
		{B5552FC0-2116-ABF6-EA50-F47356D0EFD2}.Distribution|Mac.ActiveCfg = Distribution Mac|x64
		{B5552FC0-2116-ABF6-EA50-F47356D0EFD2}.Distribution|Mac.Build.0 = Distribution Mac|x64
		{B5552FC0-2116-ABF6-EA50-F47356D0EFD2}.Distribution|Unix.ActiveCfg = Distribution Unix|x64
		{B5552FC0-2116-ABF6-EA50-F47356D0EFD2}.Distribution|Unix.Build.0 = Distribution Unix|x64
		{B5552FC0-2116-ABF6-EA50-F47356D0EFD2}.Distribution|Windows.ActiveCfg = Distribution Windows|x64
		{B5552FC0-2116-ABF6-EA50-F47356D0EFD2}.Distribution|Windows.Build.0 = Distribution Windows|x64
		{B5552FC0-2116-ABF6-EA50-F47356D0EFD2}.Release|Mac.ActiveCfg = Release Mac|x64
		{B5552FC0-2116-ABF6-EA50-F47356D0EFD2}.Release|Mac.Build.0 = Release Mac|x64
		{B5552FC0-2116-ABF6-EA50-F47356D0EFD2}.Release|Unix.ActiveCfg = Release Unix|x64
		{B5552FC0-2116-ABF6-EA50-F47356D0EFD2}.Release|Unix.Build.0 = Release Unix|x64
		{B5552FC0-2116-ABF6-EA50-F47356D0EFD2}.Release|Windows.ActiveCfg = Release Windows|x64
		{B5552FC0-2116-ABF6-EA50-F47356D0EFD2}.Release|Windows.Build.0 = Release Windows|x64
		{B6684388-22D3-F7FE-6B11-A9A4D7BAD553}.Debug|Mac.ActiveCfg = Debug Mac|x64
		{B6684388-22D3-F7FE-6B11-A9A4D7BAD553}.Debug|Mac.Build.0 = Debug Mac|x64
		{B6684388-22D3-F7FE-6B11-A9A4D7BAD553}.Debug|Unix.ActiveCfg = Debug Unix|x64
		{B6684388-22D3-F7FE-6B11-A9A4D7BAD553}.Debug|Unix.Build.0 = Debug Unix|x64
		{B6684388-22D3-F7FE-6B11-A9A4D7BAD553}.Debug|Windows.ActiveCfg = Debug Windows|x64
		{B6684388-22D3-F7FE-6B11-A9A4D7BAD553}.Debug|Windows.Build.0 = Debug Windows|x64
		{B6684388-22D3-F7FE-6B11-A9A4D7BAD553}.Distribution|Mac.ActiveCfg = Distribution Mac|x64
		{B6684388-22D3-F7FE-6B11-A9A4D7BAD553}.Distribution|Mac.Build.0 = Distribution Mac|x64
		{B6684388-22D3-F7FE-6B11-A9A4D7BAD553}.Distribution|Unix.ActiveCfg = Distribution Unix|x64
		{B6684388-22D3-F7FE-6B11-A9A4D7BAD553}.Distribution|Unix.Build.0 = Distribution Unix|x64
		{B6684388-22D3-F7FE-6B11-A9A4D7BAD553}.Distribution|Windows.ActiveCfg = Distribution Windows|x64
		{B6684388-22D3-F7FE-6B11-A9A4D7BAD553}.Distribution|Windows.Build.0 = Distribution Windows|x64
		{B6684388-22D3-F7FE-6B11-A9A4D7BAD553}.Release|Mac.ActiveCfg = Release Mac|x64
		{B6684388-22D3-F7FE-6B11-A9A4D7BAD553}.Release|Mac.Build.0 = Release Mac|x64
		{B6684388-22D3-F7FE-6B11-A9A4D7BAD553}.Release|Unix.ActiveCfg = Release Unix|x64
		{B6684388-22D3-F7FE-6B11-A9A4D7BAD553}.Release|Unix.Build.0 = Release Unix|x64
		{B6684388-22D3-F7FE-6B11-A9A4D7BAD553}.Release|Windows.ActiveCfg = Release Windows|x64
		{B6684388-22D3-F7FE-6B11-A9A4D7BAD553}.Release|Windows.Build.0 = Release Windows|x64
		{3DEA79DA-298C-A4B0-1247-B804FE872B01}.Debug|Mac.ActiveCfg = Debug Mac|x64
		{3DEA79DA-298C-A4B0-1247-B804FE872B01}.Debug|Mac.Build.0 = Debug Mac|x64
		{3DEA79DA-298C-A4B0-1247-B804FE872B01}.Debug|Unix.ActiveCfg = Debug Unix|x64
		{3DEA79DA-298C-A4B0-1247-B804FE872B01}.Debug|Unix.Build.0 = Debug Unix|x64
		{3DEA79DA-298C-A4B0-1247-B804FE872B01}.Debug|Windows.ActiveCfg = Debug Windows|x64
		{3DEA79DA-298C-A4B0-1247-B804FE872B01}.Debug|Windows.Build.0 = Debug Windows|x64
		{3DEA79DA-298C-A4B0-1247-B804FE872B01}.Distribution|Mac.ActiveCfg = Distribution Mac|x64
		{3DEA79DA-298C-A4B0-1247-B804FE872B01}.Distribution|Mac.Build.0 = Distribution Mac|x64
		{3DEA79DA-298C-A4B0-1247-B804FE872B01}.Distribution|Unix.ActiveCfg = Distribution Unix|x64
		{3DEA79DA-298C-A4B0-1247-B804FE872B01}.Distribution|Unix.Build.0 = Distribution Unix|x64
		{3DEA79DA-298C-A4B0-1247-B804FE872B01}.Distribution|Windows.ActiveCfg = Distribution Windows|x64
		{3DEA79DA-298C-A4B0-1247-B804FE872B01}.Distribution|Windows.Build.0 = Distribution Windows|x64
		{3DEA79DA-298C-A4B0-1247-B804FE872B01}.Release|Mac.ActiveCfg = Release Mac|x64
		{3DEA79DA-298C-A4B0-1247-B804FE872B01}.Release|Mac.Build.0 = Release Mac|x64
		{3DEA79DA-298C-A4B0-1247-B804FE872B01}.Release|Unix.ActiveCfg = Release Unix|x64
		{3DEA79DA-298C-A4B0-1247-B804FE872B01}.Release|Unix.Build.0 = Release Unix|x64
		{3DEA79DA-298C-A4B0-1247-B804FE872B01}.Release|Windows.ActiveCfg = Release Windows|x64
		{3DEA79DA-298C-A4B0-1247-B804FE872B01}.Release|Windows.Build.0 = Release Windows|x64
		{BF92744A-ABF5-03EF-547B-3CA540BDCF71}.Debug|Mac.ActiveCfg = Debug Mac|x64
		{BF92744A-ABF5-03EF-547B-3CA540BDCF71}.Debug|Mac.Build.0 = Debug Mac|x64
		{BF92744A-ABF5-03EF-547B-3CA540BDCF71}.Debug|Unix.ActiveCfg = Debug Unix|x64
		{BF92744A-ABF5-03EF-547B-3CA540BDCF71}.Debug|Unix.Build.0 = Debug Unix|x64
		{BF92744A-ABF5-03EF-547B-3CA540BDCF71}.Debug|Windows.ActiveCfg = Debug Windows|x64
		{BF92744A-ABF5-03EF-547B-3CA540BDCF71}.Debug|Windows.Build.0 = Debug Windows|x64
		{BF92744A-ABF5-03EF-547B-3CA540BDCF71}.Distribution|Mac.ActiveCfg = Distribution Mac|x64
		{BF92744A-ABF5-03EF-547B-3CA540BDCF71}.Distribution|Mac.Build.0 = Distribution Mac|x64
		{BF92744A-ABF5-03EF-547B-3CA540BDCF71}.Distribution|Unix.ActiveCfg = Distribution Unix|x64
		{BF92744A-ABF5-03EF-547B-3CA540BDCF71}.Distribution|Unix.Build.0 = Distribution Unix|x64
		{BF92744A-ABF5-03EF-547B-3CA540BDCF71}.Distribution|Windows.ActiveCfg = Distribution Windows|x64
		{BF92744A-ABF5-03EF-547B-3CA540BDCF71}.Distribution|Windows.Build.0 = Distribution Windows|x64
		{BF92744A-ABF5-03EF-547B-3CA540BDCF71}.Release|Mac.ActiveCfg = Release Mac|x64
		{BF92744A-ABF5-03EF-547B-3CA540BDCF71}.Release|Mac.Build.0 = Release Mac|x64
		{BF92744A-ABF5-03EF-547B-3CA540BDCF71}.Release|Unix.ActiveCfg = Release Unix|x64
		{BF92744A-ABF5-03EF-547B-3CA540BDCF71}.Release|Unix.Build.0 = Release Unix|x64
		{BF92744A-ABF5-03EF-547B-3CA540BDCF71}.Release|Windows.ActiveCfg = Release Windows|x64
		{BF92744A-ABF5-03EF-547B-3CA540BDCF71}.Release|Windows.Build.0 = Release Windows|x64
		{AC8E76BE-985C-6AC4-81F0-DAEA6D5D4629}.Debug|Mac.ActiveCfg = Debug Mac|x64
		{AC8E76BE-985C-6AC4-81F0-DAEA6D5D4629}.Debug|Mac.Build.0 = Debug Mac|x64
		{AC8E76BE-985C-6AC4-81F0-DAEA6D5D4629}.Debug|Unix.ActiveCfg = Debug Unix|x64
		{AC8E76BE-985C-6AC4-81F0-DAEA6D5D4629}.Debug|Unix.Build.0 = Debug Unix|x64
		{AC8E76BE-985C-6AC4-81F0-DAEA6D5D4629}.Debug|Windows.ActiveCfg = Debug Windows|x64
		{AC8E76BE-985C-6AC4-81F0-DAEA6D5D4629}.Debug|Windows.Build.0 = Debug Windows|x64
		{AC8E76BE-985C-6AC4-81F0-DAEA6D5D4629}.Distribution|Mac.ActiveCfg = Distribution Mac|x64
		{AC8E76BE-985C-6AC4-81F0-DAEA6D5D4629}.Distribution|Mac.Build.0 = Distribution Mac|x64
		{AC8E76BE-985C-6AC4-81F0-DAEA6D5D4629}.Distribution|Unix.ActiveCfg = Distribution Unix|x64
		{AC8E76BE-985C-6AC4-81F0-DAEA6D5D4629}.Distribution|Unix.Build.0 = Distribution Unix|x64
		{AC8E76BE-985C-6AC4-81F0-DAEA6D5D4629}.Distribution|Windows.ActiveCfg = Distribution Windows|x64
		{AC8E76BE-985C-6AC4-81F0-DAEA6D5D4629}.Distribution|Windows.Build.0 = Distribution Windows|x64
		{AC8E76BE-985C-6AC4-81F0-DAEA6D5D4629}.Release|Mac.ActiveCfg = Release Mac|x64
		{AC8E76BE-985C-6AC4-81F0-DAEA6D5D4629}.Release|Mac.Build.0 = Release Mac|x64
		{AC8E76BE-985C-6AC4-81F0-DAEA6D5D4629}.Release|Unix.ActiveCfg = Release Unix|x64
		{AC8E76BE-985C-6AC4-81F0-DAEA6D5D4629}.Release|Unix.Build.0 = Release Unix|x64
		{AC8E76BE-985C-6AC4-81F0-DAEA6D5D4629}.Release|Windows.ActiveCfg = Release Windows|x64
		{AC8E76BE-985C-6AC4-81F0-DAEA6D5D4629}.Release|Windows.Build.0 = Release Windows|x64
		{A88D2DBA-942F-5890-7DEA-6BE4692BDFE0}.Debug|Mac.ActiveCfg = Debug Mac|x64
		{A88D2DBA-942F-5890-7DEA-6BE4692BDFE0}.Debug|Mac.Build.0 = Debug Mac|x64
		{A88D2DBA-942F-5890-7DEA-6BE4692BDFE0}.Debug|Unix.ActiveCfg = Debug Unix|x64
		{A88D2DBA-942F-5890-7DEA-6BE4692BDFE0}.Debug|Unix.Build.0 = Debug Unix|x64
		{A88D2DBA-942F-5890-7DEA-6BE4692BDFE0}.Debug|Windows.ActiveCfg = Debug Windows|x64
		{A88D2DBA-942F-5890-7DEA-6BE4692BDFE0}.Debug|Windows.Build.0 = Debug Windows|x64
		{A88D2DBA-942F-5890-7DEA-6BE4692BDFE0}.Distribution|Mac.ActiveCfg = Distribution Mac|x64
		{A88D2DBA-942F-5890-7DEA-6BE4692BDFE0}.Distribution|Mac.Build.0 = Distribution Mac|x64
		{A88D2DBA-942F-5890-7DEA-6BE4692BDFE0}.Distribution|Unix.ActiveCfg = Distribution Unix|x64
		{A88D2DBA-942F-5890-7DEA-6BE4692BDFE0}.Distribution|Unix.Build.0 = Distribution Unix|x64
		{A88D2DBA-942F-5890-7DEA-6BE4692BDFE0}.Distribution|Windows.ActiveCfg = Distribution Windows|x64
		{A88D2DBA-942F-5890-7DEA-6BE4692BDFE0}.Distribution|Windows.Build.0 = Distribution Windows|x64
		{A88D2DBA-942F-5890-7DEA-6BE4692BDFE0}.Release|Mac.ActiveCfg = Release Mac|x64
		{A88D2DBA-942F-5890-7DEA-6BE4692BDFE0}.Release|Mac.Build.0 = Release Mac|x64
		{A88D2DBA-942F-5890-7DEA-6BE4692BDFE0}.Release|Unix.ActiveCfg = Release Unix|x64
		{A88D2DBA-942F-5890-7DEA-6BE4692BDFE0}.Release|Unix.Build.0 = Release Unix|x64
		{A88D2DBA-942F-5890-7DEA-6BE4692BDFE0}.Release|Windows.ActiveCfg = Release Windows|x64
		{A88D2DBA-942F-5890-7DEA-6BE4692BDFE0}.Release|Windows.Build.0 = Release Windows|x64
		{6DC42202-5927-B2A6-02AD-EA5CEEEE7D29}.Debug|Mac.ActiveCfg = Debug Mac|x64
		{6DC42202-5927-B2A6-02AD-EA5CEEEE7D29}.Debug|Mac.Build.0 = Debug Mac|x64
		{6DC42202-5927-B2A6-02AD-EA5CEEEE7D29}.Debug|Unix.ActiveCfg = Debug Unix|x64
		{6DC42202-5927-B2A6-02AD-EA5CEEEE7D29}.Debug|Unix.Build.0 = Debug Unix|x64
		{6DC42202-5927-B2A6-02AD-EA5CEEEE7D29}.Debug|Windows.ActiveCfg = Debug Windows|x64
		{6DC42202-5927-B2A6-02AD-EA5CEEEE7D29}.Debug|Windows.Build.0 = Debug Windows|x64
		{6DC42202-5927-B2A6-02AD-EA5CEEEE7D29}.Distribution|Mac.ActiveCfg = Distribution Mac|x64
		{6DC42202-5927-B2A6-02AD-EA5CEEEE7D29}.Distribution|Mac.Build.0 = Distribution Mac|x64
		{6DC42202-5927-B2A6-02AD-EA5CEEEE7D29}.Distribution|Unix.ActiveCfg = Distribution Unix|x64
		{6DC42202-5927-B2A6-02AD-EA5CEEEE7D29}.Distribution|Unix.Build.0 = Distribution Unix|x64
		{6DC42202-5927-B2A6-02AD-EA5CEEEE7D29}.Distribution|Windows.ActiveCfg = Distribution Windows|x64
		{6DC42202-5927-B2A6-02AD-EA5CEEEE7D29}.Distribution|Windows.Build.0 = Distribution Windows|x64
		{6DC42202-5927-B2A6-02AD-EA5CEEEE7D29}.Release|Mac.ActiveCfg = Release Mac|x64
		{6DC42202-5927-B2A6-02AD-EA5CEEEE7D29}.Release|Mac.Build.0 = Release Mac|x64
		{6DC42202-5927-B2A6-02AD-EA5CEEEE7D29}.Release|Unix.ActiveCfg = Release Unix|x64
		{6DC42202-5927-B2A6-02AD-EA5CEEEE7D29}.Release|Unix.Build.0 = Release Unix|x64
		{6DC42202-5927-B2A6-02AD-EA5CEEEE7D29}.Release|Windows.ActiveCfg = Release Windows|x64
		{6DC42202-5927-B2A6-02AD-EA5CEEEE7D29}.Release|Windows.Build.0 = Release Windows|x64
		{7E8F1DD3-EA4F-9909-B38A-E2861F0ADEE5}.Debug|Mac.ActiveCfg = Debug Mac|x64
		{7E8F1DD3-EA4F-9909-B38A-E2861F0ADEE5}.Debug|Mac.Build.0 = Debug Mac|x64
		{7E8F1DD3-EA4F-9909-B38A-E2861F0ADEE5}.Debug|Unix.ActiveCfg = Debug Unix|x64
		{7E8F1DD3-EA4F-9909-B38A-E2861F0ADEE5}.Debug|Unix.Build.0 = Debug Unix|x64
		{7E8F1DD3-EA4F-9909-B38A-E2861F0ADEE5}.Debug|Windows.ActiveCfg = Debug Windows|x64
		{7E8F1DD3-EA4F-9909-B38A-E2861F0ADEE5}.Debug|Windows.Build.0 = Debug Windows|x64
		{7E8F1DD3-EA4F-9909-B38A-E2861F0ADEE5}.Distribution|Mac.ActiveCfg = Distribution Mac|x64
		{7E8F1DD3-EA4F-9909-B38A-E2861F0ADEE5}.Distribution|Mac.Build.0 = Distribution Mac|x64
		{7E8F1DD3-EA4F-9909-B38A-E2861F0ADEE5}.Distribution|Unix.ActiveCfg = Distribution Unix|x64
		{7E8F1DD3-EA4F-9909-B38A-E2861F0ADEE5}.Distribution|Unix.Build.0 = Distribution Unix|x64
		{7E8F1DD3-EA4F-9909-B38A-E2861F0ADEE5}.Distribution|Windows.ActiveCfg = Distribution Windows|x64
		{7E8F1DD3-EA4F-9909-B38A-E2861F0ADEE5}.Distribution|Windows.Build.0 = Distribution Windows|x64
		{7E8F1DD3-EA4F-9909-B38A-E2861F0ADEE5}.Release|Mac.ActiveCfg = Release Mac|x64
		{7E8F1DD3-EA4F-9909-B38A-E2861F0ADEE5}.Release|Mac.Build.0 = Release Mac|x64
		{7E8F1DD3-EA4F-9909-B38A-E2861F0ADEE5}.Release|Unix.ActiveCfg = Release Unix|x64
		{7E8F1DD3-EA4F-9909-B38A-E2861F0ADEE5}.Release|Unix.Build.0 = Release Unix|x64
		{7E8F1DD3-EA4F-9909-B38A-E2861F0ADEE5}.Release|Windows.ActiveCfg = Release Windows|x64
		{7E8F1DD3-EA4F-9909-B38A-E2861F0ADEE5}.Release|Windows.Build.0 = Release Windows|x64
		{D9DE78AF-4594-F1A4-CE88-EB7B3A3DE8A8}.Debug|Mac.ActiveCfg = Debug Mac|x64
		{D9DE78AF-4594-F1A4-CE88-EB7B3A3DE8A8}.Debug|Mac.Build.0 = Debug Mac|x64
		{D9DE78AF-4594-F1A4-CE88-EB7B3A3DE8A8}.Debug|Unix.ActiveCfg = Debug Unix|x64
		{D9DE78AF-4594-F1A4-CE88-EB7B3A3DE8A8}.Debug|Unix.Build.0 = Debug Unix|x64
		{D9DE78AF-4594-F1A4-CE88-EB7B3A3DE8A8}.Debug|Windows.ActiveCfg = Debug Windows|x64
		{D9DE78AF-4594-F1A4-CE88-EB7B3A3DE8A8}.Debug|Windows.Build.0 = Debug Windows|x64
		{D9DE78AF-4594-F1A4-CE88-EB7B3A3DE8A8}.Distribution|Mac.ActiveCfg = Distribution Mac|x64
		{D9DE78AF-4594-F1A4-CE88-EB7B3A3DE8A8}.Distribution|Mac.Build.0 = Distribution Mac|x64
		{D9DE78AF-4594-F1A4-CE88-EB7B3A3DE8A8}.Distribution|Unix.ActiveCfg = Distribution Unix|x64
		{D9DE78AF-4594-F1A4-CE88-EB7B3A3DE8A8}.Distribution|Unix.Build.0 = Distribution Unix|x64
		{D9DE78AF-4594-F1A4-CE88-EB7B3A3DE8A8}.Distribution|Windows.ActiveCfg = Distribution Windows|x64
		{D9DE78AF-4594-F1A4-CE88-EB7B3A3DE8A8}.Distribution|Windows.Build.0 = Distribution Windows|x64
		{D9DE78AF-4594-F1A4-CE88-EB7B3A3DE8A8}.Release|Mac.ActiveCfg = Release Mac|x64
		{D9DE78AF-4594-F1A4-CE88-EB7B3A3DE8A8}.Release|Mac.Build.0 = Release Mac|x64
		{D9DE78AF-4594-F1A4-CE88-EB7B3A3DE8A8}.Release|Unix.ActiveCfg = Release Unix|x64
		{D9DE78AF-4594-F1A4-CE88-EB7B3A3DE8A8}.Release|Unix.Build.0 = Release Unix|x64
		{D9DE78AF-4594-F1A4-CE88-EB7B3A3DE8A8}.Release|Windows.ActiveCfg = Release Windows|x64
		{D9DE78AF-4594-F1A4-CE88-EB7B3A3DE8A8}.Release|Windows.Build.0 = Release Windows|x64
		{50E03632-BC4A-EBA8-0589-9C4E7132C9FD}.Debug|Mac.ActiveCfg = Debug Mac|x64
		{50E03632-BC4A-EBA8-0589-9C4E7132C9FD}.Debug|Mac.Build.0 = Debug Mac|x64
		{50E03632-BC4A-EBA8-0589-9C4E7132C9FD}.Debug|Unix.ActiveCfg = Debug Unix|x64
		{50E03632-BC4A-EBA8-0589-9C4E7132C9FD}.Debug|Unix.Build.0 = Debug Unix|x64
		{50E03632-BC4A-EBA8-0589-9C4E7132C9FD}.Debug|Windows.ActiveCfg = Debug Windows|x64
		{50E03632-BC4A-EBA8-0589-9C4E7132C9FD}.Debug|Windows.Build.0 = Debug Windows|x64
		{50E03632-BC4A-EBA8-0589-9C4E7132C9FD}.Distribution|Mac.ActiveCfg = Distribution Mac|x64
		{50E03632-BC4A-EBA8-0589-9C4E7132C9FD}.Distribution|Mac.Build.0 = Distribution Mac|x64
		{50E03632-BC4A-EBA8-0589-9C4E7132C9FD}.Distribution|Unix.ActiveCfg = Distribution Unix|x64
		{50E03632-BC4A-EBA8-0589-9C4E7132C9FD}.Distribution|Unix.Build.0 = Distribution Unix|x64
		{50E03632-BC4A-EBA8-0589-9C4E7132C9FD}.Distribution|Windows.ActiveCfg = Distribution Windows|x64
		{50E03632-BC4A-EBA8-0589-9C4E7132C9FD}.Distribution|Windows.Build.0 = Distribution Windows|x64
		{50E03632-BC4A-EBA8-0589-9C4E7132C9FD}.Release|Mac.ActiveCfg = Release Mac|x64
		{50E03632-BC4A-EBA8-0589-9C4E7132C9FD}.Release|Mac.Build.0 = Release Mac|x64
		{50E03632-BC4A-EBA8-0589-9C4E7132C9FD}.Release|Unix.ActiveCfg = Release Unix|x64
		{50E03632-BC4A-EBA8-0589-9C4E7132C9FD}.Release|Unix.Build.0 = Release Unix|x64
		{50E03632-BC4A-EBA8-0589-9C4E7132C9FD}.Release|Windows.ActiveCfg = Release Windows|x64
		{50E03632-BC4A-EBA8-0589-9C4E7132C9FD}.Release|Windows.Build.0 = Release Windows|x64
		{C0FF640D-2C14-8DBE-F595-301E616989EF}.Debug|Mac.ActiveCfg = Debug Mac|x64
		{C0FF640D-2C14-8DBE-F595-301E616989EF}.Debug|Mac.Build.0 = Debug Mac|x64
		{C0FF640D-2C14-8DBE-F595-301E616989EF}.Debug|Unix.ActiveCfg = Debug Unix|x64
		{C0FF640D-2C14-8DBE-F595-301E616989EF}.Debug|Unix.Build.0 = Debug Unix|x64
		{C0FF640D-2C14-8DBE-F595-301E616989EF}.Debug|Windows.ActiveCfg = Debug Windows|x64
		{C0FF640D-2C14-8DBE-F595-301E616989EF}.Debug|Windows.Build.0 = Debug Windows|x64
		{C0FF640D-2C14-8DBE-F595-301E616989EF}.Distribution|Mac.ActiveCfg = Distribution Mac|x64
		{C0FF640D-2C14-8DBE-F595-301E616989EF}.Distribution|Mac.Build.0 = Distribution Mac|x64
		{C0FF640D-2C14-8DBE-F595-301E616989EF}.Distribution|Unix.ActiveCfg = Distribution Unix|x64
		{C0FF640D-2C14-8DBE-F595-301E616989EF}.Distribution|Unix.Build.0 = Distribution Unix|x64
		{C0FF640D-2C14-8DBE-F595-301E616989EF}.Distribution|Windows.ActiveCfg = Distribution Windows|x64
		{C0FF640D-2C14-8DBE-F595-301E616989EF}.Distribution|Windows.Build.0 = Distribution Windows|x64
		{C0FF640D-2C14-8DBE-F595-301E616989EF}.Release|Mac.ActiveCfg = Release Mac|x64
		{C0FF640D-2C14-8DBE-F595-301E616989EF}.Release|Mac.Build.0 = Release Mac|x64
		{C0FF640D-2C14-8DBE-F595-301E616989EF}.Release|Unix.ActiveCfg = Release Unix|x64
		{C0FF640D-2C14-8DBE-F595-301E616989EF}.Release|Unix.Build.0 = Release Unix|x64
		{C0FF640D-2C14-8DBE-F595-301E616989EF}.Release|Windows.ActiveCfg = Release Windows|x64
		{C0FF640D-2C14-8DBE-F595-301E616989EF}.Release|Windows.Build.0 = Release Windows|x64
		{30B15D9A-9C66-D68F-255B-D066910FCD93}.Debug|Mac.ActiveCfg = Debug Mac|x64
		{30B15D9A-9C66-D68F-255B-D066910FCD93}.Debug|Mac.Build.0 = Debug Mac|x64
		{30B15D9A-9C66-D68F-255B-D066910FCD93}.Debug|Unix.ActiveCfg = Debug Unix|x64
		{30B15D9A-9C66-D68F-255B-D066910FCD93}.Debug|Unix.Build.0 = Debug Unix|x64
		{30B15D9A-9C66-D68F-255B-D066910FCD93}.Debug|Windows.ActiveCfg = Debug Windows|x64
		{30B15D9A-9C66-D68F-255B-D066910FCD93}.Debug|Windows.Build.0 = Debug Windows|x64
		{30B15D9A-9C66-D68F-255B-D066910FCD93}.Distribution|Mac.ActiveCfg = Distribution Mac|x64
		{30B15D9A-9C66-D68F-255B-D066910FCD93}.Distribution|Mac.Build.0 = Distribution Mac|x64
		{30B15D9A-9C66-D68F-255B-D066910FCD93}.Distribution|Unix.ActiveCfg = Distribution Unix|x64
		{30B15D9A-9C66-D68F-255B-D066910FCD93}.Distribution|Unix.Build.0 = Distribution Unix|x64
		{30B15D9A-9C66-D68F-255B-D066910FCD93}.Distribution|Windows.ActiveCfg = Distribution Windows|x64
		{30B15D9A-9C66-D68F-255B-D066910FCD93}.Distribution|Windows.Build.0 = Distribution Windows|x64
		{30B15D9A-9C66-D68F-255B-D066910FCD93}.Release|Mac.ActiveCfg = Release Mac|x64
		{30B15D9A-9C66-D68F-255B-D066910FCD93}.Release|Mac.Build.0 = Release Mac|x64
		{30B15D9A-9C66-D68F-255B-D066910FCD93}.Release|Unix.ActiveCfg = Release Unix|x64
		{30B15D9A-9C66-D68F-255B-D066910FCD93}.Release|Unix.Build.0 = Release Unix|x64
		{30B15D9A-9C66-D68F-255B-D066910FCD93}.Release|Windows.ActiveCfg = Release Windows|x64
		{30B15D9A-9C66-D68F-255B-D066910FCD93}.Release|Windows.Build.0 = Release Windows|x64
	EndGlobalSection
	GlobalSection(SolutionProperties) = preSolution
		HideSolutionNode = FALSE
	EndGlobalSection
	GlobalSection(NestedProjects) = preSolution
		{859E00A2-F108-B518-3A47-66BEA6F0926D} = {8249BEE1-6EAC-4D86-1732-863C03741909}
		{2EB4837C-1AEB-840D-C3D7-6A10AFED000F} = {8249BEE1-6EAC-4D86-1732-863C03741909}
		{DBC7D3B0-C769-FE86-B024-12DB9C6585D7} = {8249BEE1-6EAC-4D86-1732-863C03741909}
		{3A8963B1-262B-8E87-0FE6-A1DBFB2615D8} = {8249BEE1-6EAC-4D86-1732-863C03741909}
		{54687B15-C01D-F40A-4912-EEE1B5C6EA0E} = {8249BEE1-6EAC-4D86-1732-863C03741909}
		{D7C05FAE-C38D-BAB9-ECA6-A861D8D2EF47} = {8249BEE1-6EAC-4D86-1732-863C03741909}
		{B34CFEBD-9F19-59C9-C832-4771B45E8E57} = {8249BEE1-6EAC-4D86-1732-863C03741909}
		{7CCE658F-689B-C09A-91B4-AE427DE0F528} = {8249BEE1-6EAC-4D86-1732-863C03741909}
		{A9F04386-95BD-9E91-BED6-8C39AA02D41F} = {8249BEE1-6EAC-4D86-1732-863C03741909}
		{16CF2D0E-82E3-55BF-4B65-F91EB73852F0} = {8249BEE1-6EAC-4D86-1732-863C03741909}
		{B5552FC0-2116-ABF6-EA50-F47356D0EFD2} = {8249BEE1-6EAC-4D86-1732-863C03741909}
		{B6684388-22D3-F7FE-6B11-A9A4D7BAD553} = {8249BEE1-6EAC-4D86-1732-863C03741909}
		{3DEA79DA-298C-A4B0-1247-B804FE872B01} = {8249BEE1-6EAC-4D86-1732-863C03741909}
		{BF92744A-ABF5-03EF-547B-3CA540BDCF71} = {D98292DB-45EF-4DD6-0EE3-E5337A0E703E}
		{AC8E76BE-985C-6AC4-81F0-DAEA6D5D4629} = {D98292DB-45EF-4DD6-0EE3-E5337A0E703E}
		{A88D2DBA-942F-5890-7DEA-6BE4692BDFE0} = {D98292DB-45EF-4DD6-0EE3-E5337A0E703E}
		{19C6DA87-85D3-086E-0EBA-04597AC6D424} = {D98292DB-45EF-4DD6-0EE3-E5337A0E703E}
		{6DC42202-5927-B2A6-02AD-EA5CEEEE7D29} = {19C6DA87-85D3-086E-0EBA-04597AC6D424}
		{7E8F1DD3-EA4F-9909-B38A-E2861F0ADEE5} = {D98292DB-45EF-4DD6-0EE3-E5337A0E703E}
		{D9DE78AF-4594-F1A4-CE88-EB7B3A3DE8A8} = {C4ACDA02-B00F-6AA7-5995-A25D45D7352A}
		{50E03632-BC4A-EBA8-0589-9C4E7132C9FD} = {1FCE6517-8B83-DE0C-1478-D8E3802CD510}
		{C0FF640D-2C14-8DBE-F595-301E616989EF} = {379BEF72-A3B1-ED08-EC28-792A587EBE90}
		{30B15D9A-9C66-D68F-255B-D066910FCD93} = {379BEF72-A3B1-ED08-EC28-792A587EBE90}
	EndGlobalSection
EndGlobal
