<?xml version="1.0" encoding="utf-8"?>
<Project ToolsVersion="4.0" xmlns="http://schemas.microsoft.com/developer/msbuild/2003">
  <ItemGroup>
    <Filter Include="Asset">
      <UniqueIdentifier>{253FD80C-9153-00BE-5AD5-A31DC6A8FCEE}</UniqueIdentifier>
    </Filter>
    <Filter Include="Dynamik">
      <UniqueIdentifier>{928A7598-FE69-F433-0782-7F0A73E05A95}</UniqueIdentifier>
    </Filter>
    <Filter Include="Dynamik\DAI">
      <UniqueIdentifier>{4F739796-BB28-108C-441D-0A63B0D10690}</UniqueIdentifier>
    </Filter>
    <Filter Include="Dynamik\DMKAsset">
      <UniqueIdentifier>{FD45BDEB-E93E-DC3D-1271-C1C2FEC8BB49}</UniqueIdentifier>
    </Filter>
  </ItemGroup>
  <ItemGroup>
    <ClInclude Include="Asset\MeshImporter.h">
      <Filter>Asset</Filter>
    </ClInclude>
    <ClInclude Include="Dynamik\DAI\DAIObject.h">
      <Filter>Dynamik\DAI</Filter>
    </ClInclude>
    <ClInclude Include="Dynamik\DMKAsset\DMKAsset.h">
      <Filter>Dynamik\DMKAsset</Filter>
    </ClInclude>
  </ItemGroup>
  <ItemGroup>
    <ClCompile Include="Asset\MeshImporter.cpp">
      <Filter>Asset</Filter>
    </ClCompile>
    <ClCompile Include="Dynamik\DAI\DAIObject.cpp">
      <Filter>Dynamik\DAI</Filter>
    </ClCompile>
    <ClCompile Include="Dynamik\DMKAsset\DMKAsset.cpp">
      <Filter>Dynamik\DMKAsset</Filter>
    </ClCompile>
  </ItemGroup>
  <ItemGroup>
    <None Include="Importer.lua" />
  </ItemGroup>
</Project>