<?xml version="1.0" encoding="utf-8"?>
<Project ToolsVersion="4.0" xmlns="http://schemas.microsoft.com/developer/msbuild/2003">
  <ItemGroup>
    <Filter Include="Core">
      <UniqueIdentifier>{2EB4837C-1AEB-840D-C3D7-6A10AFED000F}</UniqueIdentifier>
    </Filter>
    <Filter Include="Core\Error">
      <UniqueIdentifier>{E72535CD-D3DD-761A-3CE5-4F7628BC110B}</UniqueIdentifier>
    </Filter>
    <Filter Include="Core\FileSystem">
      <UniqueIdentifier>{82DDE3E0-EE68-51A5-F779-D4996384ADA5}</UniqueIdentifier>
    </Filter>
    <Filter Include="Core\Macros">
      <UniqueIdentifier>{625A4785-CE0F-C07A-5704-BA51C3B8B67E}</UniqueIdentifier>
    </Filter>
    <Filter Include="Core\Math">
      <UniqueIdentifier>{C7E5BF15-3350-748C-7C8E-2532E83752E1}</UniqueIdentifier>
    </Filter>
    <Filter Include="Core\Math\SIMD">
      <UniqueIdentifier>{03DE2A86-EFAB-1E8C-D83F-8FB2C4ACFAF0}</UniqueIdentifier>
    </Filter>
    <Filter Include="Core\Memory">
      <UniqueIdentifier>{D62B9585-42E1-0D7B-CBD5-0752378A047F}</UniqueIdentifier>
    </Filter>
    <Filter Include="Core\Object">
      <UniqueIdentifier>{F461078A-6017-807F-E90B-7A5655C07683}</UniqueIdentifier>
    </Filter>
    <Filter Include="Core\Object\Components">
      <UniqueIdentifier>{89A62A13-75A0-5365-5E0D-EA754AA6B9D1}</UniqueIdentifier>
    </Filter>
    <Filter Include="Core\Object\Descriptors">
      <UniqueIdentifier>{3586146D-A1BD-5C04-AAC7-C027167E83FD}</UniqueIdentifier>
    </Filter>
    <Filter Include="Core\Object\Resource">
      <UniqueIdentifier>{8BB6FB1F-7745-85E9-2064-99E40CD2958F}</UniqueIdentifier>
    </Filter>
    <Filter Include="Core\Object\Resource\MeshComponents">
      <UniqueIdentifier>{0DF675F5-79AF-E09F-020F-FB796EC7960F}</UniqueIdentifier>
    </Filter>
    <Filter Include="Core\PCH">
      <UniqueIdentifier>{383E99C2-240B-F4CD-4D24-E2753950295C}</UniqueIdentifier>
    </Filter>
    <Filter Include="Core\Types">
      <UniqueIdentifier>{526248CE-3E1A-8A1B-A721-637793F8240C}</UniqueIdentifier>
    </Filter>
    <Filter Include="Core\Utilities">
      <UniqueIdentifier>{196AB171-0538-A577-EECB-159EDA3881DC}</UniqueIdentifier>
    </Filter>
    <Filter Include="GameLibrary">
      <UniqueIdentifier>{54687B15-C01D-F40A-4912-EEE1B5C6EA0E}</UniqueIdentifier>
    </Filter>
    <Filter Include="GameLibrary\Attachments">
      <UniqueIdentifier>{DF05A987-4B3D-F11E-5447-5542C0FD1718}</UniqueIdentifier>
    </Filter>
    <Filter Include="GameLibrary\GameObjects">
      <UniqueIdentifier>{4791EACA-B3C8-3262-BCD2-96852889595B}</UniqueIdentifier>
    </Filter>
    <Filter Include="Importer">
      <UniqueIdentifier>{D7C05FAE-C38D-BAB9-ECA6-A861D8D2EF47}</UniqueIdentifier>
    </Filter>
    <Filter Include="Importer\Asset">
      <UniqueIdentifier>{A67AD47F-9248-C885-7BDC-38AC6749A4EA}</UniqueIdentifier>
    </Filter>
    <Filter Include="Importer\Dynamik">
      <UniqueIdentifier>{53AA6EBB-3FA3-8D0D-68D5-7292542D6D19}</UniqueIdentifier>
    </Filter>
    <Filter Include="Importer\Dynamik\DAI">
      <UniqueIdentifier>{908BACCC-7C1A-3696-2539-4A9111A7463C}</UniqueIdentifier>
    </Filter>
    <Filter Include="Importer\Dynamik\DMKAsset">
      <UniqueIdentifier>{DEAE60CA-4A71-9454-9321-23E1FF226D32}</UniqueIdentifier>
    </Filter>
    <Filter Include="Managers">
      <UniqueIdentifier>{B34CFEBD-9F19-59C9-C832-4771B45E8E57}</UniqueIdentifier>
    </Filter>
    <Filter Include="Managers\Thread">
      <UniqueIdentifier>{BA53F5FE-26DF-62C3-2FF0-E5B79BFABEC3}</UniqueIdentifier>
    </Filter>
    <Filter Include="Managers\Window">
      <UniqueIdentifier>{3AB20406-A63D-72CA-AF4E-F5BE1B59CECA}</UniqueIdentifier>
    </Filter>
    <Filter Include="Managers\Window\Event">
      <UniqueIdentifier>{0B77B95A-77E3-7455-40D7-0CB3AC0297BD}</UniqueIdentifier>
    </Filter>
    <Filter Include="Managers\Window\Windows">
      <UniqueIdentifier>{74F6D53A-E02D-1ED2-E937-82F555EE44CB}</UniqueIdentifier>
    </Filter>
    <Filter Include="Systems">
      <UniqueIdentifier>{1DDE831B-89BD-02B7-92D5-8D8DFE336918}</UniqueIdentifier>
    </Filter>
    <Filter Include="Systems\Attachment">
      <UniqueIdentifier>{15AE710C-0192-3262-6AF2-2CB556F51CE4}</UniqueIdentifier>
    </Filter>
  </ItemGroup>
  <ItemGroup>
    <ClInclude Include="Core\Error\ErrorDefines.h">
      <Filter>Core\Error</Filter>
    </ClInclude>
    <ClInclude Include="Core\Error\ErrorManager.h">
      <Filter>Core\Error</Filter>
    </ClInclude>
    <ClInclude Include="Core\Error\MessageBox.h">
      <Filter>Core\Error</Filter>
    </ClInclude>
    <ClInclude Include="Core\FileSystem\FileSystem.h">
      <Filter>Core\FileSystem</Filter>
    </ClInclude>
    <ClInclude Include="Core\Macros\Assert.h">
      <Filter>Core\Macros</Filter>
    </ClInclude>
    <ClInclude Include="Core\Macros\Global.h">
      <Filter>Core\Macros</Filter>
    </ClInclude>
    <ClInclude Include="Core\Macros\MemoryMacro.h">
      <Filter>Core\Macros</Filter>
    </ClInclude>
    <ClInclude Include="Core\Math\MathFunctions.h">
      <Filter>Core\Math</Filter>
    </ClInclude>
    <ClInclude Include="Core\Math\MathTypes.h">
      <Filter>Core\Math</Filter>
    </ClInclude>
    <ClInclude Include="Core\Math\Matrix.h">
      <Filter>Core\Math</Filter>
    </ClInclude>
    <ClInclude Include="Core\Math\Matrix4F.h">
      <Filter>Core\Math</Filter>
    </ClInclude>
    <ClInclude Include="Core\Math\SIMD\Base.h">
      <Filter>Core\Math\SIMD</Filter>
    </ClInclude>
    <ClInclude Include="Core\Math\SIMD\SIMD128.h">
      <Filter>Core\Math\SIMD</Filter>
    </ClInclude>
    <ClInclude Include="Core\Math\SIMD\SIMD256.h">
      <Filter>Core\Math\SIMD</Filter>
    </ClInclude>
    <ClInclude Include="Core\Math\SIMD\SIMD512.h">
      <Filter>Core\Math\SIMD</Filter>
    </ClInclude>
    <ClInclude Include="Core\Math\SIMD\SIMDFunctions.h">
      <Filter>Core\Math\SIMD</Filter>
    </ClInclude>
    <ClInclude Include="Core\Math\Vector.h">
      <Filter>Core\Math</Filter>
    </ClInclude>
    <ClInclude Include="Core\Math\Vector3D.h">
      <Filter>Core\Math</Filter>
    </ClInclude>
    <ClInclude Include="Core\Math\Vector3F.h">
      <Filter>Core\Math</Filter>
    </ClInclude>
    <ClInclude Include="Core\Math\Vector4D.h">
      <Filter>Core\Math</Filter>
    </ClInclude>
    <ClInclude Include="Core\Math\Vector4F.h">
      <Filter>Core\Math</Filter>
    </ClInclude>
    <ClInclude Include="Core\Memory\LocalHeap.h">
      <Filter>Core\Memory</Filter>
    </ClInclude>
    <ClInclude Include="Core\Memory\MemoryFunctions.h">
      <Filter>Core\Memory</Filter>
    </ClInclude>
    <ClInclude Include="Core\Memory\MemoryManager.h">
      <Filter>Core\Memory</Filter>
    </ClInclude>
    <ClInclude Include="Core\Memory\MemoryPadding.h">
      <Filter>Core\Memory</Filter>
    </ClInclude>
    <ClInclude Include="Core\Memory\StaticAllocator.h">
      <Filter>Core\Memory</Filter>
    </ClInclude>
    <ClInclude Include="Core\Object\Component.h">
      <Filter>Core\Object</Filter>
    </ClInclude>
    <ClInclude Include="Core\Object\Components\EngineComponent.h">
      <Filter>Core\Object\Components</Filter>
    </ClInclude>
    <ClInclude Include="Core\Object\Components\ManagerObject.h">
      <Filter>Core\Object\Components</Filter>
    </ClInclude>
    <ClInclude Include="Core\Object\Components\ServerComponent.h">
      <Filter>Core\Object\Components</Filter>
    </ClInclude>
    <ClInclude Include="Core\Object\Descriptor.h">
      <Filter>Core\Object</Filter>
    </ClInclude>
    <ClInclude Include="Core\Object\Descriptors\GameComponentDesriptors.h">
      <Filter>Core\Object\Descriptors</Filter>
    </ClInclude>
    <ClInclude Include="Core\Object\Descriptors\MaterialDescriptor.h">
      <Filter>Core\Object\Descriptors</Filter>
    </ClInclude>
    <ClInclude Include="Core\Object\GameComponent.h">
      <Filter>Core\Object</Filter>
    </ClInclude>
    <ClInclude Include="Core\Object\Object.h">
      <Filter>Core\Object</Filter>
    </ClInclude>
    <ClInclude Include="Core\Object\Resource.h">
      <Filter>Core\Object</Filter>
    </ClInclude>
    <ClInclude Include="Core\Object\Resource\MeshComponent.h">
      <Filter>Core\Object\Resource</Filter>
    </ClInclude>
    <ClInclude Include="Core\Object\Resource\MeshComponents\StaticMeshComponent.h">
      <Filter>Core\Object\Resource\MeshComponents</Filter>
    </ClInclude>
    <ClInclude Include="Core\Object\Resource\Primitives.h">
      <Filter>Core\Object\Resource</Filter>
    </ClInclude>
    <ClInclude Include="Core\Object\Resource\TextureComponent.h">
      <Filter>Core\Object\Resource</Filter>
    </ClInclude>
    <ClInclude Include="Core\Object\Utility.h">
      <Filter>Core\Object</Filter>
    </ClInclude>
    <ClInclude Include="Core\PCH\dmkafx.h">
      <Filter>Core\PCH</Filter>
    </ClInclude>
    <ClInclude Include="Core\Types\Array.h">
      <Filter>Core\Types</Filter>
    </ClInclude>
    <ClInclude Include="Core\Types\DataTypes.h">
      <Filter>Core\Types</Filter>
    </ClInclude>
    <ClInclude Include="Core\Types\Pointer.h">
      <Filter>Core\Types</Filter>
    </ClInclude>
    <ClInclude Include="Core\Types\TypeTraits.h">
      <Filter>Core\Types</Filter>
    </ClInclude>
    <ClInclude Include="Core\Utilities\Clock.h">
      <Filter>Core\Utilities</Filter>
    </ClInclude>
    <ClInclude Include="Dynamik.h" />
    <ClInclude Include="GameLibrary\Attachments\BasicAttachments.h">
      <Filter>GameLibrary\Attachments</Filter>
    </ClInclude>
    <ClInclude Include="GameLibrary\GameEntity.h">
      <Filter>GameLibrary</Filter>
    </ClInclude>
    <ClInclude Include="GameLibrary\GameObject.h">
      <Filter>GameLibrary</Filter>
    </ClInclude>
    <ClInclude Include="GameLibrary\GameObjectAttachment.h">
      <Filter>GameLibrary</Filter>
    </ClInclude>
    <ClInclude Include="GameLibrary\GameObjects\StaticObject.h">
      <Filter>GameLibrary\GameObjects</Filter>
    </ClInclude>
    <ClInclude Include="GameLibrary\LevelComponent.h">
      <Filter>GameLibrary</Filter>
    </ClInclude>
    <ClInclude Include="GameLibrary\SceneComponent.h">
      <Filter>GameLibrary</Filter>
    </ClInclude>
    <ClInclude Include="Importer\Asset\MeshImporter.h">
      <Filter>Importer\Asset</Filter>
    </ClInclude>
    <ClInclude Include="Importer\Dynamik\DAI\DAIObject.h">
      <Filter>Importer\Dynamik\DAI</Filter>
    </ClInclude>
    <ClInclude Include="Importer\Dynamik\DMKAsset\DMKAsset.h">
      <Filter>Importer\Dynamik\DMKAsset</Filter>
    </ClInclude>
    <ClInclude Include="Managers\Thread\Thread.h">
      <Filter>Managers\Thread</Filter>
    </ClInclude>
    <ClInclude Include="Managers\Thread\ThreadCommand.h">
      <Filter>Managers\Thread</Filter>
    </ClInclude>
    <ClInclude Include="Managers\Thread\ThreadManager.h">
      <Filter>Managers\Thread</Filter>
    </ClInclude>
    <ClInclude Include="Managers\Window\Event\EventListener.h">
      <Filter>Managers\Window\Event</Filter>
    </ClInclude>
    <ClInclude Include="Managers\Window\Event\KeyCodes.h">
      <Filter>Managers\Window\Event</Filter>
    </ClInclude>
    <ClInclude Include="Managers\Window\Event\KeyEventListener.h">
      <Filter>Managers\Window\Event</Filter>
    </ClInclude>
    <ClInclude Include="Managers\Window\Event\MouseButtonEventListener.h">
      <Filter>Managers\Window\Event</Filter>
    </ClInclude>
    <ClInclude Include="Managers\Window\Event\MouseScrollEventListener.h">
      <Filter>Managers\Window\Event</Filter>
    </ClInclude>
    <ClInclude Include="Managers\Window\EventHandler.h">
      <Filter>Managers\Window</Filter>
    </ClInclude>
    <ClInclude Include="Managers\Window\WindowHandle.h">
      <Filter>Managers\Window</Filter>
    </ClInclude>
    <ClInclude Include="Managers\Window\WindowManager.h">
      <Filter>Managers\Window</Filter>
    </ClInclude>
    <ClInclude Include="Managers\Window\Windows\WindowsWindow.h">
      <Filter>Managers\Window\Windows</Filter>
    </ClInclude>
    <ClInclude Include="Systems\Attachment\AttachmentManager.h">
      <Filter>Systems\Attachment</Filter>
    </ClInclude>
  </ItemGroup>
  <ItemGroup>
    <ClCompile Include="Core\Error\ErrorManager.cpp">
      <Filter>Core\Error</Filter>
    </ClCompile>
    <ClCompile Include="Core\Error\MessageBox.cpp">
      <Filter>Core\Error</Filter>
    </ClCompile>
    <ClCompile Include="Core\FileSystem\FileSystem.cpp">
      <Filter>Core\FileSystem</Filter>
    </ClCompile>
    <ClCompile Include="Core\Math\MathFunctions.cpp">
      <Filter>Core\Math</Filter>
    </ClCompile>
    <ClCompile Include="Core\Math\Matrix4F.cpp">
      <Filter>Core\Math</Filter>
    </ClCompile>
    <ClCompile Include="Core\Math\SIMD\SIMD128.cpp">
      <Filter>Core\Math\SIMD</Filter>
    </ClCompile>
    <ClCompile Include="Core\Math\SIMD\SIMD256.cpp">
      <Filter>Core\Math\SIMD</Filter>
    </ClCompile>
    <ClCompile Include="Core\Math\SIMD\SIMD512.cpp">
      <Filter>Core\Math\SIMD</Filter>
    </ClCompile>
    <ClCompile Include="Core\Math\SIMD\SIMDFunctions.cpp">
      <Filter>Core\Math\SIMD</Filter>
    </ClCompile>
    <ClCompile Include="Core\Math\Vector3D.cpp">
      <Filter>Core\Math</Filter>
    </ClCompile>
    <ClCompile Include="Core\Math\Vector3F.cpp">
      <Filter>Core\Math</Filter>
    </ClCompile>
    <ClCompile Include="Core\Math\Vector4D.cpp">
      <Filter>Core\Math</Filter>
    </ClCompile>
    <ClCompile Include="Core\Math\Vector4F.cpp">
      <Filter>Core\Math</Filter>
    </ClCompile>
    <ClCompile Include="Core\Memory\LocalHeap.cpp">
      <Filter>Core\Memory</Filter>
    </ClCompile>
    <ClCompile Include="Core\Memory\MemoryFunctions.cpp">
      <Filter>Core\Memory</Filter>
    </ClCompile>
    <ClCompile Include="Core\Memory\MemoryManager.cpp">
      <Filter>Core\Memory</Filter>
    </ClCompile>
    <ClCompile Include="Core\Object\Resource\MeshComponent.cpp">
      <Filter>Core\Object\Resource</Filter>
    </ClCompile>
    <ClCompile Include="Core\Object\Resource\MeshComponents\StaticMeshComponent.cpp">
      <Filter>Core\Object\Resource\MeshComponents</Filter>
    </ClCompile>
    <ClCompile Include="Core\Object\Resource\Primitives.cpp">
      <Filter>Core\Object\Resource</Filter>
    </ClCompile>
    <ClCompile Include="Core\Object\Resource\TextureComponent.cpp">
      <Filter>Core\Object\Resource</Filter>
    </ClCompile>
    <ClCompile Include="Core\PCH\dmkafx.cpp">
      <Filter>Core\PCH</Filter>
    </ClCompile>
    <ClCompile Include="Core\Utilities\Clock.cpp">
      <Filter>Core\Utilities</Filter>
    </ClCompile>
    <ClCompile Include="Dynamik.cpp" />
    <ClCompile Include="Importer\Asset\MeshImporter.cpp">
      <Filter>Importer\Asset</Filter>
    </ClCompile>
    <ClCompile Include="Importer\Dynamik\DAI\DAIObject.cpp">
      <Filter>Importer\Dynamik\DAI</Filter>
    </ClCompile>
    <ClCompile Include="Importer\Dynamik\DMKAsset\DMKAsset.cpp">
      <Filter>Importer\Dynamik\DMKAsset</Filter>
    </ClCompile>
    <ClCompile Include="Managers\Thread\ThreadManager.cpp">
      <Filter>Managers\Thread</Filter>
    </ClCompile>
    <ClCompile Include="Managers\Window\Event\KeyEventListener.cpp">
      <Filter>Managers\Window\Event</Filter>
    </ClCompile>
    <ClCompile Include="Managers\Window\Event\MouseButtonEventListener.cpp">
      <Filter>Managers\Window\Event</Filter>
    </ClCompile>
    <ClCompile Include="Managers\Window\Event\MouseScrollEventListener.cpp">
      <Filter>Managers\Window\Event</Filter>
    </ClCompile>
    <ClCompile Include="Managers\Window\EventHandler.cpp">
      <Filter>Managers\Window</Filter>
    </ClCompile>
    <ClCompile Include="Managers\Window\WindowHandle.cpp">
      <Filter>Managers\Window</Filter>
    </ClCompile>
    <ClCompile Include="Managers\Window\WindowManager.cpp">
      <Filter>Managers\Window</Filter>
    </ClCompile>
    <ClCompile Include="Managers\Window\Windows\WindowsWindow.cpp">
      <Filter>Managers\Window\Windows</Filter>
    </ClCompile>
    <ClCompile Include="Systems\Attachment\AttachmentManager.cpp">
      <Filter>Systems\Attachment</Filter>
    </ClCompile>
  </ItemGroup>
  <ItemGroup>
    <None Include="Dynamik.lua" />
  </ItemGroup>
</Project>