<?xml version="1.0" encoding="utf-8"?>
<Project ToolsVersion="4.0" xmlns="http://schemas.microsoft.com/developer/msbuild/2003">
  <ItemGroup>
    <Filter Include="Core">
      <UniqueIdentifier>{2EB4837C-1AEB-840D-C3D7-6A10AFED000F}</UniqueIdentifier>
    </Filter>
    <Filter Include="Core\Macros">
      <UniqueIdentifier>{625A4785-CE0F-C07A-5704-BA51C3B8B67E}</UniqueIdentifier>
    </Filter>
    <Filter Include="Core\Memory">
      <UniqueIdentifier>{D62B9585-42E1-0D7B-CBD5-0752378A047F}</UniqueIdentifier>
    </Filter>
    <Filter Include="Core\PCH">
      <UniqueIdentifier>{383E99C2-240B-F4CD-4D24-E2753950295C}</UniqueIdentifier>
    </Filter>
    <Filter Include="Core\Types">
      <UniqueIdentifier>{526248CE-3E1A-8A1B-A721-637793F8240C}</UniqueIdentifier>
    </Filter>
  </ItemGroup>
  <ItemGroup>
    <ClInclude Include="Core\Macros\Assert.h">
      <Filter>Core\Macros</Filter>
    </ClInclude>
    <ClInclude Include="Core\Macros\MemoryMacro.h">
      <Filter>Core\Macros</Filter>
    </ClInclude>
    <ClInclude Include="Core\Memory\MemoryPadding.h">
      <Filter>Core\Memory</Filter>
    </ClInclude>
    <ClInclude Include="Core\PCH\dmkafx.h">
      <Filter>Core\PCH</Filter>
    </ClInclude>
    <ClInclude Include="Core\Types\DataTypes.h">
      <Filter>Core\Types</Filter>
    </ClInclude>
    <ClInclude Include="Core\Memory\StaticAllocator.h" />
    <ClInclude Include="Core\Memory\MemoryFunctions.h" />
    <ClInclude Include="Core\Memory\MemoryManager.h" />
    <ClInclude Include="Core\Types\Pointer.h" />
    <ClInclude Include="Core\Memory\LocalHeap.h" />
    <ClInclude Include="Core\Macros\Global.h" />
    <ClInclude Include="Core\Math\MathFunctions.h" />
    <ClInclude Include="Core\Object\Object.h" />
    <ClInclude Include="Core\Types\TypeTraits.h" />
    <ClInclude Include="Core\Object\Component.h" />
    <ClInclude Include="Core\Object\Utility.h" />
    <ClInclude Include="Core\Object\Descriptor.h" />
    <ClInclude Include="Core\Object\Resource.h" />
    <ClInclude Include="Core\Object\Components\EngineComponent.h" />
    <ClInclude Include="Core\Object\Components\ServerComponent.h" />
    <ClInclude Include="Core\Object\Components\ManagerObject.h" />
    <ClInclude Include="Core\Types\Array.h" />
    <ClInclude Include="Core\Object\Resource\MeshComponent.h" />
    <ClInclude Include="Core\Object\Resource\TextureComponent.h" />
    <ClInclude Include="Core\Error\ErrorManager.h" />
    <ClInclude Include="Core\Error\MessageBox.h" />
    <ClInclude Include="Core\Error\ErrorDefines.h" />
    <ClInclude Include="GameLibrary\LevelComponent.h" />
    <ClInclude Include="Core\Utilities\Clock.h" />
    <ClInclude Include="GameLibrary\SceneComponent.h" />
    <ClInclude Include="Dynamik.h" />
    <ClInclude Include="Core\Object\GameComponent.h" />
    <ClInclude Include="GameLibrary\GameObject.h" />
    <ClInclude Include="GameLibrary\GameObjects\StaticObject.h" />
    <ClInclude Include="GameLibrary\GameObjectAttachment.h" />
    <ClInclude Include="Core\Object\Resource\MeshComponents\StaticMeshComponent.h" />
    <ClInclude Include="Core\Math\MathTypes.h" />
    <ClInclude Include="Core\Math\Vector3D.h" />
    <ClInclude Include="Core\Object\Descriptors\GameComponentDesriptors.h" />
    <ClInclude Include="Core\Object\Resource\Primitives.h" />
    <ClInclude Include="Core\Math\Vector.h" />
    <ClInclude Include="Core\Math\SIMD\Base.h" />
    <ClInclude Include="Core\Math\SIMD\SIMDFunctions.h" />
    <ClInclude Include="Core\Math\SIMD\SIMD128.h" />
    <ClInclude Include="Core\Math\SIMD\SIMD512.h" />
    <ClInclude Include="Core\Math\Vector4D.h" />
    <ClInclude Include="Core\Math\SIMD\SIMD256.h" />
    <ClInclude Include="Core\Math\Matrix.h" />
    <ClInclude Include="Core\Math\Vector3F.h" />
    <ClInclude Include="Core\Math\Vector4F.h" />
    <ClInclude Include="Core\Math\Matrix4F.h" />
  </ItemGroup>
  <ItemGroup>
    <ClCompile Include="Core\PCH\dmkafx.cpp">
      <Filter>Core\PCH</Filter>
    </ClCompile>
    <ClCompile Include="Core\Memory\MemoryFunctions.cpp" />
    <ClCompile Include="Core\Memory\MemoryManager.cpp" />
    <ClCompile Include="Core\Memory\LocalHeap.cpp" />
    <ClCompile Include="Core\Math\MathFunctions.cpp" />
    <ClCompile Include="Core\Object\Resource\MeshComponent.cpp" />
    <ClCompile Include="Core\Object\Resource\TextureComponent.cpp" />
    <ClCompile Include="Core\Error\ErrorManager.cpp" />
    <ClCompile Include="Core\Error\MessageBox.cpp" />
    <ClCompile Include="Core\Utilities\Clock.cpp" />
    <ClCompile Include="Dynamik.cpp" />
    <ClCompile Include="Core\Object\Resource\Primitives.cpp" />
    <ClCompile Include="Core\Object\Resource\MeshComponents\StaticMeshComponent.cpp" />
    <ClCompile Include="Core\Math\Vector3D.cpp" />
    <ClCompile Include="Core\Math\SIMD\SIMD128.cpp" />
    <ClCompile Include="Core\Math\SIMD\SIMDFunctions.cpp" />
    <ClCompile Include="Core\Math\SIMD\SIMD512.cpp" />
    <ClCompile Include="Core\Math\Vector4D.cpp" />
    <ClCompile Include="Core\Math\SIMD\SIMD256.cpp" />
    <ClCompile Include="Core\Math\Vector3F.cpp" />
    <ClCompile Include="Core\Math\Vector4F.cpp" />
    <ClCompile Include="Core\Math\Matrix4F.cpp" />
  </ItemGroup>
  <ItemGroup>
    <None Include="Dynamik.lua" />
  </ItemGroup>
</Project>