<?xml version="1.0" encoding="utf-8"?>
<Project ToolsVersion="4.0" xmlns="http://schemas.microsoft.com/developer/msbuild/2003">
  <ItemGroup>
    <Filter Include="Event">
      <UniqueIdentifier>{E70B220D-5320-4ABE-1CA2-ED1D887546EF}</UniqueIdentifier>
    </Filter>
  </ItemGroup>
  <ItemGroup>
    <ClInclude Include="EventComponent.h" />
    <ClInclude Include="EventPool.h" />
  </ItemGroup>
  <ItemGroup>
    <None Include="Events.lua" />
  </ItemGroup>
  <ItemGroup>
    <ClCompile Include="EventPool.cpp" />
  </ItemGroup>
</Project>