<?xml version="1.0" encoding="utf-8"?>
<Project ToolsVersion="4.0" xmlns="http://schemas.microsoft.com/developer/msbuild/2003">
  <ItemGroup>
    <Filter Include="Components">
      <UniqueIdentifier>{6B7DD516-5735-1764-C03C-F0BFAC13B254}</UniqueIdentifier>
    </Filter>
    <Filter Include="Components\Attachments">
      <UniqueIdentifier>{7675544D-626F-7D9F-4BDC-13B03775E30B}</UniqueIdentifier>
    </Filter>
    <Filter Include="Components\Context">
      <UniqueIdentifier>{FF328E1F-EB16-4F75-5477-49C8407A39F7}</UniqueIdentifier>
    </Filter>
    <Filter Include="Components\Factories">
      <UniqueIdentifier>{9A8AB35F-8619-3D29-2F38-51241BA64DCF}</UniqueIdentifier>
    </Filter>
    <Filter Include="Components\Lighting">
      <UniqueIdentifier>{5059A280-BCBA-7F8E-4528-C640B188B64D}</UniqueIdentifier>
    </Filter>
    <Filter Include="Components\Primitives">
      <UniqueIdentifier>{66E2AA9B-D24E-6696-9B42-FEF3076E88FE}</UniqueIdentifier>
    </Filter>
  </ItemGroup>
  <ItemGroup>
    <ClInclude Include="Components\Attachments\RBoundingBox.h">
      <Filter>Components\Attachments</Filter>
    </ClInclude>
    <ClInclude Include="Components\Context\RFrameBuffer.h">
      <Filter>Components\Context</Filter>
    </ClInclude>
    <ClInclude Include="Components\Context\RFrameBufferAttachment.h">
      <Filter>Components\Context</Filter>
    </ClInclude>
    <ClInclude Include="Components\Context\RRenderPass.h">
      <Filter>Components\Context</Filter>
    </ClInclude>
    <ClInclude Include="Components\Context\RSwapChain.h">
      <Filter>Components\Context</Filter>
    </ClInclude>
    <ClInclude Include="Components\ContextTypeDefs.h">
      <Filter>Components</Filter>
    </ClInclude>
    <ClInclude Include="Components\CoreTypeDefs.h">
      <Filter>Components</Filter>
    </ClInclude>
    <ClInclude Include="Components\Factories\BufferFactory.h">
      <Filter>Components\Factories</Filter>
    </ClInclude>
    <ClInclude Include="Components\Factories\PipelineFactory.h">
      <Filter>Components\Factories</Filter>
    </ClInclude>
    <ClInclude Include="Components\Lighting\RBRDFTable.h">
      <Filter>Components\Lighting</Filter>
    </ClInclude>
    <ClInclude Include="Components\PipelineTypeDefs.h">
      <Filter>Components</Filter>
    </ClInclude>
    <ClInclude Include="Components\PrimitiveTypeDefs.h">
      <Filter>Components</Filter>
    </ClInclude>
    <ClInclude Include="Components\Primitives\RBuffer.h">
      <Filter>Components\Primitives</Filter>
    </ClInclude>
    <ClInclude Include="Components\Primitives\RImage.h">
      <Filter>Components\Primitives</Filter>
    </ClInclude>
    <ClInclude Include="Components\Primitives\RImageSampler.h">
      <Filter>Components\Primitives</Filter>
    </ClInclude>
    <ClInclude Include="Components\Primitives\RImageView.h">
      <Filter>Components\Primitives</Filter>
    </ClInclude>
    <ClInclude Include="Components\Primitives\RTexture.h">
      <Filter>Components\Primitives</Filter>
    </ClInclude>
    <ClInclude Include="Components\RCameraComponent.h">
      <Filter>Components</Filter>
    </ClInclude>
    <ClInclude Include="Components\RCommandBuffer.h">
      <Filter>Components</Filter>
    </ClInclude>
    <ClInclude Include="Components\RCommandBufferManager.h">
      <Filter>Components</Filter>
    </ClInclude>
    <ClInclude Include="Components\RContext.h">
      <Filter>Components</Filter>
    </ClInclude>
    <ClInclude Include="Components\RCoreObject.h">
      <Filter>Components</Filter>
    </ClInclude>
    <ClInclude Include="Components\RDrawCallManager.h">
      <Filter>Components</Filter>
    </ClInclude>
    <ClInclude Include="Components\REntity.h">
      <Filter>Components</Filter>
    </ClInclude>
    <ClInclude Include="Components\REnvironmentMap.h">
      <Filter>Components</Filter>
    </ClInclude>
    <ClInclude Include="Components\RMeshObject.h">
      <Filter>Components</Filter>
    </ClInclude>
    <ClInclude Include="Components\RPipelineObject.h">
      <Filter>Components</Filter>
    </ClInclude>
    <ClInclude Include="Components\RRenderTarget.h">
      <Filter>Components</Filter>
    </ClInclude>
    <ClInclude Include="RUtilities.h" />
    <ClInclude Include="Renderer.h" />
    <ClInclude Include="RendererCommand.h" />
  </ItemGroup>
  <ItemGroup>
    <ClCompile Include="Components\Attachments\RBoundingBox.cpp">
      <Filter>Components\Attachments</Filter>
    </ClCompile>
    <ClCompile Include="Components\Factories\BufferFactory.cpp">
      <Filter>Components\Factories</Filter>
    </ClCompile>
    <ClCompile Include="Components\Factories\PipelineFactory.cpp">
      <Filter>Components\Factories</Filter>
    </ClCompile>
    <ClCompile Include="Components\Primitives\RImageSampler.cpp">
      <Filter>Components\Primitives</Filter>
    </ClCompile>
    <ClCompile Include="Components\RDrawCallManager.cpp">
      <Filter>Components</Filter>
    </ClCompile>
    <ClCompile Include="RUtilities.cpp" />
    <ClCompile Include="Renderer.cpp" />
  </ItemGroup>
  <ItemGroup>
    <None Include="Renderer.lua" />
  </ItemGroup>
</Project>