<?xml version="1.0" encoding="utf-8"?>
<Project ToolsVersion="4.0" xmlns="http://schemas.microsoft.com/developer/msbuild/2003">
  <ItemGroup>
    <Filter Include="Common">
      <UniqueIdentifier>{8EEA3EAC-7A8C-6982-6347-7DD64F88F0D2}</UniqueIdentifier>
    </Filter>
    <Filter Include="Context">
      <UniqueIdentifier>{AA023234-16E2-B0CF-1FFA-3BA68B581731}</UniqueIdentifier>
    </Filter>
    <Filter Include="Context\Attachments">
      <UniqueIdentifier>{35D1033D-A132-E14A-2AA0-27FD9600180A}</UniqueIdentifier>
    </Filter>
    <Filter Include="Lighting">
      <UniqueIdentifier>{5B1EC029-47EB-1A35-7004-09DD5C3050C3}</UniqueIdentifier>
    </Filter>
    <Filter Include="Pipelines">
      <UniqueIdentifier>{CE92F1E0-3AFD-A557-833B-57FDEFE483AC}</UniqueIdentifier>
    </Filter>
    <Filter Include="Primitives">
      <UniqueIdentifier>{31164E03-1DCE-8F50-86D5-68AC72AC2A41}</UniqueIdentifier>
    </Filter>
  </ItemGroup>
  <ItemGroup>
    <ClInclude Include="Common\VulkanCommandBuffer.h">
      <Filter>Common</Filter>
    </ClInclude>
    <ClInclude Include="Common\VulkanCommandBufferManager.h">
      <Filter>Common</Filter>
    </ClInclude>
    <ClInclude Include="Common\VulkanControlHeader.h">
      <Filter>Common</Filter>
    </ClInclude>
    <ClInclude Include="Common\VulkanDescriptorSetManager.h">
      <Filter>Common</Filter>
    </ClInclude>
    <ClInclude Include="Common\VulkanDevice.h">
      <Filter>Common</Filter>
    </ClInclude>
    <ClInclude Include="Common\VulkanInstance.h">
      <Filter>Common</Filter>
    </ClInclude>
    <ClInclude Include="Common\VulkanMacros.h">
      <Filter>Common</Filter>
    </ClInclude>
    <ClInclude Include="Common\VulkanOneTimeCommandBuffer.h">
      <Filter>Common</Filter>
    </ClInclude>
    <ClInclude Include="Common\VulkanPipelineManager.h">
      <Filter>Common</Filter>
    </ClInclude>
    <ClInclude Include="Common\VulkanQueue.h">
      <Filter>Common</Filter>
    </ClInclude>
    <ClInclude Include="Common\VulkanSurface.h">
      <Filter>Common</Filter>
    </ClInclude>
    <ClInclude Include="Common\VulkanViewPort.h">
      <Filter>Common</Filter>
    </ClInclude>
    <ClInclude Include="Context\Attachments\VulkanColorAttachment.h">
      <Filter>Context\Attachments</Filter>
    </ClInclude>
    <ClInclude Include="Context\Attachments\VulkanDepthAttachment.h">
      <Filter>Context\Attachments</Filter>
    </ClInclude>
    <ClInclude Include="Context\VulkanFrameBuffer.h">
      <Filter>Context</Filter>
    </ClInclude>
    <ClInclude Include="Context\VulkanRenderPass.h">
      <Filter>Context</Filter>
    </ClInclude>
    <ClInclude Include="Context\VulkanSwapChain.h">
      <Filter>Context</Filter>
    </ClInclude>
    <ClInclude Include="Lighting\VulkanBRDFTable.h">
      <Filter>Lighting</Filter>
    </ClInclude>
    <ClInclude Include="Pipelines\VulkanGraphicsPipeline.h">
      <Filter>Pipelines</Filter>
    </ClInclude>
    <ClInclude Include="Primitives\VulkanBuffer.h">
      <Filter>Primitives</Filter>
    </ClInclude>
    <ClInclude Include="Primitives\VulkanImage.h">
      <Filter>Primitives</Filter>
    </ClInclude>
    <ClInclude Include="Primitives\VulkanImageSampler.h">
      <Filter>Primitives</Filter>
    </ClInclude>
    <ClInclude Include="Primitives\VulkanImageView.h">
      <Filter>Primitives</Filter>
    </ClInclude>
    <ClInclude Include="Primitives\VulkanShader.h">
      <Filter>Primitives</Filter>
    </ClInclude>
    <ClInclude Include="Primitives\VulkanTexture.h">
      <Filter>Primitives</Filter>
    </ClInclude>
    <ClInclude Include="VulkanCoreObject.h" />
    <ClInclude Include="VulkanRenderTarget.h" />
    <ClInclude Include="VulkanUtilities.h" />
    <ClInclude Include="Lighting\VulkanPreFilteredCube.h" />
    <ClInclude Include="Lighting\VulkanIrradianceCube.h" />
  </ItemGroup>
  <ItemGroup>
    <ClCompile Include="Common\VulkanCommandBuffer.cpp">
      <Filter>Common</Filter>
    </ClCompile>
    <ClCompile Include="Common\VulkanCommandBufferManager.cpp">
      <Filter>Common</Filter>
    </ClCompile>
    <ClCompile Include="Common\VulkanDescriptorSetManager.cpp">
      <Filter>Common</Filter>
    </ClCompile>
    <ClCompile Include="Common\VulkanDevice.cpp">
      <Filter>Common</Filter>
    </ClCompile>
    <ClCompile Include="Common\VulkanInstance.cpp">
      <Filter>Common</Filter>
    </ClCompile>
    <ClCompile Include="Common\VulkanOneTimeCommandBuffer.cpp">
      <Filter>Common</Filter>
    </ClCompile>
    <ClCompile Include="Common\VulkanPipelineManager.cpp">
      <Filter>Common</Filter>
    </ClCompile>
    <ClCompile Include="Common\VulkanQueue.cpp">
      <Filter>Common</Filter>
    </ClCompile>
    <ClCompile Include="Common\VulkanSurface.cpp">
      <Filter>Common</Filter>
    </ClCompile>
    <ClCompile Include="Context\Attachments\VulkanColorAttachment.cpp">
      <Filter>Context\Attachments</Filter>
    </ClCompile>
    <ClCompile Include="Context\Attachments\VulkanDepthAttachment.cpp">
      <Filter>Context\Attachments</Filter>
    </ClCompile>
    <ClCompile Include="Context\VulkanFrameBuffer.cpp">
      <Filter>Context</Filter>
    </ClCompile>
    <ClCompile Include="Context\VulkanRenderPass.cpp">
      <Filter>Context</Filter>
    </ClCompile>
    <ClCompile Include="Context\VulkanSwapChain.cpp">
      <Filter>Context</Filter>
    </ClCompile>
    <ClCompile Include="Lighting\VulkanBRDFTable.cpp">
      <Filter>Lighting</Filter>
    </ClCompile>
    <ClCompile Include="Pipelines\VulkanGraphicsPipeline.cpp">
      <Filter>Pipelines</Filter>
    </ClCompile>
    <ClCompile Include="Primitives\VulkanBuffer.cpp">
      <Filter>Primitives</Filter>
    </ClCompile>
    <ClCompile Include="Primitives\VulkanImage.cpp">
      <Filter>Primitives</Filter>
    </ClCompile>
    <ClCompile Include="Primitives\VulkanImageSampler.cpp">
      <Filter>Primitives</Filter>
    </ClCompile>
    <ClCompile Include="Primitives\VulkanImageView.cpp">
      <Filter>Primitives</Filter>
    </ClCompile>
    <ClCompile Include="Primitives\VulkanShader.cpp">
      <Filter>Primitives</Filter>
    </ClCompile>
    <ClCompile Include="Primitives\VulkanTexture.cpp">
      <Filter>Primitives</Filter>
    </ClCompile>
    <ClCompile Include="VulkanCoreObject.cpp" />
    <ClCompile Include="VulkanUtilities.cpp" />
    <ClCompile Include="Lighting\VulkanPreFilteredCube.cpp" />
    <ClCompile Include="Lighting\VulkanIrradianceCube.cpp" />
  </ItemGroup>
  <ItemGroup>
    <None Include="VulkanRBL.lua" />
  </ItemGroup>
</Project>