<?xml version="1.0" encoding="utf-8"?>
<Project ToolsVersion="4.0" xmlns="http://schemas.microsoft.com/developer/msbuild/2003">
  <ItemGroup>
    <Filter Include="ComponentAttachments">
      <UniqueIdentifier>{B46DA43C-A0FC-2D06-491B-420135893EAC}</UniqueIdentifier>
    </Filter>
    <Filter Include="Components">
      <UniqueIdentifier>{6B7DD516-5735-1764-C03C-F0BFAC13B254}</UniqueIdentifier>
    </Filter>
    <Filter Include="Components\RenderableComponents">
      <UniqueIdentifier>{14C20535-80A5-1475-89A8-42B1F50ADBC5}</UniqueIdentifier>
    </Filter>
  </ItemGroup>
  <ItemGroup>
    <ClInclude Include="..\Source\Runtime\ComponentSystem\Component.h" />
    <ClInclude Include="..\Source\Runtime\ComponentSystem\ComponentArray.h" />
    <ClInclude Include="..\Source\Runtime\ComponentSystem\ComponentAttachments\ComponentAttachment.h">
      <Filter>ComponentAttachments</Filter>
    </ClInclude>
    <ClInclude Include="..\Source\Runtime\ComponentSystem\ComponentAttachments\PhysicsAttachment.h">
      <Filter>ComponentAttachments</Filter>
    </ClInclude>
    <ClInclude Include="..\Source\Runtime\ComponentSystem\ComponentManager.h" />
    <ClInclude Include="..\Source\Runtime\ComponentSystem\Components\RenderableComponent.h">
      <Filter>Components</Filter>
    </ClInclude>
    <ClInclude Include="..\Source\Runtime\ComponentSystem\Components\RenderableComponents\MeshComponent.h">
      <Filter>Components\RenderableComponents</Filter>
    </ClInclude>
  </ItemGroup>
  <ItemGroup>
    <ClCompile Include="..\Source\Runtime\ComponentSystem\ComponentManager.cpp" />
    <ClCompile Include="..\Source\Runtime\ComponentSystem\Components\RenderableComponent.cpp">
      <Filter>Components</Filter>
    </ClCompile>
    <ClCompile Include="..\Source\Runtime\ComponentSystem\Components\RenderableComponents\MeshComponent.cpp">
      <Filter>Components\RenderableComponents</Filter>
    </ClCompile>
  </ItemGroup>
  <ItemGroup>
    <None Include="..\Source\Runtime\ComponentSystem\ComponentSystem.lua" />
  </ItemGroup>
</Project>