<?xml version="1.0" encoding="utf-8"?>
<Project ToolsVersion="4.0" xmlns="http://schemas.microsoft.com/developer/msbuild/2003">
  <ItemGroup>
    <Filter Include="Event">
      <UniqueIdentifier>{E70B220D-5320-4ABE-1CA2-ED1D887546EF}</UniqueIdentifier>
    </Filter>
  </ItemGroup>
  <ItemGroup>
    <ClInclude Include="..\Source\Runtime\Events\Event\EventListener.h">
      <Filter>Event</Filter>
    </ClInclude>
    <ClInclude Include="..\Source\Runtime\Events\Event\KeyCodes.h">
      <Filter>Event</Filter>
    </ClInclude>
    <ClInclude Include="..\Source\Runtime\Events\Event\KeyEventListener.h">
      <Filter>Event</Filter>
    </ClInclude>
    <ClInclude Include="..\Source\Runtime\Events\Event\MouseButtonEventListener.h">
      <Filter>Event</Filter>
    </ClInclude>
    <ClInclude Include="..\Source\Runtime\Events\Event\MouseScrollEventListener.h">
      <Filter>Event</Filter>
    </ClInclude>
    <ClInclude Include="..\Source\Runtime\Events\EventHandler.h" />
  </ItemGroup>
  <ItemGroup>
    <ClCompile Include="..\Source\Runtime\Events\Event\KeyEventListener.cpp">
      <Filter>Event</Filter>
    </ClCompile>
    <ClCompile Include="..\Source\Runtime\Events\Event\MouseButtonEventListener.cpp">
      <Filter>Event</Filter>
    </ClCompile>
    <ClCompile Include="..\Source\Runtime\Events\Event\MouseScrollEventListener.cpp">
      <Filter>Event</Filter>
    </ClCompile>
    <ClCompile Include="..\Source\Runtime\Events\EventHandler.cpp" />
  </ItemGroup>
  <ItemGroup>
    <None Include="..\Source\Runtime\Events\Events.lua" />
  </ItemGroup>
</Project>