<?xml version="1.0" encoding="utf-8"?>
<Project ToolsVersion="4.0" xmlns="http://schemas.microsoft.com/developer/msbuild/2003">
  <ItemGroup>
    <Filter Include="Camera">
      <UniqueIdentifier>{CE7141AB-BA13-6C81-A3CE-7FD58F0FF3D1}</UniqueIdentifier>
    </Filter>
    <Filter Include="Mechanics">
      <UniqueIdentifier>{30EBFAEF-9C55-AF66-E593-600C513D8DBB}</UniqueIdentifier>
    </Filter>
    <Filter Include="Menus">
      <UniqueIdentifier>{ADA4A90D-19B9-D1BE-E23A-751E4E0ECEEF}</UniqueIdentifier>
    </Filter>
    <Filter Include="Utilities">
      <UniqueIdentifier>{010A8043-6D74-34BA-B6B2-E55F225C120F}</UniqueIdentifier>
    </Filter>
  </ItemGroup>
  <ItemGroup>
    <ClInclude Include="..\Source\Runtime\GameLibrary\Camera\CameraModule.h">
      <Filter>Camera</Filter>
    </ClInclude>
    <ClInclude Include="..\Source\Runtime\GameLibrary\EnvironmentMap.h" />
    <ClInclude Include="..\Source\Runtime\GameLibrary\GameEntity.h" />
    <ClInclude Include="..\Source\Runtime\GameLibrary\GameMechanics.h" />
    <ClInclude Include="..\Source\Runtime\GameLibrary\GamePackage.h" />
    <ClInclude Include="..\Source\Runtime\GameLibrary\LevelComponent.h" />
    <ClInclude Include="..\Source\Runtime\GameLibrary\Mechanics\GameAssetMechanics.h">
      <Filter>Mechanics</Filter>
    </ClInclude>
    <ClInclude Include="..\Source\Runtime\GameLibrary\Mechanics\PlayerController.h">
      <Filter>Mechanics</Filter>
    </ClInclude>
    <ClInclude Include="..\Source\Runtime\GameLibrary\Menus\Layer.h">
      <Filter>Menus</Filter>
    </ClInclude>
    <ClInclude Include="..\Source\Runtime\GameLibrary\PlayerObject.h" />
    <ClInclude Include="..\Source\Runtime\GameLibrary\Utilities\EntityFactory.h">
      <Filter>Utilities</Filter>
    </ClInclude>
    <ClInclude Include="..\Source\Runtime\GameLibrary\Utilities\MeshFactory.h">
      <Filter>Utilities</Filter>
    </ClInclude>
  </ItemGroup>
  <ItemGroup>
    <ClCompile Include="..\Source\Runtime\GameLibrary\Camera\CameraModule.cpp">
      <Filter>Camera</Filter>
    </ClCompile>
    <ClCompile Include="..\Source\Runtime\GameLibrary\GameEntity.cpp" />
    <ClCompile Include="..\Source\Runtime\GameLibrary\LevelComponent.cpp" />
    <ClCompile Include="..\Source\Runtime\GameLibrary\Mechanics\PlayerController.cpp">
      <Filter>Mechanics</Filter>
    </ClCompile>
    <ClCompile Include="..\Source\Runtime\GameLibrary\Utilities\MeshFactory.cpp">
      <Filter>Utilities</Filter>
    </ClCompile>
  </ItemGroup>
  <ItemGroup>
    <None Include="..\Source\Runtime\GameLibrary\GameLibrary.lua" />
  </ItemGroup>
</Project>