<?xml version="1.0" encoding="utf-8"?>
<Project ToolsVersion="4.0" xmlns="http://schemas.microsoft.com/developer/msbuild/2003">
  <ItemGroup>
    <Filter Include="Core">
      <UniqueIdentifier>{2EB4837C-1AEB-840D-C3D7-6A10AFED000F}</UniqueIdentifier>
    </Filter>
    <Filter Include="Core\PCH">
      <UniqueIdentifier>{383E99C2-240B-F4CD-4D24-E2753950295C}</UniqueIdentifier>
    </Filter>
  </ItemGroup>
  <ItemGroup>
    <ClInclude Include="Core\PCH\impafx.h">
      <Filter>Core\PCH</Filter>
    </ClInclude>
    <ClInclude Include="Importer.h" />
  </ItemGroup>
  <ItemGroup>
    <ClCompile Include="Core\PCH\impafx.cpp">
      <Filter>Core\PCH</Filter>
    </ClCompile>
    <ClCompile Include="main.cpp" />
  </ItemGroup>
  <ItemGroup>
    <None Include="Importer.lua" />
  </ItemGroup>
  <ItemGroup>
    <Text Include="input.txt" />
  </ItemGroup>
</Project>