<?xml version="1.0" encoding="utf-8"?>
<Project ToolsVersion="4.0" xmlns="http://schemas.microsoft.com/developer/msbuild/2003">
  <ItemGroup>
    <Filter Include="Shader">
      <UniqueIdentifier>{FC0C0CD1-E8AE-36A7-D169-4AFBBDAABDF7}</UniqueIdentifier>
    </Filter>
    <Filter Include="Shader\GLSL">
      <UniqueIdentifier>{5D47C2A5-C9FC-3A9B-52F1-3472BEA5319F}</UniqueIdentifier>
    </Filter>
    <Filter Include="Shader\SPIR-V">
      <UniqueIdentifier>{0C80B23B-7840-2E72-417B-77EFADFA724E}</UniqueIdentifier>
    </Filter>
    <Filter Include="Texture">
      <UniqueIdentifier>{76AD313A-E28C-B0D5-EBA4-3BAC57031737}</UniqueIdentifier>
    </Filter>
    <Filter Include="ThirdParty">
      <UniqueIdentifier>{107145F9-FC28-8746-6530-60A251072237}</UniqueIdentifier>
    </Filter>
  </ItemGroup>
  <ItemGroup>
    <ClInclude Include="Shader\GLSL\Compiler.h">
      <Filter>Shader\GLSL</Filter>
    </ClInclude>
    <ClInclude Include="Shader\SPIR-V\Disassembler.h">
      <Filter>Shader\SPIR-V</Filter>
    </ClInclude>
    <ClInclude Include="Texture\PanoramaToCubemap.h">
      <Filter>Texture</Filter>
    </ClInclude>
    <ClInclude Include="ThirdParty\CImg.h">
      <Filter>ThirdParty</Filter>
    </ClInclude>
  </ItemGroup>
  <ItemGroup>
    <ClCompile Include="Shader\GLSL\Compiler.cpp">
      <Filter>Shader\GLSL</Filter>
    </ClCompile>
    <ClCompile Include="Shader\SPIR-V\Disassembler.cpp">
      <Filter>Shader\SPIR-V</Filter>
    </ClCompile>
    <ClCompile Include="Texture\PanoramaToCubemap.cpp">
      <Filter>Texture</Filter>
    </ClCompile>
  </ItemGroup>
  <ItemGroup>
    <None Include="Tools.lua" />
  </ItemGroup>
</Project>