<?xml version="1.0" encoding="utf-8"?>
<Project ToolsVersion="4.0" xmlns="http://schemas.microsoft.com/developer/msbuild/2003">
  <ItemGroup>
    <Filter Include="Runtime">
      <UniqueIdentifier>{4995DAC4-B574-5960-BE8C-E4362AEBBFC1}</UniqueIdentifier>
    </Filter>
    <Filter Include="Runtime\ComponentSystem">
      <UniqueIdentifier>{D0ECAF7E-3C24-F815-452E-5C39B1E41E0F}</UniqueIdentifier>
    </Filter>
    <Filter Include="Runtime\ComponentSystem\ComponentAttachments">
      <UniqueIdentifier>{AE0011BB-9A13-1114-43FD-ED002FEFAD61}</UniqueIdentifier>
    </Filter>
    <Filter Include="Runtime\ComponentSystem\Components">
      <UniqueIdentifier>{E52F4D10-D16B-507A-3A7E-687126D9F894}</UniqueIdentifier>
    </Filter>
    <Filter Include="Runtime\ComponentSystem\Components\RenderableComponents">
      <UniqueIdentifier>{CE44DCF0-3A2C-C7E6-431A-C962AF806AA9}</UniqueIdentifier>
    </Filter>
    <Filter Include="Runtime\Core">
      <UniqueIdentifier>{416F811B-2DD2-10C0-D657-4976C299DC42}</UniqueIdentifier>
    </Filter>
    <Filter Include="Runtime\Core\Error">
      <UniqueIdentifier>{3AA3E576-2687-A6CC-8FE7-A01F7BEA904E}</UniqueIdentifier>
    </Filter>
    <Filter Include="Runtime\Core\FileSystem">
      <UniqueIdentifier>{B5A6066F-21DE-4E06-2AE8-B229969E75FF}</UniqueIdentifier>
    </Filter>
    <Filter Include="Runtime\Core\Globals">
      <UniqueIdentifier>{143B9352-00CA-1C1C-A9E8-301795562DC2}</UniqueIdentifier>
    </Filter>
    <Filter Include="Runtime\Core\Macros">
      <UniqueIdentifier>{15820765-81E3-E472-0A51-2B2576B11B32}</UniqueIdentifier>
    </Filter>
    <Filter Include="Runtime\Core\Math">
      <UniqueIdentifier>{BA84DCFB-269B-DA91-6F12-66B3DB67AB19}</UniqueIdentifier>
    </Filter>
    <Filter Include="Runtime\Core\Math\Matrix">
      <UniqueIdentifier>{1EE79F02-0A0C-EF82-3357-D4121FDBEDA0}</UniqueIdentifier>
    </Filter>
    <Filter Include="Runtime\Core\Math\SIMD">
      <UniqueIdentifier>{D6CCAF63-C2C6-D8B5-AB33-6FC697CC3E22}</UniqueIdentifier>
    </Filter>
    <Filter Include="Runtime\Core\Math\Vector">
      <UniqueIdentifier>{9C6DDD17-8892-2C98-B1DD-11289D612BB6}</UniqueIdentifier>
    </Filter>
    <Filter Include="Runtime\Core\Memory">
      <UniqueIdentifier>{89535565-F5B4-3273-7E22-7925EA826932}</UniqueIdentifier>
    </Filter>
    <Filter Include="Runtime\Core\Object">
      <UniqueIdentifier>{A789C769-13EB-A477-9C58-EB2908B9DB36}</UniqueIdentifier>
    </Filter>
    <Filter Include="Runtime\Core\Object\Descriptors">
      <UniqueIdentifier>{68D2BAE6-D4B5-C926-DDB8-F762491B9077}</UniqueIdentifier>
    </Filter>
    <Filter Include="Runtime\Core\Object\Resource">
      <UniqueIdentifier>{9E373B27-8AF2-2AD3-33AA-A31D1F447563}</UniqueIdentifier>
    </Filter>
    <Filter Include="Runtime\Core\Object\Resource\Textures">
      <UniqueIdentifier>{317BDBA4-9D3F-DA94-66A5-0A5FD22876CA}</UniqueIdentifier>
    </Filter>
    <Filter Include="Runtime\Core\PCH">
      <UniqueIdentifier>{CB4A54D1-B743-7323-E075-58A8CCCD522F}</UniqueIdentifier>
    </Filter>
    <Filter Include="Runtime\Core\Types">
      <UniqueIdentifier>{A5DFF877-91C3-B9CD-FA23-B420E626A44F}</UniqueIdentifier>
    </Filter>
    <Filter Include="Runtime\Core\Utilities">
      <UniqueIdentifier>{EC58364F-D852-5FA1-C1BF-F5B1AD58C50D}</UniqueIdentifier>
    </Filter>
    <Filter Include="Runtime\Events">
      <UniqueIdentifier>{0D55BC06-F922-B00C-E2B6-2033CE238C71}</UniqueIdentifier>
    </Filter>
    <Filter Include="Runtime\Events\Event">
      <UniqueIdentifier>{1EAC6295-0A3B-EC5E-B359-005A9FC7FC04}</UniqueIdentifier>
    </Filter>
    <Filter Include="Runtime\GameLibrary">
      <UniqueIdentifier>{07903BF5-73F1-1803-FC5E-5FB568BF4FC2}</UniqueIdentifier>
    </Filter>
    <Filter Include="Runtime\GameLibrary\Camera">
      <UniqueIdentifier>{9FF6B9A7-8B06-6678-F4BF-CA96E0EE5411}</UniqueIdentifier>
    </Filter>
    <Filter Include="Runtime\GameLibrary\Mechanics">
      <UniqueIdentifier>{618A4782-CDA2-2EAC-964F-BE450227C345}</UniqueIdentifier>
    </Filter>
    <Filter Include="Runtime\GameLibrary\Menus">
      <UniqueIdentifier>{5E53CC05-CA15-0090-13C6-8E1C7FC7D86D}</UniqueIdentifier>
    </Filter>
    <Filter Include="Runtime\GameLibrary\Utilities">
      <UniqueIdentifier>{32A9CCD5-9EC1-B3FF-676E-4399D3454899}</UniqueIdentifier>
    </Filter>
    <Filter Include="Runtime\Importer">
      <UniqueIdentifier>{6ACD1ABD-56C6-390F-7FF8-1E946B50191B}</UniqueIdentifier>
    </Filter>
    <Filter Include="Runtime\Importer\Asset">
      <UniqueIdentifier>{7969595D-6563-82AF-4ED0-18C03A69E81B}</UniqueIdentifier>
    </Filter>
    <Filter Include="Runtime\Importer\Dynamik">
      <UniqueIdentifier>{E699EA0D-D2BE-398E-FB09-1F1EE78D38AC}</UniqueIdentifier>
    </Filter>
    <Filter Include="Runtime\Importer\Dynamik\DAI">
      <UniqueIdentifier>{A30CECD3-8FC7-DB7F-387F-54CA24192610}</UniqueIdentifier>
    </Filter>
    <Filter Include="Runtime\Importer\Dynamik\DMKAsset">
      <UniqueIdentifier>{D1D3CA46-3D42-20C6-862B-DBC5F2D81562}</UniqueIdentifier>
    </Filter>
    <Filter Include="Runtime\Managers">
      <UniqueIdentifier>{4659B9CC-3252-D81E-5B84-BDA347DCB72A}</UniqueIdentifier>
    </Filter>
    <Filter Include="Runtime\Managers\Thread">
      <UniqueIdentifier>{ED1C188D-5954-6024-625E-C447CE14871D}</UniqueIdentifier>
    </Filter>
    <Filter Include="Runtime\Managers\Window">
      <UniqueIdentifier>{6D7B2794-D9B2-6F2B-E2BC-D34E4E739624}</UniqueIdentifier>
    </Filter>
    <Filter Include="Runtime\Renderer">
      <UniqueIdentifier>{0FDB209E-FBD3-3FF0-2406-2575105E1FFC}</UniqueIdentifier>
    </Filter>
    <Filter Include="Runtime\Renderer\Backend">
      <UniqueIdentifier>{C6803028-B2A5-7FA8-DBF0-6438C7747EC6}</UniqueIdentifier>
    </Filter>
    <Filter Include="Runtime\Renderer\Backend\Components">
      <UniqueIdentifier>{1B9E4792-8757-B23C-10B7-CC167C6F68AC}</UniqueIdentifier>
    </Filter>
    <Filter Include="Runtime\Renderer\Backend\Vulkan">
      <UniqueIdentifier>{86339AAA-F216-A9EA-FB19-D726677C6F3B}</UniqueIdentifier>
    </Filter>
    <Filter Include="Runtime\Renderer\Backend\Vulkan\Common">
      <UniqueIdentifier>{FE4D8907-EA9F-60F7-D3BE-9D07BFAF79E0}</UniqueIdentifier>
    </Filter>
    <Filter Include="Runtime\Renderer\Backend\Vulkan\Context">
      <UniqueIdentifier>{1AD4C8F8-8663-8AE3-8F5F-6BFBFB6DC5EF}</UniqueIdentifier>
    </Filter>
    <Filter Include="Runtime\Renderer\Backend\Vulkan\Context\Attachments">
      <UniqueIdentifier>{A54AF0E2-115C-9889-9AAD-2AC906BE21C3}</UniqueIdentifier>
    </Filter>
    <Filter Include="Runtime\Renderer\Backend\Vulkan\Graphics">
      <UniqueIdentifier>{86523F8B-72CF-32CE-9B4C-33E28728CF61}</UniqueIdentifier>
    </Filter>
    <Filter Include="Runtime\Renderer\Backend\Vulkan\Primitives">
      <UniqueIdentifier>{A1B1FCFA-8D19-C3C8-F684-D7DEE20BDAB4}</UniqueIdentifier>
    </Filter>
    <Filter Include="Runtime\Renderer\Components">
      <UniqueIdentifier>{C45871F6-3066-9FDC-B94C-9BC725596B93}</UniqueIdentifier>
    </Filter>
    <Filter Include="Runtime\Renderer\Components\Primitives">
      <UniqueIdentifier>{1F54E3D9-0BA6-BAC9-F4C4-F7D9E0B5D3B2}</UniqueIdentifier>
    </Filter>
    <Filter Include="Runtime\Tools">
      <UniqueIdentifier>{89ECE28C-F5AC-5EC3-BEE7-A7402A67A39F}</UniqueIdentifier>
    </Filter>
    <Filter Include="Runtime\Tools\Shader">
      <UniqueIdentifier>{0F883A05-FB16-C4CE-A435-D8C990A3D474}</UniqueIdentifier>
    </Filter>
    <Filter Include="Runtime\Tools\Shader\SPIR-V">
      <UniqueIdentifier>{BF674B5A-2B75-7940-B45B-752B206845F7}</UniqueIdentifier>
    </Filter>
    <Filter Include="Runtime\Window">
      <UniqueIdentifier>{10B6D22F-FC83-C635-E517-375CD184A29A}</UniqueIdentifier>
    </Filter>
    <Filter Include="Runtime\Window\Windows">
      <UniqueIdentifier>{4A70FD27-366A-267A-1FD7-BC8A0B708CE6}</UniqueIdentifier>
    </Filter>
    <Filter Include="Studio">
      <UniqueIdentifier>{1D2BF0D1-09CD-1AA8-F287-2EFCDEC8A1F8}</UniqueIdentifier>
    </Filter>
    <Filter Include="Studio\GUI">
      <UniqueIdentifier>{B1703556-9D28-77A3-0630-50FFF2061294}</UniqueIdentifier>
    </Filter>
    <Filter Include="Studio\GUI\GUIComponents">
      <UniqueIdentifier>{ABD8E7C0-97FD-3641-C048-1CD1ACCC355F}</UniqueIdentifier>
    </Filter>
    <Filter Include="Studio\GUI\GUICore">
      <UniqueIdentifier>{6E9FC23B-5A83-8391-C3E3-7DE4AFE66D13}</UniqueIdentifier>
    </Filter>
    <Filter Include="Studio\GUI\GUIManager">
      <UniqueIdentifier>{80E7C3F4-EC53-7FEF-B547-174D2173A157}</UniqueIdentifier>
    </Filter>
  </ItemGroup>
  <ItemGroup>
    <ClInclude Include="Runtime\ComponentSystem\Component.h">
      <Filter>Runtime\ComponentSystem</Filter>
    </ClInclude>
    <ClInclude Include="Runtime\ComponentSystem\ComponentArray.h">
      <Filter>Runtime\ComponentSystem</Filter>
    </ClInclude>
    <ClInclude Include="Runtime\ComponentSystem\ComponentAttachments\ComponentAttachment.h">
      <Filter>Runtime\ComponentSystem\ComponentAttachments</Filter>
    </ClInclude>
    <ClInclude Include="Runtime\ComponentSystem\ComponentAttachments\PhysicsAttachment.h">
      <Filter>Runtime\ComponentSystem\ComponentAttachments</Filter>
    </ClInclude>
    <ClInclude Include="Runtime\ComponentSystem\ComponentManager.h">
      <Filter>Runtime\ComponentSystem</Filter>
    </ClInclude>
    <ClInclude Include="Runtime\ComponentSystem\Components\RenderableComponent.h">
      <Filter>Runtime\ComponentSystem\Components</Filter>
    </ClInclude>
    <ClInclude Include="Runtime\ComponentSystem\Components\RenderableComponents\MeshComponent.h">
      <Filter>Runtime\ComponentSystem\Components\RenderableComponents</Filter>
    </ClInclude>
    <ClInclude Include="Runtime\Core\Error\ErrorDefines.h">
      <Filter>Runtime\Core\Error</Filter>
    </ClInclude>
    <ClInclude Include="Runtime\Core\Error\ErrorManager.h">
      <Filter>Runtime\Core\Error</Filter>
    </ClInclude>
    <ClInclude Include="Runtime\Core\Error\MessageBox.h">
      <Filter>Runtime\Core\Error</Filter>
    </ClInclude>
    <ClInclude Include="Runtime\Core\FileSystem\FileCompressor.h">
      <Filter>Runtime\Core\FileSystem</Filter>
    </ClInclude>
    <ClInclude Include="Runtime\Core\FileSystem\FileSystem.h">
      <Filter>Runtime\Core\FileSystem</Filter>
    </ClInclude>
    <ClInclude Include="Runtime\Core\Globals\RenderSettings.h">
      <Filter>Runtime\Core\Globals</Filter>
    </ClInclude>
    <ClInclude Include="Runtime\Core\Macros\Assert.h">
      <Filter>Runtime\Core\Macros</Filter>
    </ClInclude>
    <ClInclude Include="Runtime\Core\Macros\Global.h">
      <Filter>Runtime\Core\Macros</Filter>
    </ClInclude>
    <ClInclude Include="Runtime\Core\Macros\MemoryMacro.h">
      <Filter>Runtime\Core\Macros</Filter>
    </ClInclude>
    <ClInclude Include="Runtime\Core\Math\MathFunctions.h">
      <Filter>Runtime\Core\Math</Filter>
    </ClInclude>
    <ClInclude Include="Runtime\Core\Math\MathTypes.h">
      <Filter>Runtime\Core\Math</Filter>
    </ClInclude>
    <ClInclude Include="Runtime\Core\Math\Matrix\Matrix.h">
      <Filter>Runtime\Core\Math\Matrix</Filter>
    </ClInclude>
    <ClInclude Include="Runtime\Core\Math\Matrix\Matrix2F.h">
      <Filter>Runtime\Core\Math\Matrix</Filter>
    </ClInclude>
    <ClInclude Include="Runtime\Core\Math\Matrix\Matrix3F.h">
      <Filter>Runtime\Core\Math\Matrix</Filter>
    </ClInclude>
    <ClInclude Include="Runtime\Core\Math\Matrix\Matrix4F.h">
      <Filter>Runtime\Core\Math\Matrix</Filter>
    </ClInclude>
    <ClInclude Include="Runtime\Core\Math\SIMD\Base.h">
      <Filter>Runtime\Core\Math\SIMD</Filter>
    </ClInclude>
    <ClInclude Include="Runtime\Core\Math\SIMD\SIMD128.h">
      <Filter>Runtime\Core\Math\SIMD</Filter>
    </ClInclude>
    <ClInclude Include="Runtime\Core\Math\SIMD\SIMD256.h">
      <Filter>Runtime\Core\Math\SIMD</Filter>
    </ClInclude>
    <ClInclude Include="Runtime\Core\Math\SIMD\SIMD512.h">
      <Filter>Runtime\Core\Math\SIMD</Filter>
    </ClInclude>
    <ClInclude Include="Runtime\Core\Math\SIMD\SIMDFunctions.h">
      <Filter>Runtime\Core\Math\SIMD</Filter>
    </ClInclude>
    <ClInclude Include="Runtime\Core\Math\Vector\Vector.h">
      <Filter>Runtime\Core\Math\Vector</Filter>
    </ClInclude>
    <ClInclude Include="Runtime\Core\Math\Vector\Vector2D.h">
      <Filter>Runtime\Core\Math\Vector</Filter>
    </ClInclude>
    <ClInclude Include="Runtime\Core\Math\Vector\Vector2F.h">
      <Filter>Runtime\Core\Math\Vector</Filter>
    </ClInclude>
    <ClInclude Include="Runtime\Core\Math\Vector\Vector3D.h">
      <Filter>Runtime\Core\Math\Vector</Filter>
    </ClInclude>
    <ClInclude Include="Runtime\Core\Math\Vector\Vector3F.h">
      <Filter>Runtime\Core\Math\Vector</Filter>
    </ClInclude>
    <ClInclude Include="Runtime\Core\Math\Vector\Vector4D.h">
      <Filter>Runtime\Core\Math\Vector</Filter>
    </ClInclude>
    <ClInclude Include="Runtime\Core\Math\Vector\Vector4F.h">
      <Filter>Runtime\Core\Math\Vector</Filter>
    </ClInclude>
    <ClInclude Include="Runtime\Core\Memory\LocalHeap.h">
      <Filter>Runtime\Core\Memory</Filter>
    </ClInclude>
    <ClInclude Include="Runtime\Core\Memory\MemoryFunctions.h">
      <Filter>Runtime\Core\Memory</Filter>
    </ClInclude>
    <ClInclude Include="Runtime\Core\Memory\MemoryManager.h">
      <Filter>Runtime\Core\Memory</Filter>
    </ClInclude>
    <ClInclude Include="Runtime\Core\Memory\MemoryPadding.h">
      <Filter>Runtime\Core\Memory</Filter>
    </ClInclude>
    <ClInclude Include="Runtime\Core\Memory\StaticAllocator.h">
      <Filter>Runtime\Core\Memory</Filter>
    </ClInclude>
    <ClInclude Include="Runtime\Core\Object\Descriptors\GameComponentDesriptors.h">
      <Filter>Runtime\Core\Object\Descriptors</Filter>
    </ClInclude>
    <ClInclude Include="Runtime\Core\Object\Descriptors\MaterialDescriptor.h">
      <Filter>Runtime\Core\Object\Descriptors</Filter>
    </ClInclude>
    <ClInclude Include="Runtime\Core\Object\Resource\Primitives.h">
      <Filter>Runtime\Core\Object\Resource</Filter>
    </ClInclude>
    <ClInclude Include="Runtime\Core\Object\Resource\ShaderModule.h">
      <Filter>Runtime\Core\Object\Resource</Filter>
    </ClInclude>
    <ClInclude Include="Runtime\Core\Object\Resource\Texture.h">
      <Filter>Runtime\Core\Object\Resource</Filter>
    </ClInclude>
    <ClInclude Include="Runtime\Core\Object\Resource\Textures\Texture2D.h">
      <Filter>Runtime\Core\Object\Resource\Textures</Filter>
    </ClInclude>
    <ClInclude Include="Runtime\Core\Object\Resource\Textures\TextureFactory.h">
      <Filter>Runtime\Core\Object\Resource\Textures</Filter>
    </ClInclude>
    <ClInclude Include="Runtime\Core\Object\System.h">
      <Filter>Runtime\Core\Object</Filter>
    </ClInclude>
    <ClInclude Include="Runtime\Core\PCH\dmkafx.h">
      <Filter>Runtime\Core\PCH</Filter>
    </ClInclude>
    <ClInclude Include="Runtime\Core\Types\Array.h">
      <Filter>Runtime\Core\Types</Filter>
    </ClInclude>
    <ClInclude Include="Runtime\Core\Types\DataTypes.h">
      <Filter>Runtime\Core\Types</Filter>
    </ClInclude>
    <ClInclude Include="Runtime\Core\Types\HashMap.h">
      <Filter>Runtime\Core\Types</Filter>
    </ClInclude>
    <ClInclude Include="Runtime\Core\Types\Pointer.h">
      <Filter>Runtime\Core\Types</Filter>
    </ClInclude>
    <ClInclude Include="Runtime\Core\Types\TSArray.h">
      <Filter>Runtime\Core\Types</Filter>
    </ClInclude>
    <ClInclude Include="Runtime\Core\Types\TypeTraits.h">
      <Filter>Runtime\Core\Types</Filter>
    </ClInclude>
    <ClInclude Include="Runtime\Core\Utilities\Clock.h">
      <Filter>Runtime\Core\Utilities</Filter>
    </ClInclude>
    <ClInclude Include="Runtime\Dynamik.h">
      <Filter>Runtime</Filter>
    </ClInclude>
    <ClInclude Include="Runtime\EntryPoint.h">
      <Filter>Runtime</Filter>
    </ClInclude>
    <ClInclude Include="Runtime\Events\Event\EventListener.h">
      <Filter>Runtime\Events\Event</Filter>
    </ClInclude>
    <ClInclude Include="Runtime\Events\Event\KeyCodes.h">
      <Filter>Runtime\Events\Event</Filter>
    </ClInclude>
    <ClInclude Include="Runtime\Events\Event\KeyEventListener.h">
      <Filter>Runtime\Events\Event</Filter>
    </ClInclude>
    <ClInclude Include="Runtime\Events\Event\MouseButtonEventListener.h">
      <Filter>Runtime\Events\Event</Filter>
    </ClInclude>
    <ClInclude Include="Runtime\Events\Event\MouseScrollEventListener.h">
      <Filter>Runtime\Events\Event</Filter>
    </ClInclude>
    <ClInclude Include="Runtime\Events\EventHandler.h">
      <Filter>Runtime\Events</Filter>
    </ClInclude>
    <ClInclude Include="Runtime\GameLibrary\Camera\CameraModule.h">
      <Filter>Runtime\GameLibrary\Camera</Filter>
    </ClInclude>
    <ClInclude Include="Runtime\GameLibrary\GameEntity.h">
      <Filter>Runtime\GameLibrary</Filter>
    </ClInclude>
    <ClInclude Include="Runtime\GameLibrary\GameMechanics.h">
      <Filter>Runtime\GameLibrary</Filter>
    </ClInclude>
    <ClInclude Include="Runtime\GameLibrary\GamePackage.h">
      <Filter>Runtime\GameLibrary</Filter>
    </ClInclude>
    <ClInclude Include="Runtime\GameLibrary\LevelComponent.h">
      <Filter>Runtime\GameLibrary</Filter>
    </ClInclude>
    <ClInclude Include="Runtime\GameLibrary\Mechanics\GameAssetMechanics.h">
      <Filter>Runtime\GameLibrary\Mechanics</Filter>
    </ClInclude>
    <ClInclude Include="Runtime\GameLibrary\Mechanics\PlayerController.h">
      <Filter>Runtime\GameLibrary\Mechanics</Filter>
    </ClInclude>
    <ClInclude Include="Runtime\GameLibrary\Menus\Layer.h">
      <Filter>Runtime\GameLibrary\Menus</Filter>
    </ClInclude>
    <ClInclude Include="Runtime\GameLibrary\PlayerObject.h">
      <Filter>Runtime\GameLibrary</Filter>
    </ClInclude>
    <ClInclude Include="Runtime\GameLibrary\Utilities\MeshFactory.h">
      <Filter>Runtime\GameLibrary\Utilities</Filter>
    </ClInclude>
    <ClInclude Include="Runtime\Importer\Asset\MeshImporter.h">
      <Filter>Runtime\Importer\Asset</Filter>
    </ClInclude>
    <ClInclude Include="Runtime\Importer\Dynamik\DAI\DAIObject.h">
      <Filter>Runtime\Importer\Dynamik\DAI</Filter>
    </ClInclude>
    <ClInclude Include="Runtime\Importer\Dynamik\DMKAsset\DMKAsset.h">
      <Filter>Runtime\Importer\Dynamik\DMKAsset</Filter>
    </ClInclude>
    <ClInclude Include="Runtime\Managers\Thread\Thread.h">
      <Filter>Runtime\Managers\Thread</Filter>
    </ClInclude>
    <ClInclude Include="Runtime\Managers\Thread\ThreadCommand.h">
      <Filter>Runtime\Managers\Thread</Filter>
    </ClInclude>
    <ClInclude Include="Runtime\Managers\Thread\ThreadManager.h">
      <Filter>Runtime\Managers\Thread</Filter>
    </ClInclude>
    <ClInclude Include="Runtime\Managers\Window\WindowManager.h">
      <Filter>Runtime\Managers\Window</Filter>
    </ClInclude>
    <ClInclude Include="Runtime\Renderer\Backend\Components\RenderAsset.h">
      <Filter>Runtime\Renderer\Backend\Components</Filter>
    </ClInclude>
    <ClInclude Include="Runtime\Renderer\Backend\RendererBackendLayer.h">
      <Filter>Runtime\Renderer\Backend</Filter>
    </ClInclude>
    <ClInclude Include="Runtime\Renderer\Backend\Vulkan\Common\VulkanCommandBuffer.h">
      <Filter>Runtime\Renderer\Backend\Vulkan\Common</Filter>
    </ClInclude>
    <ClInclude Include="Runtime\Renderer\Backend\Vulkan\Common\VulkanControlHeader.h">
      <Filter>Runtime\Renderer\Backend\Vulkan\Common</Filter>
    </ClInclude>
    <ClInclude Include="Runtime\Renderer\Backend\Vulkan\Common\VulkanDescriptorSetManager.h">
      <Filter>Runtime\Renderer\Backend\Vulkan\Common</Filter>
    </ClInclude>
    <ClInclude Include="Runtime\Renderer\Backend\Vulkan\Common\VulkanDevice.h">
      <Filter>Runtime\Renderer\Backend\Vulkan\Common</Filter>
    </ClInclude>
    <ClInclude Include="Runtime\Renderer\Backend\Vulkan\Common\VulkanInstance.h">
      <Filter>Runtime\Renderer\Backend\Vulkan\Common</Filter>
    </ClInclude>
    <ClInclude Include="Runtime\Renderer\Backend\Vulkan\Common\VulkanMacros.h">
      <Filter>Runtime\Renderer\Backend\Vulkan\Common</Filter>
    </ClInclude>
    <ClInclude Include="Runtime\Renderer\Backend\Vulkan\Common\VulkanOneTimeCommandBuffer.h">
      <Filter>Runtime\Renderer\Backend\Vulkan\Common</Filter>
    </ClInclude>
    <ClInclude Include="Runtime\Renderer\Backend\Vulkan\Common\VulkanPipelineManager.h">
      <Filter>Runtime\Renderer\Backend\Vulkan\Common</Filter>
    </ClInclude>
    <ClInclude Include="Runtime\Renderer\Backend\Vulkan\Common\VulkanQueue.h">
      <Filter>Runtime\Renderer\Backend\Vulkan\Common</Filter>
    </ClInclude>
    <ClInclude Include="Runtime\Renderer\Backend\Vulkan\Common\VulkanSurface.h">
      <Filter>Runtime\Renderer\Backend\Vulkan\Common</Filter>
    </ClInclude>
    <ClInclude Include="Runtime\Renderer\Backend\Vulkan\Common\VulkanViewPort.h">
      <Filter>Runtime\Renderer\Backend\Vulkan\Common</Filter>
    </ClInclude>
    <ClInclude Include="Runtime\Renderer\Backend\Vulkan\Context\Attachments\VulkanColorAttachment.h">
      <Filter>Runtime\Renderer\Backend\Vulkan\Context\Attachments</Filter>
    </ClInclude>
    <ClInclude Include="Runtime\Renderer\Backend\Vulkan\Context\Attachments\VulkanDepthAttachment.h">
      <Filter>Runtime\Renderer\Backend\Vulkan\Context\Attachments</Filter>
    </ClInclude>
    <ClInclude Include="Runtime\Renderer\Backend\Vulkan\Context\VulkanFrameBuffer.h">
      <Filter>Runtime\Renderer\Backend\Vulkan\Context</Filter>
    </ClInclude>
    <ClInclude Include="Runtime\Renderer\Backend\Vulkan\Context\VulkanFrameBufferAttachment.h">
      <Filter>Runtime\Renderer\Backend\Vulkan\Context</Filter>
    </ClInclude>
    <ClInclude Include="Runtime\Renderer\Backend\Vulkan\Context\VulkanRenderPass.h">
      <Filter>Runtime\Renderer\Backend\Vulkan\Context</Filter>
    </ClInclude>
    <ClInclude Include="Runtime\Renderer\Backend\Vulkan\Context\VulkanSwapChain.h">
      <Filter>Runtime\Renderer\Backend\Vulkan\Context</Filter>
    </ClInclude>
    <ClInclude Include="Runtime\Renderer\Backend\Vulkan\Graphics\VulkanPipeline.h">
      <Filter>Runtime\Renderer\Backend\Vulkan\Graphics</Filter>
    </ClInclude>
    <ClInclude Include="Runtime\Renderer\Backend\Vulkan\Graphics\VulkanRenderAsset.h">
      <Filter>Runtime\Renderer\Backend\Vulkan\Graphics</Filter>
    </ClInclude>
    <ClInclude Include="Runtime\Renderer\Backend\Vulkan\Primitives\VulkanBuffer.h">
      <Filter>Runtime\Renderer\Backend\Vulkan\Primitives</Filter>
    </ClInclude>
    <ClInclude Include="Runtime\Renderer\Backend\Vulkan\Primitives\VulkanImage.h">
      <Filter>Runtime\Renderer\Backend\Vulkan\Primitives</Filter>
    </ClInclude>
    <ClInclude Include="Runtime\Renderer\Backend\Vulkan\Primitives\VulkanImageSampler.h">
      <Filter>Runtime\Renderer\Backend\Vulkan\Primitives</Filter>
    </ClInclude>
    <ClInclude Include="Runtime\Renderer\Backend\Vulkan\Primitives\VulkanImageView.h">
      <Filter>Runtime\Renderer\Backend\Vulkan\Primitives</Filter>
    </ClInclude>
    <ClInclude Include="Runtime\Renderer\Backend\Vulkan\Primitives\VulkanShader.h">
      <Filter>Runtime\Renderer\Backend\Vulkan\Primitives</Filter>
    </ClInclude>
    <ClInclude Include="Runtime\Renderer\Backend\Vulkan\Primitives\VulkanTexture.h">
      <Filter>Runtime\Renderer\Backend\Vulkan\Primitives</Filter>
    </ClInclude>
    <ClInclude Include="Runtime\Renderer\Backend\Vulkan\VulkanCoreObject.h">
      <Filter>Runtime\Renderer\Backend\Vulkan</Filter>
    </ClInclude>
    <ClInclude Include="Runtime\Renderer\Components\ContextTypeDefs.h">
      <Filter>Runtime\Renderer\Components</Filter>
    </ClInclude>
    <ClInclude Include="Runtime\Renderer\Components\CoreTypeDefs.h">
      <Filter>Runtime\Renderer\Components</Filter>
    </ClInclude>
    <ClInclude Include="Runtime\Renderer\Components\PrimitiveTypeDefs.h">
      <Filter>Runtime\Renderer\Components</Filter>
    </ClInclude>
    <ClInclude Include="Runtime\Renderer\Components\Primitives\RBuffer.h">
      <Filter>Runtime\Renderer\Components\Primitives</Filter>
    </ClInclude>
    <ClInclude Include="Runtime\Renderer\Components\Primitives\RImage.h">
      <Filter>Runtime\Renderer\Components\Primitives</Filter>
    </ClInclude>
    <ClInclude Include="Runtime\Renderer\Components\Primitives\RImageSampler.h">
      <Filter>Runtime\Renderer\Components\Primitives</Filter>
    </ClInclude>
    <ClInclude Include="Runtime\Renderer\Components\Primitives\RImageView.h">
      <Filter>Runtime\Renderer\Components\Primitives</Filter>
    </ClInclude>
    <ClInclude Include="Runtime\Renderer\Components\RCommandBuffer.h">
      <Filter>Runtime\Renderer\Components</Filter>
    </ClInclude>
    <ClInclude Include="Runtime\Renderer\Components\RCoreObject.h">
      <Filter>Runtime\Renderer\Components</Filter>
    </ClInclude>
    <ClInclude Include="Runtime\Renderer\Components\RRenderTarget.h">
      <Filter>Runtime\Renderer\Components</Filter>
    </ClInclude>
    <ClInclude Include="Runtime\Renderer\Renderer.h">
      <Filter>Runtime\Renderer</Filter>
    </ClInclude>
    <ClInclude Include="Runtime\Renderer\RendererCommand.h">
      <Filter>Runtime\Renderer</Filter>
    </ClInclude>
    <ClInclude Include="Runtime\Tools\Shader\SPIR-V\Disassembler.h">
      <Filter>Runtime\Tools\Shader\SPIR-V</Filter>
    </ClInclude>
    <ClInclude Include="Runtime\Window\WindowHandle.h">
      <Filter>Runtime\Window</Filter>
    </ClInclude>
    <ClInclude Include="Runtime\Window\Windows\WindowsWindow.h">
      <Filter>Runtime\Window\Windows</Filter>
    </ClInclude>
    <ClInclude Include="Studio\GUI\GUIComponents\Widget.h">
      <Filter>Studio\GUI\GUIComponents</Filter>
    </ClInclude>
    <ClInclude Include="Studio\GUI\GUICore\GUICore.h">
      <Filter>Studio\GUI\GUICore</Filter>
    </ClInclude>
    <ClInclude Include="Studio\GUI\GUICore\GUIShader.h">
      <Filter>Studio\GUI\GUICore</Filter>
    </ClInclude>
    <ClInclude Include="Studio\GUI\GUIManager\GUIManager.h">
      <Filter>Studio\GUI\GUIManager</Filter>
    </ClInclude>
    <ClInclude Include="Studio\Studio.h">
      <Filter>Studio</Filter>
    </ClInclude>
    <ClInclude Include="Runtime\Renderer\Components\Context\RFrameBuffer.h">
      <Filter>Runtime\Renderer\Components</Filter>
    </ClInclude>
    <ClInclude Include="Runtime\Renderer\Components\Context\RFrameBufferAttachment.h">
      <Filter>Runtime\Renderer\Components</Filter>
    </ClInclude>
    <ClInclude Include="Runtime\Renderer\Components\Context\RRenderPass.h">
      <Filter>Runtime\Renderer\Components</Filter>
    </ClInclude>
    <ClInclude Include="Runtime\Renderer\Components\Context\RSwapChain.h">
      <Filter>Runtime\Renderer\Components</Filter>
    </ClInclude>
    <ClInclude Include="Runtime\Renderer\Components\RContext.h" />
    <ClInclude Include="Runtime\Renderer\Backend\Vulkan\VulkanUtilities.h">
      <Filter>Runtime\Renderer\Backend\Vulkan\Common</Filter>
    </ClInclude>
    <ClInclude Include="Runtime\Core\Types\Utilities.h" />
    <ClInclude Include="Runtime\Renderer\Components\Primitives\RTexture.h" />
    <ClInclude Include="Runtime\Renderer\Components\RCommandBufferManager.h" />
    <ClInclude Include="Runtime\Renderer\Backend\Vulkan\VulkanRenderTarget.h" />
    <ClInclude Include="Runtime\Renderer\Backend\Vulkan\Common\VulkanCommandBufferManager.h" />
    <ClInclude Include="Runtime\Core\Memory\AutomatedMemoryManager.h" />
    <ClInclude Include="Runtime\Renderer\Components\RMeshObject.h" />
    <ClInclude Include="Runtime\Renderer\Components\RPipelineObject.h" />
    <ClInclude Include="Runtime\Renderer\Components\PipelineTypeDefs.h" />
    <ClInclude Include="Runtime\Renderer\Components\Factories\BufferFactory.h" />
    <ClInclude Include="Runtime\Renderer\Components\Factories\PipelineFactory.h" />
    <ClInclude Include="Runtime\Renderer\Backend\Vulkan\Pipelines\VulkanGraphicsPipeline.h" />
  </ItemGroup>
  <ItemGroup>
    <ClCompile Include="Runtime\ComponentSystem\ComponentManager.cpp">
      <Filter>Runtime\ComponentSystem</Filter>
    </ClCompile>
    <ClCompile Include="Runtime\ComponentSystem\Components\RenderableComponent.cpp">
      <Filter>Runtime\ComponentSystem\Components</Filter>
    </ClCompile>
    <ClCompile Include="Runtime\ComponentSystem\Components\RenderableComponents\MeshComponent.cpp">
      <Filter>Runtime\ComponentSystem\Components\RenderableComponents</Filter>
    </ClCompile>
    <ClCompile Include="Runtime\Core\Error\ErrorManager.cpp">
      <Filter>Runtime\Core\Error</Filter>
    </ClCompile>
    <ClCompile Include="Runtime\Core\Error\MessageBox.cpp">
      <Filter>Runtime\Core\Error</Filter>
    </ClCompile>
    <ClCompile Include="Runtime\Core\FileSystem\FileSystem.cpp">
      <Filter>Runtime\Core\FileSystem</Filter>
    </ClCompile>
    <ClCompile Include="Runtime\Core\Math\MathFunctions.cpp">
      <Filter>Runtime\Core\Math</Filter>
    </ClCompile>
    <ClCompile Include="Runtime\Core\Math\Matrix\Matrix2F.cpp">
      <Filter>Runtime\Core\Math\Matrix</Filter>
    </ClCompile>
    <ClCompile Include="Runtime\Core\Math\Matrix\Matrix3F.cpp">
      <Filter>Runtime\Core\Math\Matrix</Filter>
    </ClCompile>
    <ClCompile Include="Runtime\Core\Math\Matrix\Matrix4F.cpp">
      <Filter>Runtime\Core\Math\Matrix</Filter>
    </ClCompile>
    <ClCompile Include="Runtime\Core\Math\SIMD\SIMD128.cpp">
      <Filter>Runtime\Core\Math\SIMD</Filter>
    </ClCompile>
    <ClCompile Include="Runtime\Core\Math\SIMD\SIMD256.cpp">
      <Filter>Runtime\Core\Math\SIMD</Filter>
    </ClCompile>
    <ClCompile Include="Runtime\Core\Math\SIMD\SIMD512.cpp">
      <Filter>Runtime\Core\Math\SIMD</Filter>
    </ClCompile>
    <ClCompile Include="Runtime\Core\Math\SIMD\SIMDFunctions.cpp">
      <Filter>Runtime\Core\Math\SIMD</Filter>
    </ClCompile>
    <ClCompile Include="Runtime\Core\Math\Vector\Vector2D.cpp">
      <Filter>Runtime\Core\Math\Vector</Filter>
    </ClCompile>
    <ClCompile Include="Runtime\Core\Math\Vector\Vector2F.cpp">
      <Filter>Runtime\Core\Math\Vector</Filter>
    </ClCompile>
    <ClCompile Include="Runtime\Core\Math\Vector\Vector3D.cpp">
      <Filter>Runtime\Core\Math\Vector</Filter>
    </ClCompile>
    <ClCompile Include="Runtime\Core\Math\Vector\Vector3F.cpp">
      <Filter>Runtime\Core\Math\Vector</Filter>
    </ClCompile>
    <ClCompile Include="Runtime\Core\Math\Vector\Vector4D.cpp">
      <Filter>Runtime\Core\Math\Vector</Filter>
    </ClCompile>
    <ClCompile Include="Runtime\Core\Math\Vector\Vector4F.cpp">
      <Filter>Runtime\Core\Math\Vector</Filter>
    </ClCompile>
    <ClCompile Include="Runtime\Core\Memory\LocalHeap.cpp">
      <Filter>Runtime\Core\Memory</Filter>
    </ClCompile>
    <ClCompile Include="Runtime\Core\Memory\MemoryFunctions.cpp">
      <Filter>Runtime\Core\Memory</Filter>
    </ClCompile>
    <ClCompile Include="Runtime\Core\Memory\MemoryManager.cpp">
      <Filter>Runtime\Core\Memory</Filter>
    </ClCompile>
    <ClCompile Include="Runtime\Core\Object\Resource\Primitives.cpp">
      <Filter>Runtime\Core\Object\Resource</Filter>
    </ClCompile>
    <ClCompile Include="Runtime\Core\Object\Resource\ShaderModule.cpp">
      <Filter>Runtime\Core\Object\Resource</Filter>
    </ClCompile>
    <ClCompile Include="Runtime\Core\Object\Resource\Texture.cpp">
      <Filter>Runtime\Core\Object\Resource</Filter>
    </ClCompile>
    <ClCompile Include="Runtime\Core\Object\Resource\Textures\Texture2D.cpp">
      <Filter>Runtime\Core\Object\Resource\Textures</Filter>
    </ClCompile>
    <ClCompile Include="Runtime\Core\Object\Resource\Textures\TextureFactory.cpp">
      <Filter>Runtime\Core\Object\Resource\Textures</Filter>
    </ClCompile>
    <ClCompile Include="Runtime\Core\PCH\dmkafx.cpp">
      <Filter>Runtime\Core\PCH</Filter>
    </ClCompile>
    <ClCompile Include="Runtime\Core\Utilities\Clock.cpp">
      <Filter>Runtime\Core\Utilities</Filter>
    </ClCompile>
    <ClCompile Include="Runtime\Dynamik.cpp">
      <Filter>Runtime</Filter>
    </ClCompile>
    <ClCompile Include="Runtime\Events\Event\KeyEventListener.cpp">
      <Filter>Runtime\Events\Event</Filter>
    </ClCompile>
    <ClCompile Include="Runtime\Events\Event\MouseButtonEventListener.cpp">
      <Filter>Runtime\Events\Event</Filter>
    </ClCompile>
    <ClCompile Include="Runtime\Events\Event\MouseScrollEventListener.cpp">
      <Filter>Runtime\Events\Event</Filter>
    </ClCompile>
    <ClCompile Include="Runtime\Events\EventHandler.cpp">
      <Filter>Runtime\Events</Filter>
    </ClCompile>
    <ClCompile Include="Runtime\GameLibrary\Camera\CameraModule.cpp">
      <Filter>Runtime\GameLibrary\Camera</Filter>
    </ClCompile>
    <ClCompile Include="Runtime\GameLibrary\GameEntity.cpp">
      <Filter>Runtime\GameLibrary</Filter>
    </ClCompile>
    <ClCompile Include="Runtime\GameLibrary\LevelComponent.cpp">
      <Filter>Runtime\GameLibrary</Filter>
    </ClCompile>
    <ClCompile Include="Runtime\GameLibrary\Mechanics\PlayerController.cpp">
      <Filter>Runtime\GameLibrary\Mechanics</Filter>
    </ClCompile>
    <ClCompile Include="Runtime\Importer\Asset\MeshImporter.cpp">
      <Filter>Runtime\Importer\Asset</Filter>
    </ClCompile>
    <ClCompile Include="Runtime\Importer\Dynamik\DAI\DAIObject.cpp">
      <Filter>Runtime\Importer\Dynamik\DAI</Filter>
    </ClCompile>
    <ClCompile Include="Runtime\Importer\Dynamik\DMKAsset\DMKAsset.cpp">
      <Filter>Runtime\Importer\Dynamik\DMKAsset</Filter>
    </ClCompile>
    <ClCompile Include="Runtime\Managers\Thread\ThreadManager.cpp">
      <Filter>Runtime\Managers\Thread</Filter>
    </ClCompile>
    <ClCompile Include="Runtime\Managers\Window\WindowManager.cpp">
      <Filter>Runtime\Managers\Window</Filter>
    </ClCompile>
    <ClCompile Include="Runtime\Renderer\Backend\Vulkan\Common\VulkanCommandBuffer.cpp">
      <Filter>Runtime\Renderer\Backend\Vulkan\Common</Filter>
    </ClCompile>
    <ClCompile Include="Runtime\Renderer\Backend\Vulkan\Common\VulkanDescriptorSetManager.cpp">
      <Filter>Runtime\Renderer\Backend\Vulkan\Common</Filter>
    </ClCompile>
    <ClCompile Include="Runtime\Renderer\Backend\Vulkan\Common\VulkanDevice.cpp">
      <Filter>Runtime\Renderer\Backend\Vulkan\Common</Filter>
    </ClCompile>
    <ClCompile Include="Runtime\Renderer\Backend\Vulkan\Common\VulkanInstance.cpp">
      <Filter>Runtime\Renderer\Backend\Vulkan\Common</Filter>
    </ClCompile>
    <ClCompile Include="Runtime\Renderer\Backend\Vulkan\Common\VulkanOneTimeCommandBuffer.cpp">
      <Filter>Runtime\Renderer\Backend\Vulkan\Common</Filter>
    </ClCompile>
    <ClCompile Include="Runtime\Renderer\Backend\Vulkan\Common\VulkanPipelineManager.cpp">
      <Filter>Runtime\Renderer\Backend\Vulkan\Common</Filter>
    </ClCompile>
    <ClCompile Include="Runtime\Renderer\Backend\Vulkan\Common\VulkanQueue.cpp">
      <Filter>Runtime\Renderer\Backend\Vulkan\Common</Filter>
    </ClCompile>
    <ClCompile Include="Runtime\Renderer\Backend\Vulkan\Common\VulkanSurface.cpp">
      <Filter>Runtime\Renderer\Backend\Vulkan\Common</Filter>
    </ClCompile>
    <ClCompile Include="Runtime\Renderer\Backend\Vulkan\Context\Attachments\VulkanColorAttachment.cpp">
      <Filter>Runtime\Renderer\Backend\Vulkan\Context\Attachments</Filter>
    </ClCompile>
    <ClCompile Include="Runtime\Renderer\Backend\Vulkan\Context\Attachments\VulkanDepthAttachment.cpp">
      <Filter>Runtime\Renderer\Backend\Vulkan\Context\Attachments</Filter>
    </ClCompile>
    <ClCompile Include="Runtime\Renderer\Backend\Vulkan\Context\VulkanFrameBuffer.cpp">
      <Filter>Runtime\Renderer\Backend\Vulkan\Context</Filter>
    </ClCompile>
    <ClCompile Include="Runtime\Renderer\Backend\Vulkan\Context\VulkanFrameBufferAttachment.cpp">
      <Filter>Runtime\Renderer\Backend\Vulkan\Context</Filter>
    </ClCompile>
    <ClCompile Include="Runtime\Renderer\Backend\Vulkan\Context\VulkanRenderPass.cpp">
      <Filter>Runtime\Renderer\Backend\Vulkan\Context</Filter>
    </ClCompile>
    <ClCompile Include="Runtime\Renderer\Backend\Vulkan\Context\VulkanSwapChain.cpp">
      <Filter>Runtime\Renderer\Backend\Vulkan\Context</Filter>
    </ClCompile>
    <ClCompile Include="Runtime\Renderer\Backend\Vulkan\Graphics\VulkanPipeline.cpp">
      <Filter>Runtime\Renderer\Backend\Vulkan\Graphics</Filter>
    </ClCompile>
    <ClCompile Include="Runtime\Renderer\Backend\Vulkan\Primitives\VulkanBuffer.cpp">
      <Filter>Runtime\Renderer\Backend\Vulkan\Primitives</Filter>
    </ClCompile>
    <ClCompile Include="Runtime\Renderer\Backend\Vulkan\Primitives\VulkanImage.cpp">
      <Filter>Runtime\Renderer\Backend\Vulkan\Primitives</Filter>
    </ClCompile>
    <ClCompile Include="Runtime\Renderer\Backend\Vulkan\Primitives\VulkanImageSampler.cpp">
      <Filter>Runtime\Renderer\Backend\Vulkan\Primitives</Filter>
    </ClCompile>
    <ClCompile Include="Runtime\Renderer\Backend\Vulkan\Primitives\VulkanImageView.cpp">
      <Filter>Runtime\Renderer\Backend\Vulkan\Primitives</Filter>
    </ClCompile>
    <ClCompile Include="Runtime\Renderer\Backend\Vulkan\Primitives\VulkanShader.cpp">
      <Filter>Runtime\Renderer\Backend\Vulkan\Primitives</Filter>
    </ClCompile>
    <ClCompile Include="Runtime\Renderer\Backend\Vulkan\Primitives\VulkanTexture.cpp">
      <Filter>Runtime\Renderer\Backend\Vulkan\Primitives</Filter>
    </ClCompile>
    <ClCompile Include="Runtime\Renderer\Backend\Vulkan\VulkanCoreObject.cpp">
      <Filter>Runtime\Renderer\Backend\Vulkan</Filter>
    </ClCompile>
    <ClCompile Include="Runtime\Renderer\Renderer.cpp">
      <Filter>Runtime\Renderer</Filter>
    </ClCompile>
    <ClCompile Include="Runtime\Tools\Shader\SPIR-V\Disassembler.cpp">
      <Filter>Runtime\Tools\Shader\SPIR-V</Filter>
    </ClCompile>
    <ClCompile Include="Runtime\Window\WindowHandle.cpp">
      <Filter>Runtime\Window</Filter>
    </ClCompile>
    <ClCompile Include="Runtime\Window\Windows\WindowsWindow.cpp">
      <Filter>Runtime\Window\Windows</Filter>
    </ClCompile>
    <ClCompile Include="Studio\GUI\GUICore\GUICore.cpp">
      <Filter>Studio\GUI\GUICore</Filter>
    </ClCompile>
    <ClCompile Include="Studio\GUI\GUICore\GUIShader.cpp">
      <Filter>Studio\GUI\GUICore</Filter>
    </ClCompile>
    <ClCompile Include="Studio\GUI\GUIManager\GUIManager.cpp">
      <Filter>Studio\GUI\GUIManager</Filter>
    </ClCompile>
    <ClCompile Include="Studio\Studio.cpp">
      <Filter>Studio</Filter>
    </ClCompile>
    <ClCompile Include="Studio\main.cpp">
      <Filter>Studio</Filter>
    </ClCompile>
    <ClCompile Include="Runtime\Renderer\Backend\Vulkan\VulkanUtilities.cpp">
      <Filter>Runtime\Renderer\Backend\Vulkan\Common</Filter>
    </ClCompile>
    <ClCompile Include="Runtime\Renderer\Backend\Vulkan\Common\VulkanCommandBufferManager.cpp" />
    <ClCompile Include="Runtime\Core\Memory\AutomatedMemoryManager.cpp" />
    <ClCompile Include="Runtime\Renderer\Components\Factories\BufferFactory.cpp" />
    <ClCompile Include="Runtime\Renderer\Components\Factories\PipelineFactory.cpp" />
    <ClCompile Include="Runtime\Renderer\Backend\Vulkan\Pipelines\VulkanGraphicsPipeline.cpp" />
  </ItemGroup>
  <ItemGroup>
    <None Include="Dynamik.lua" />
    <None Include="Runtime\Renderer\Backend\Vulkan\README.md">
      <Filter>Runtime\Renderer\Backend\Vulkan</Filter>
    </None>
    <None Include="Runtime\Renderer\README.md" />
  </ItemGroup>
</Project>