<?xml version="1.0" encoding="utf-8"?>
<Project ToolsVersion="4.0" xmlns="http://schemas.microsoft.com/developer/msbuild/2003">
  <ItemGroup>
    <Filter Include="Assets">
      <UniqueIdentifier>{3824E0A7-24C6-0A7E-0D81-1ED2F9C191CE}</UniqueIdentifier>
    </Filter>
  </ItemGroup>
  <ItemGroup>
    <ClInclude Include="Assets\KeyBinding.h">
      <Filter>Assets</Filter>
    </ClInclude>
    <ClInclude Include="Assets\Level1\Level1.h" />
    <ClInclude Include="ApplicationPackage.h" />
    <ClInclude Include="Assets\Level1\Entities\PlayerMoon.h" />
  </ItemGroup>
  <ItemGroup>
    <ClCompile Include="main.cpp" />
    <ClCompile Include="Assets\Level1\Level1.cpp" />
    <ClCompile Include="ApplicationPackage.cpp" />
    <ClCompile Include="Assets\Level1\Entities\PlayerMoon.cpp" />
  </ItemGroup>
  <ItemGroup>
    <None Include="Application.lua" />
  </ItemGroup>
</Project>